<?xml version="1.0" encoding="UTF-8"?>
<!DOCTYPE plist PUBLIC "-//Apple//DTD PLIST 1.0//EN" "http://www.apple.com/DTDs/PropertyList-1.0.dtd">
<plist version="1.0">
<dict>
	<key>archiveVersion</key>
	<string>1</string>
	<key>classes</key>
	<dict/>
	<key>objectVersion</key>
	<string>46</string>
	<key>objects</key>
	<dict>
		<key>106FCA6F9F81455B96A51035</key>
		<dict>
			<key>buildActionMask</key>
			<string>2147483647</string>
			<key>files</key>
			<array/>
			<key>inputPaths</key>
			<array/>
			<key>isa</key>
			<string>PBXShellScriptBuildPhase</string>
			<key>name</key>
			<string>Copy Pods Resources</string>
			<key>outputPaths</key>
			<array/>
			<key>runOnlyForDeploymentPostprocessing</key>
			<string>0</string>
			<key>shellPath</key>
			<string>/bin/sh</string>
			<key>shellScript</key>
			<string>"${SRCROOT}/Pods/Target Support Files/Pods-HokoTests/Pods-HokoTests-resources.sh"
</string>
			<key>showEnvVarsInLog</key>
			<string>0</string>
		</dict>
		<key>3017CD4B198143A600703F0C</key>
		<dict>
			<key>buildActionMask</key>
			<string>2147483647</string>
			<key>files</key>
			<array>
				<string>30DDD8A819B6077400C338AA</string>
				<string>30DDD89E19B6077400C338AA</string>
				<string>30DDD89719B6077400C338AA</string>
				<string>30DDD87719B6077400C338AA</string>
				<string>3074B3541A7150C500BD12D9</string>
				<string>30DDD88519B6077400C338AA</string>
				<string>30DDD87E19B6077400C338AA</string>
				<string>30DDD8A719B6077400C338AA</string>
				<string>30DDD89419B6077400C338AA</string>
				<string>3074E24619C72E1D0000B2C3</string>
				<string>30DDD8AE19B6077400C338AA</string>
				<string>30DDD8A119B6077400C338AA</string>
				<string>30DDD8B519B6077400C338AA</string>
				<string>30DDD89119B6077400C338AA</string>
				<string>30DDD87A19B6077400C338AA</string>
				<string>30DDD88819B6077400C338AA</string>
				<string>30DDD8B119B6077400C338AA</string>
				<string>30DDD89D19B6077400C338AA</string>
				<string>30DDD88119B6077400C338AA</string>
				<string>3074E24019C6EB880000B2C3</string>
				<string>30DDD8AB19B6077400C338AA</string>
				<string>30DDD8BB19B6077400C338AA</string>
				<string>3070533F19B899CB0008CD87</string>
				<string>3079FA4F19B720F6007596FA</string>
				<string>307E81BD19B755BA00935B2B</string>
				<string>307E81C219B7567F00935B2B</string>
				<string>30A3A38A19B7585E0049BC2A</string>
				<string>30DDD88E19B6077400C338AA</string>
				<string>30DDD88B19B6077400C338AA</string>
				<string>306C60621A2CBE2F004CE9EC</string>
				<string>30DDD8BE19B6077400C338AA</string>
				<string>30DDD89A19B6077400C338AA</string>
				<string>307A051719B6332E0017AE8D</string>
				<string>30DDD8A419B6077400C338AA</string>
				<string>3074E24C19C73AD00000B2C3</string>
				<string>30DDD88419B6077400C338AA</string>
				<string>30CCF92019C32C0300F2682C</string>
				<string>30DDD8B819B6077400C338AA</string>
			</array>
			<key>isa</key>
			<string>PBXHeadersBuildPhase</string>
			<key>runOnlyForDeploymentPostprocessing</key>
			<string>0</string>
		</dict>
		<key>3017CD4F1981441300703F0C</key>
		<dict>
			<key>buildActionMask</key>
			<string>2147483647</string>
			<key>files</key>
			<array/>
			<key>inputPaths</key>
			<array/>
			<key>isa</key>
			<string>PBXShellScriptBuildPhase</string>
			<key>outputPaths</key>
			<array/>
			<key>runOnlyForDeploymentPostprocessing</key>
			<string>0</string>
			<key>shellPath</key>
			<string>/bin/sh</string>
			<key>shellScript</key>
			<string>set -e

mkdir -p "${BUILT_PRODUCTS_DIR}/${PRODUCT_NAME}.framework/Versions/A/Headers"

# Link the "Current" version to "A"
/bin/ln -sfh A "${BUILT_PRODUCTS_DIR}/${PRODUCT_NAME}.framework/Versions/Current"
/bin/ln -sfh Versions/Current/Headers "${BUILT_PRODUCTS_DIR}/${PRODUCT_NAME}.framework/Headers"
/bin/ln -sfh "Versions/Current/${PRODUCT_NAME}" "${BUILT_PRODUCTS_DIR}/${PRODUCT_NAME}.framework/${PRODUCT_NAME}"

# The -a ensures that the headers maintain the source modification date so that we don't constantly
# cause propagating rebuilds of files that import these headers.
/bin/cp -a "${TARGET_BUILD_DIR}/${PUBLIC_HEADERS_FOLDER_PATH}/" "${BUILT_PRODUCTS_DIR}/${PRODUCT_NAME}.framework/Versions/A/Headers"
</string>
		</dict>
		<key>3017CD501981444700703F0C</key>
		<dict>
			<key>buildConfigurationList</key>
			<string>3017CD511981444700703F0C</string>
			<key>buildPhases</key>
			<array>
				<string>3017CD561981446A00703F0C</string>
			</array>
			<key>dependencies</key>
			<array>
				<string>3017CD551981444E00703F0C</string>
			</array>
			<key>isa</key>
			<string>PBXAggregateTarget</string>
			<key>name</key>
			<string>Hoko Framework</string>
			<key>productName</key>
			<string>Hoko Framework</string>
		</dict>
		<key>3017CD511981444700703F0C</key>
		<dict>
			<key>buildConfigurations</key>
			<array>
				<string>3017CD521981444700703F0C</string>
				<string>3017CD531981444700703F0C</string>
			</array>
			<key>defaultConfigurationIsVisible</key>
			<string>0</string>
			<key>defaultConfigurationName</key>
			<string>Release</string>
			<key>isa</key>
			<string>XCConfigurationList</string>
		</dict>
		<key>3017CD521981444700703F0C</key>
		<dict>
			<key>buildSettings</key>
			<dict>
				<key>ONLY_ACTIVE_ARCH</key>
				<string>NO</string>
				<key>PRODUCT_NAME</key>
				<string>$(TARGET_NAME)</string>
			</dict>
			<key>isa</key>
			<string>XCBuildConfiguration</string>
			<key>name</key>
			<string>Debug</string>
		</dict>
		<key>3017CD531981444700703F0C</key>
		<dict>
			<key>buildSettings</key>
			<dict>
				<key>PRODUCT_NAME</key>
				<string>$(TARGET_NAME)</string>
			</dict>
			<key>isa</key>
			<string>XCBuildConfiguration</string>
			<key>name</key>
			<string>Release</string>
		</dict>
		<key>3017CD541981444E00703F0C</key>
		<dict>
			<key>containerPortal</key>
			<string>30E82866197FF9DA00CD4943</string>
			<key>isa</key>
			<string>PBXContainerItemProxy</string>
			<key>proxyType</key>
			<string>1</string>
			<key>remoteGlobalIDString</key>
			<string>30E8286D197FF9DA00CD4943</string>
			<key>remoteInfo</key>
			<string>Hoko</string>
		</dict>
		<key>3017CD551981444E00703F0C</key>
		<dict>
			<key>isa</key>
			<string>PBXTargetDependency</string>
			<key>target</key>
			<string>30E8286D197FF9DA00CD4943</string>
			<key>targetProxy</key>
			<string>3017CD541981444E00703F0C</string>
		</dict>
		<key>3017CD561981446A00703F0C</key>
		<dict>
			<key>buildActionMask</key>
			<string>2147483647</string>
			<key>files</key>
			<array/>
			<key>inputPaths</key>
			<array/>
			<key>isa</key>
			<string>PBXShellScriptBuildPhase</string>
			<key>outputPaths</key>
			<array/>
			<key>runOnlyForDeploymentPostprocessing</key>
			<string>0</string>
			<key>shellPath</key>
			<string>/bin/sh</string>
			<key>shellScript</key>
			<string>set -e

# If we're already inside this script then die
if [ -n "$RW_MULTIPLATFORM_BUILD_IN_PROGRESS" ]; then
exit 0
fi
export RW_MULTIPLATFORM_BUILD_IN_PROGRESS=1

RW_FRAMEWORK_NAME=${PROJECT_NAME}
RW_INPUT_STATIC_LIB="lib${PROJECT_NAME}.a"
RW_FRAMEWORK_LOCATION="${BUILT_PRODUCTS_DIR}/${RW_FRAMEWORK_NAME}.framework"

function build_static_library {
    # Will rebuild the static library as specified
    #     build_static_library sdk
    xcrun xcodebuild -project "${PROJECT_FILE_PATH}" \
    -target "${TARGET_NAME}" \
    -configuration "${CONFIGURATION}" \
    -sdk "${1}" \
    ONLY_ACTIVE_ARCH=NO \
    BUILD_DIR="${BUILD_DIR}" \
    OBJROOT="${OBJROOT}" \
    BUILD_ROOT="${BUILD_ROOT}" \
    SYMROOT="${SYMROOT}" $ACTION
}

function make_fat_library {
    # Will smash 2 static libs together
    #     make_fat_library in1 in2 out
    xcrun lipo -create "${1}" "${2}" -output "${3}"
}

# Extract the platform (iphoneos/iphonesimulator) from the SDK name
if [[ "$SDK_NAME" =~ ([A-Za-z]+) ]]; then
RW_SDK_PLATFORM=${BASH_REMATCH[1]}
else
echo "Could not find platform name from SDK_NAME: $SDK_NAME"
exit 1
fi

# Extract the version from the SDK
if [[ "$SDK_NAME" =~ ([0-9]+.*$) ]]; then
RW_SDK_VERSION=${BASH_REMATCH[1]}
else
echo "Could not find sdk version from SDK_NAME: $SDK_NAME"
exit 1
fi

# Determine the other platform
if [ "$RW_SDK_PLATFORM" == "iphoneos" ]; then
RW_OTHER_PLATFORM=iphonesimulator
else
RW_OTHER_PLATFORM=iphoneos
fi

# Find the build directory
if [[ "$BUILT_PRODUCTS_DIR" =~ (.*)$RW_SDK_PLATFORM$ ]]; then
RW_OTHER_BUILT_PRODUCTS_DIR="${BASH_REMATCH[1]}${RW_OTHER_PLATFORM}"
else
echo "Could not find other platform build directory."
exit 1
fi


# Build the other platform.
build_static_library "${RW_OTHER_PLATFORM}${RW_SDK_VERSION}"

# If we're currently building for iphonesimulator, then need to rebuild
#   to ensure that we get both i386 and x86_64
if [ "$RW_SDK_PLATFORM" == "iphonesimulator" ]; then
build_static_library "${SDK_NAME}"
fi

# Join the 2 static libs into 1 and push into the .framework
make_fat_library "${BUILT_PRODUCTS_DIR}/${RW_INPUT_STATIC_LIB}" \
"${RW_OTHER_BUILT_PRODUCTS_DIR}/${RW_INPUT_STATIC_LIB}" \
"${RW_FRAMEWORK_LOCATION}/Versions/A/${RW_FRAMEWORK_NAME}"


# Ensure that the framework is present in both platorm's build directories
cp -a "${RW_FRAMEWORK_LOCATION}/Versions/A/${RW_FRAMEWORK_NAME}" \
"${RW_OTHER_BUILT_PRODUCTS_DIR}/${RW_FRAMEWORK_NAME}.framework/Versions/A/${RW_FRAMEWORK_NAME}"

# Copy the framework to the user's desktop
ditto "${RW_FRAMEWORK_LOCATION}" "${HOME}/Desktop/${RW_FRAMEWORK_NAME}.framework"</string>
		</dict>
		<key>304320F219812B5400C227C4</key>
		<dict>
			<key>isa</key>
			<string>PBXFileReference</string>
			<key>lastKnownFileType</key>
			<string>wrapper.framework</string>
			<key>name</key>
			<string>CoreTelephony.framework</string>
			<key>path</key>
			<string>System/Library/Frameworks/CoreTelephony.framework</string>
			<key>sourceTree</key>
			<string>SDKROOT</string>
		</dict>
		<key>306C605D1A2CBDF6004CE9EC</key>
		<dict>
			<key>isa</key>
			<string>PBXFileReference</string>
			<key>lastKnownFileType</key>
			<string>compiled.mach-o.dylib</string>
			<key>name</key>
			<string>libz.dylib</string>
			<key>path</key>
			<string>usr/lib/libz.dylib</string>
			<key>sourceTree</key>
			<string>SDKROOT</string>
		</dict>
		<key>306C605E1A2CBDF6004CE9EC</key>
		<dict>
			<key>fileRef</key>
			<string>306C605D1A2CBDF6004CE9EC</string>
			<key>isa</key>
			<string>PBXBuildFile</string>
		</dict>
		<key>306C605F1A2CBE12004CE9EC</key>
		<dict>
			<key>children</key>
			<array>
				<string>306C60601A2CBE2F004CE9EC</string>
				<string>306C60611A2CBE2F004CE9EC</string>
			</array>
			<key>isa</key>
			<string>PBXGroup</string>
			<key>name</key>
			<string>GZip</string>
			<key>sourceTree</key>
			<string>&lt;group&gt;</string>
		</dict>
		<key>306C60601A2CBE2F004CE9EC</key>
		<dict>
			<key>fileEncoding</key>
			<string>4</string>
			<key>isa</key>
			<string>PBXFileReference</string>
			<key>lastKnownFileType</key>
			<string>sourcecode.c.h</string>
			<key>name</key>
			<string>HKGZip.h</string>
			<key>path</key>
			<string>GZip/HKGZip.h</string>
			<key>sourceTree</key>
			<string>&lt;group&gt;</string>
		</dict>
		<key>306C60611A2CBE2F004CE9EC</key>
		<dict>
			<key>fileEncoding</key>
			<string>4</string>
			<key>isa</key>
			<string>PBXFileReference</string>
			<key>lastKnownFileType</key>
			<string>sourcecode.c.objc</string>
			<key>name</key>
			<string>HKGZip.m</string>
			<key>path</key>
			<string>GZip/HKGZip.m</string>
			<key>sourceTree</key>
			<string>&lt;group&gt;</string>
		</dict>
		<key>306C60621A2CBE2F004CE9EC</key>
		<dict>
			<key>fileRef</key>
			<string>306C60601A2CBE2F004CE9EC</string>
			<key>isa</key>
			<string>PBXBuildFile</string>
		</dict>
		<key>306C60631A2CBE2F004CE9EC</key>
		<dict>
			<key>fileRef</key>
			<string>306C60611A2CBE2F004CE9EC</string>
			<key>isa</key>
			<string>PBXBuildFile</string>
		</dict>
		<key>3070533E19B8997C0008CD87</key>
		<dict>
			<key>isa</key>
			<string>PBXFileReference</string>
			<key>lastKnownFileType</key>
			<string>sourcecode.c.h</string>
			<key>name</key>
			<string>HKNetworkOperationQueue+Private.h</string>
			<key>path</key>
			<string>NetworkOperationQueue/HKNetworkOperationQueue+Private.h</string>
			<key>sourceTree</key>
			<string>&lt;group&gt;</string>
		</dict>
		<key>3070533F19B899CB0008CD87</key>
		<dict>
			<key>fileRef</key>
			<string>3070533E19B8997C0008CD87</string>
			<key>isa</key>
			<string>PBXBuildFile</string>
		</dict>
		<key>3074B34F1A713C9000BD12D9</key>
		<dict>
			<key>isa</key>
			<string>PBXFileReference</string>
			<key>lastKnownFileType</key>
			<string>wrapper.framework</string>
			<key>name</key>
			<string>Security.framework</string>
			<key>path</key>
			<string>System/Library/Frameworks/Security.framework</string>
			<key>sourceTree</key>
			<string>SDKROOT</string>
		</dict>
		<key>3074B3511A714F6000BD12D9</key>
		<dict>
			<key>children</key>
			<array>
				<string>3074B3521A7150C500BD12D9</string>
				<string>3074B3531A7150C500BD12D9</string>
			</array>
			<key>isa</key>
			<string>PBXGroup</string>
			<key>name</key>
			<string>VersionChecker</string>
			<key>sourceTree</key>
			<string>&lt;group&gt;</string>
		</dict>
		<key>3074B3521A7150C500BD12D9</key>
		<dict>
			<key>fileEncoding</key>
			<string>4</string>
			<key>isa</key>
			<string>PBXFileReference</string>
			<key>lastKnownFileType</key>
			<string>sourcecode.c.h</string>
			<key>name</key>
			<string>HKVersionChecker.h</string>
			<key>path</key>
			<string>VersionChecker/HKVersionChecker.h</string>
			<key>sourceTree</key>
			<string>&lt;group&gt;</string>
		</dict>
		<key>3074B3531A7150C500BD12D9</key>
		<dict>
			<key>fileEncoding</key>
			<string>4</string>
			<key>isa</key>
			<string>PBXFileReference</string>
			<key>lastKnownFileType</key>
			<string>sourcecode.c.objc</string>
			<key>name</key>
			<string>HKVersionChecker.m</string>
			<key>path</key>
			<string>VersionChecker/HKVersionChecker.m</string>
			<key>sourceTree</key>
			<string>&lt;group&gt;</string>
		</dict>
		<key>3074B3541A7150C500BD12D9</key>
		<dict>
			<key>fileRef</key>
			<string>3074B3521A7150C500BD12D9</string>
			<key>isa</key>
			<string>PBXBuildFile</string>
		</dict>
		<key>3074B3551A7150C500BD12D9</key>
		<dict>
			<key>fileRef</key>
			<string>3074B3531A7150C500BD12D9</string>
			<key>isa</key>
			<string>PBXBuildFile</string>
		</dict>
		<key>3074E23D19C6EB520000B2C3</key>
		<dict>
			<key>children</key>
			<array>
				<string>3074E23E19C6EB880000B2C3</string>
				<string>3074E23F19C6EB880000B2C3</string>
			</array>
			<key>isa</key>
			<string>PBXGroup</string>
			<key>name</key>
			<string>HandlerBlock</string>
			<key>sourceTree</key>
			<string>&lt;group&gt;</string>
		</dict>
		<key>3074E23E19C6EB880000B2C3</key>
		<dict>
			<key>fileEncoding</key>
			<string>4</string>
			<key>isa</key>
			<string>PBXFileReference</string>
			<key>lastKnownFileType</key>
			<string>sourcecode.c.h</string>
			<key>name</key>
			<string>HKHandlerBlockWrapper.h</string>
			<key>path</key>
			<string>HandlerBlock/HKHandlerBlockWrapper.h</string>
			<key>sourceTree</key>
			<string>&lt;group&gt;</string>
		</dict>
		<key>3074E23F19C6EB880000B2C3</key>
		<dict>
			<key>fileEncoding</key>
			<string>4</string>
			<key>isa</key>
			<string>PBXFileReference</string>
			<key>lastKnownFileType</key>
			<string>sourcecode.c.objc</string>
			<key>name</key>
			<string>HKHandlerBlockWrapper.m</string>
			<key>path</key>
			<string>HandlerBlock/HKHandlerBlockWrapper.m</string>
			<key>sourceTree</key>
			<string>&lt;group&gt;</string>
		</dict>
		<key>3074E24019C6EB880000B2C3</key>
		<dict>
			<key>fileRef</key>
			<string>3074E23E19C6EB880000B2C3</string>
			<key>isa</key>
			<string>PBXBuildFile</string>
		</dict>
		<key>3074E24119C6EB880000B2C3</key>
		<dict>
			<key>fileRef</key>
			<string>3074E23F19C6EB880000B2C3</string>
			<key>isa</key>
			<string>PBXBuildFile</string>
		</dict>
		<key>3074E24219C6EB880000B2C3</key>
		<dict>
			<key>fileRef</key>
			<string>3074E23F19C6EB880000B2C3</string>
			<key>isa</key>
			<string>PBXBuildFile</string>
		</dict>
		<key>3074E24319C72E0D0000B2C3</key>
		<dict>
			<key>children</key>
			<array>
				<string>3074E24419C72E1D0000B2C3</string>
				<string>3074E24519C72E1D0000B2C3</string>
			</array>
			<key>isa</key>
			<string>PBXGroup</string>
			<key>name</key>
			<string>Event</string>
			<key>sourceTree</key>
			<string>&lt;group&gt;</string>
		</dict>
		<key>3074E24419C72E1D0000B2C3</key>
		<dict>
			<key>fileEncoding</key>
			<string>4</string>
			<key>isa</key>
			<string>PBXFileReference</string>
			<key>lastKnownFileType</key>
			<string>sourcecode.c.h</string>
			<key>name</key>
			<string>HKEvent.h</string>
			<key>path</key>
			<string>Event/HKEvent.h</string>
			<key>sourceTree</key>
			<string>&lt;group&gt;</string>
		</dict>
		<key>3074E24519C72E1D0000B2C3</key>
		<dict>
			<key>fileEncoding</key>
			<string>4</string>
			<key>isa</key>
			<string>PBXFileReference</string>
			<key>lastKnownFileType</key>
			<string>sourcecode.c.objc</string>
			<key>name</key>
			<string>HKEvent.m</string>
			<key>path</key>
			<string>Event/HKEvent.m</string>
			<key>sourceTree</key>
			<string>&lt;group&gt;</string>
		</dict>
		<key>3074E24619C72E1D0000B2C3</key>
		<dict>
			<key>fileRef</key>
			<string>3074E24419C72E1D0000B2C3</string>
			<key>isa</key>
			<string>PBXBuildFile</string>
		</dict>
		<key>3074E24719C72E1D0000B2C3</key>
		<dict>
			<key>fileRef</key>
			<string>3074E24519C72E1D0000B2C3</string>
			<key>isa</key>
			<string>PBXBuildFile</string>
		</dict>
		<key>3074E24819C72E1D0000B2C3</key>
		<dict>
			<key>fileRef</key>
			<string>3074E24519C72E1D0000B2C3</string>
			<key>isa</key>
			<string>PBXBuildFile</string>
		</dict>
		<key>3074E24919C73AC00000B2C3</key>
		<dict>
			<key>children</key>
			<array>
				<string>3074E24A19C73AD00000B2C3</string>
				<string>3074E24B19C73AD00000B2C3</string>
			</array>
			<key>isa</key>
			<string>PBXGroup</string>
			<key>name</key>
			<string>Session</string>
			<key>sourceTree</key>
			<string>&lt;group&gt;</string>
		</dict>
		<key>3074E24A19C73AD00000B2C3</key>
		<dict>
			<key>fileEncoding</key>
			<string>4</string>
			<key>isa</key>
			<string>PBXFileReference</string>
			<key>lastKnownFileType</key>
			<string>sourcecode.c.h</string>
			<key>name</key>
			<string>HKSession.h</string>
			<key>path</key>
			<string>Session/HKSession.h</string>
			<key>sourceTree</key>
			<string>&lt;group&gt;</string>
		</dict>
		<key>3074E24B19C73AD00000B2C3</key>
		<dict>
			<key>fileEncoding</key>
			<string>4</string>
			<key>isa</key>
			<string>PBXFileReference</string>
			<key>lastKnownFileType</key>
			<string>sourcecode.c.objc</string>
			<key>name</key>
			<string>HKSession.m</string>
			<key>path</key>
			<string>Session/HKSession.m</string>
			<key>sourceTree</key>
			<string>&lt;group&gt;</string>
		</dict>
		<key>3074E24C19C73AD00000B2C3</key>
		<dict>
			<key>fileRef</key>
			<string>3074E24A19C73AD00000B2C3</string>
			<key>isa</key>
			<string>PBXBuildFile</string>
		</dict>
		<key>3074E24D19C73AD00000B2C3</key>
		<dict>
			<key>fileRef</key>
			<string>3074E24B19C73AD00000B2C3</string>
			<key>isa</key>
			<string>PBXBuildFile</string>
		</dict>
		<key>3074E24E19C73AD00000B2C3</key>
		<dict>
			<key>fileRef</key>
			<string>3074E24B19C73AD00000B2C3</string>
			<key>isa</key>
			<string>PBXBuildFile</string>
		</dict>
		<key>3079FA4C19B720D1007596FA</key>
		<dict>
			<key>children</key>
			<array>
				<string>3079FA4D19B720F6007596FA</string>
				<string>3079FA4E19B720F6007596FA</string>
				<string>3070533E19B8997C0008CD87</string>
			</array>
			<key>isa</key>
			<string>PBXGroup</string>
			<key>name</key>
			<string>NetworkOperationQueue</string>
			<key>sourceTree</key>
			<string>&lt;group&gt;</string>
		</dict>
		<key>3079FA4D19B720F6007596FA</key>
		<dict>
			<key>fileEncoding</key>
			<string>4</string>
			<key>isa</key>
			<string>PBXFileReference</string>
			<key>lastKnownFileType</key>
			<string>sourcecode.c.h</string>
			<key>name</key>
			<string>HKNetworkOperationQueue.h</string>
			<key>path</key>
			<string>NetworkOperationQueue/HKNetworkOperationQueue.h</string>
			<key>sourceTree</key>
			<string>&lt;group&gt;</string>
		</dict>
		<key>3079FA4E19B720F6007596FA</key>
		<dict>
			<key>fileEncoding</key>
			<string>4</string>
			<key>isa</key>
			<string>PBXFileReference</string>
			<key>lastKnownFileType</key>
			<string>sourcecode.c.objc</string>
			<key>name</key>
			<string>HKNetworkOperationQueue.m</string>
			<key>path</key>
			<string>NetworkOperationQueue/HKNetworkOperationQueue.m</string>
			<key>sourceTree</key>
			<string>&lt;group&gt;</string>
		</dict>
		<key>3079FA4F19B720F6007596FA</key>
		<dict>
			<key>fileRef</key>
			<string>3079FA4D19B720F6007596FA</string>
			<key>isa</key>
			<string>PBXBuildFile</string>
		</dict>
		<key>3079FA5019B720F6007596FA</key>
		<dict>
			<key>fileRef</key>
			<string>3079FA4E19B720F6007596FA</string>
			<key>isa</key>
			<string>PBXBuildFile</string>
		</dict>
		<key>3079FA5119B720F6007596FA</key>
		<dict>
			<key>fileRef</key>
			<string>3079FA4E19B720F6007596FA</string>
			<key>isa</key>
			<string>PBXBuildFile</string>
		</dict>
		<key>3079FA5319B73AE7007596FA</key>
		<dict>
			<key>fileEncoding</key>
			<string>4</string>
			<key>isa</key>
			<string>PBXFileReference</string>
			<key>lastKnownFileType</key>
			<string>sourcecode.c.objc</string>
			<key>path</key>
			<string>HKNetworkOperationTests.m</string>
			<key>sourceTree</key>
			<string>&lt;group&gt;</string>
		</dict>
		<key>3079FA5419B73AE7007596FA</key>
		<dict>
			<key>fileRef</key>
			<string>3079FA5319B73AE7007596FA</string>
			<key>isa</key>
			<string>PBXBuildFile</string>
		</dict>
		<key>307A051419B633100017AE8D</key>
		<dict>
			<key>children</key>
			<array>
				<string>307A051519B6332E0017AE8D</string>
				<string>307A051619B6332E0017AE8D</string>
			</array>
			<key>isa</key>
			<string>PBXGroup</string>
			<key>name</key>
			<string>NetworkOperation</string>
			<key>sourceTree</key>
			<string>&lt;group&gt;</string>
		</dict>
		<key>307A051519B6332E0017AE8D</key>
		<dict>
			<key>fileEncoding</key>
			<string>4</string>
			<key>isa</key>
			<string>PBXFileReference</string>
			<key>lastKnownFileType</key>
			<string>sourcecode.c.h</string>
			<key>name</key>
			<string>HKNetworkOperation.h</string>
			<key>path</key>
			<string>Network Operation/HKNetworkOperation.h</string>
			<key>sourceTree</key>
			<string>&lt;group&gt;</string>
		</dict>
		<key>307A051619B6332E0017AE8D</key>
		<dict>
			<key>fileEncoding</key>
			<string>4</string>
			<key>isa</key>
			<string>PBXFileReference</string>
			<key>lastKnownFileType</key>
			<string>sourcecode.c.objc</string>
			<key>name</key>
			<string>HKNetworkOperation.m</string>
			<key>path</key>
			<string>Network Operation/HKNetworkOperation.m</string>
			<key>sourceTree</key>
			<string>&lt;group&gt;</string>
		</dict>
		<key>307A051719B6332E0017AE8D</key>
		<dict>
			<key>fileRef</key>
			<string>307A051519B6332E0017AE8D</string>
			<key>isa</key>
			<string>PBXBuildFile</string>
		</dict>
		<key>307A051819B6332E0017AE8D</key>
		<dict>
			<key>fileRef</key>
			<string>307A051619B6332E0017AE8D</string>
			<key>isa</key>
			<string>PBXBuildFile</string>
		</dict>
		<key>307A051919B6332E0017AE8D</key>
		<dict>
			<key>fileRef</key>
			<string>307A051619B6332E0017AE8D</string>
			<key>isa</key>
			<string>PBXBuildFile</string>
		</dict>
		<key>307E81BA19B7558100935B2B</key>
		<dict>
			<key>children</key>
			<array>
				<string>307E81BB19B755BA00935B2B</string>
				<string>307E81BC19B755BA00935B2B</string>
			</array>
			<key>isa</key>
			<string>PBXGroup</string>
			<key>name</key>
			<string>Notification</string>
			<key>sourceTree</key>
			<string>&lt;group&gt;</string>
		</dict>
		<key>307E81BB19B755BA00935B2B</key>
		<dict>
			<key>fileEncoding</key>
			<string>4</string>
			<key>isa</key>
			<string>PBXFileReference</string>
			<key>lastKnownFileType</key>
			<string>sourcecode.c.h</string>
			<key>name</key>
			<string>HKNotificationObserver.h</string>
			<key>path</key>
			<string>Hoko/Utils/Observer/Notification/HKNotificationObserver.h</string>
			<key>sourceTree</key>
			<string>SOURCE_ROOT</string>
		</dict>
		<key>307E81BC19B755BA00935B2B</key>
		<dict>
			<key>fileEncoding</key>
			<string>4</string>
			<key>isa</key>
			<string>PBXFileReference</string>
			<key>lastKnownFileType</key>
			<string>sourcecode.c.objc</string>
			<key>name</key>
			<string>HKNotificationObserver.m</string>
			<key>path</key>
			<string>Hoko/Utils/Observer/Notification/HKNotificationObserver.m</string>
			<key>sourceTree</key>
			<string>SOURCE_ROOT</string>
		</dict>
		<key>307E81BD19B755BA00935B2B</key>
		<dict>
			<key>fileRef</key>
			<string>307E81BB19B755BA00935B2B</string>
			<key>isa</key>
			<string>PBXBuildFile</string>
		</dict>
		<key>307E81BE19B755BA00935B2B</key>
		<dict>
			<key>fileRef</key>
			<string>307E81BC19B755BA00935B2B</string>
			<key>isa</key>
			<string>PBXBuildFile</string>
		</dict>
		<key>307E81BF19B7566200935B2B</key>
		<dict>
			<key>children</key>
			<array>
				<string>307E81C019B7567F00935B2B</string>
				<string>307E81C119B7567F00935B2B</string>
			</array>
			<key>isa</key>
			<string>PBXGroup</string>
			<key>name</key>
			<string>Object</string>
			<key>sourceTree</key>
			<string>&lt;group&gt;</string>
		</dict>
		<key>307E81C019B7567F00935B2B</key>
		<dict>
			<key>fileEncoding</key>
			<string>4</string>
			<key>isa</key>
			<string>PBXFileReference</string>
			<key>lastKnownFileType</key>
			<string>sourcecode.c.h</string>
			<key>name</key>
			<string>HKObjectObserver.h</string>
			<key>path</key>
			<string>Hoko/Utils/Observer/Object/HKObjectObserver.h</string>
			<key>sourceTree</key>
			<string>SOURCE_ROOT</string>
		</dict>
		<key>307E81C119B7567F00935B2B</key>
		<dict>
			<key>fileEncoding</key>
			<string>4</string>
			<key>isa</key>
			<string>PBXFileReference</string>
			<key>lastKnownFileType</key>
			<string>sourcecode.c.objc</string>
			<key>name</key>
			<string>HKObjectObserver.m</string>
			<key>path</key>
			<string>Hoko/Utils/Observer/Object/HKObjectObserver.m</string>
			<key>sourceTree</key>
			<string>SOURCE_ROOT</string>
		</dict>
		<key>307E81C219B7567F00935B2B</key>
		<dict>
			<key>fileRef</key>
			<string>307E81C019B7567F00935B2B</string>
			<key>isa</key>
			<string>PBXBuildFile</string>
		</dict>
		<key>307E81C319B7567F00935B2B</key>
		<dict>
			<key>fileRef</key>
			<string>307E81C119B7567F00935B2B</string>
			<key>isa</key>
			<string>PBXBuildFile</string>
		</dict>
		<key>307E81C419B7567F00935B2B</key>
		<dict>
			<key>fileRef</key>
			<string>307E81C119B7567F00935B2B</string>
			<key>isa</key>
			<string>PBXBuildFile</string>
		</dict>
		<key>30A3A38819B7585E0049BC2A</key>
		<dict>
			<key>fileEncoding</key>
			<string>4</string>
			<key>isa</key>
			<string>PBXFileReference</string>
			<key>lastKnownFileType</key>
			<string>sourcecode.c.h</string>
			<key>name</key>
			<string>HKObserver.h</string>
			<key>path</key>
			<string>Hoko/Utils/Observer/HKObserver.h</string>
			<key>sourceTree</key>
			<string>SOURCE_ROOT</string>
		</dict>
		<key>30A3A38919B7585E0049BC2A</key>
		<dict>
			<key>fileEncoding</key>
			<string>4</string>
			<key>isa</key>
			<string>PBXFileReference</string>
			<key>lastKnownFileType</key>
			<string>sourcecode.c.objc</string>
			<key>name</key>
			<string>HKObserver.m</string>
			<key>path</key>
			<string>Hoko/Utils/Observer/HKObserver.m</string>
			<key>sourceTree</key>
			<string>SOURCE_ROOT</string>
		</dict>
		<key>30A3A38A19B7585E0049BC2A</key>
		<dict>
			<key>fileRef</key>
			<string>30A3A38819B7585E0049BC2A</string>
			<key>isa</key>
			<string>PBXBuildFile</string>
		</dict>
		<key>30A3A38B19B7585E0049BC2A</key>
		<dict>
			<key>fileRef</key>
			<string>30A3A38919B7585E0049BC2A</string>
			<key>isa</key>
			<string>PBXBuildFile</string>
		</dict>
		<key>30A3A38C19B7585E0049BC2A</key>
		<dict>
			<key>fileRef</key>
			<string>30A3A38919B7585E0049BC2A</string>
			<key>isa</key>
			<string>PBXBuildFile</string>
		</dict>
		<key>30A3A38D19B759890049BC2A</key>
		<dict>
			<key>fileRef</key>
			<string>307E81BC19B755BA00935B2B</string>
			<key>isa</key>
			<string>PBXBuildFile</string>
		</dict>
		<key>30B206F51992483F00343860</key>
		<dict>
			<key>fileEncoding</key>
			<string>4</string>
			<key>isa</key>
			<string>PBXFileReference</string>
			<key>lastKnownFileType</key>
			<string>sourcecode.c.objc</string>
			<key>path</key>
			<string>HKLinkGeneratorTests.m</string>
			<key>sourceTree</key>
			<string>&lt;group&gt;</string>
		</dict>
		<key>30B206F61992483F00343860</key>
		<dict>
			<key>fileRef</key>
			<string>30B206F51992483F00343860</string>
			<key>isa</key>
			<string>PBXBuildFile</string>
		</dict>
		<key>30C94E021A76899C0083BC30</key>
		<dict>
			<key>fileRef</key>
			<string>3074B3531A7150C500BD12D9</string>
			<key>isa</key>
			<string>PBXBuildFile</string>
		</dict>
		<key>30C94E031A7689A10083BC30</key>
		<dict>
			<key>fileRef</key>
			<string>306C60611A2CBE2F004CE9EC</string>
			<key>isa</key>
			<string>PBXBuildFile</string>
		</dict>
		<key>30C94E041A7689C90083BC30</key>
		<dict>
			<key>fileRef</key>
			<string>306C605D1A2CBDF6004CE9EC</string>
			<key>isa</key>
			<string>PBXBuildFile</string>
		</dict>
		<key>30CCF91F19C32BB800F2682C</key>
		<dict>
			<key>isa</key>
			<string>PBXFileReference</string>
			<key>lastKnownFileType</key>
			<string>sourcecode.c.h</string>
			<key>path</key>
			<string>HokoAnalytics+Private.h</string>
			<key>sourceTree</key>
			<string>&lt;group&gt;</string>
		</dict>
		<key>30CCF92019C32C0300F2682C</key>
		<dict>
			<key>fileRef</key>
			<string>30CCF91F19C32BB800F2682C</string>
			<key>isa</key>
			<string>PBXBuildFile</string>
		</dict>
		<key>30DDD82A19B6077400C338AA</key>
		<dict>
			<key>fileEncoding</key>
			<string>4</string>
			<key>isa</key>
			<string>PBXFileReference</string>
			<key>lastKnownFileType</key>
			<string>sourcecode.c.h</string>
			<key>path</key>
			<string>Hoko.h</string>
			<key>sourceTree</key>
			<string>&lt;group&gt;</string>
		</dict>
		<key>30DDD82B19B6077400C338AA</key>
		<dict>
			<key>fileEncoding</key>
			<string>4</string>
			<key>isa</key>
			<string>PBXFileReference</string>
			<key>lastKnownFileType</key>
			<string>sourcecode.c.objc</string>
			<key>path</key>
			<string>Hoko.m</string>
			<key>sourceTree</key>
			<string>&lt;group&gt;</string>
		</dict>
		<key>30DDD82C19B6077400C338AA</key>
		<dict>
			<key>fileEncoding</key>
			<string>4</string>
			<key>isa</key>
			<string>PBXFileReference</string>
			<key>lastKnownFileType</key>
			<string>sourcecode.c.h</string>
			<key>path</key>
			<string>Hoko+Private.h</string>
			<key>sourceTree</key>
			<string>&lt;group&gt;</string>
		</dict>
		<key>30DDD82D19B6077400C338AA</key>
		<dict>
			<key>children</key>
			<array>
				<string>30DDD83119B6077400C338AA</string>
			</array>
			<key>isa</key>
			<string>PBXGroup</string>
			<key>path</key>
			<string>Integration</string>
			<key>sourceTree</key>
			<string>&lt;group&gt;</string>
		</dict>
		<key>30DDD83119B6077400C338AA</key>
		<dict>
			<key>children</key>
			<array>
				<string>30DDD83219B6077400C338AA</string>
				<string>30DDD83319B6077400C338AA</string>
			</array>
			<key>isa</key>
			<string>PBXGroup</string>
			<key>path</key>
			<string>Navigation</string>
			<key>sourceTree</key>
			<string>&lt;group&gt;</string>
		</dict>
		<key>30DDD83219B6077400C338AA</key>
		<dict>
			<key>fileEncoding</key>
			<string>4</string>
			<key>isa</key>
			<string>PBXFileReference</string>
			<key>lastKnownFileType</key>
			<string>sourcecode.c.h</string>
			<key>path</key>
			<string>HKNavigation.h</string>
			<key>sourceTree</key>
			<string>&lt;group&gt;</string>
		</dict>
		<key>30DDD83319B6077400C338AA</key>
		<dict>
			<key>fileEncoding</key>
			<string>4</string>
			<key>isa</key>
			<string>PBXFileReference</string>
			<key>lastKnownFileType</key>
			<string>sourcecode.c.objc</string>
			<key>path</key>
			<string>HKNavigation.m</string>
			<key>sourceTree</key>
			<string>&lt;group&gt;</string>
		</dict>
		<key>30DDD83419B6077400C338AA</key>
		<dict>
			<key>children</key>
			<array>
				<string>3074E24919C73AC00000B2C3</string>
				<string>3074E24319C72E0D0000B2C3</string>
				<string>3074E23D19C6EB520000B2C3</string>
				<string>30DDD83519B6077400C338AA</string>
				<string>30DDD83819B6077400C338AA</string>
				<string>30DDD83C19B6077400C338AA</string>
				<string>30DDD83F19B6077400C338AA</string>
				<string>307A051419B633100017AE8D</string>
				<string>30DDD84219B6077400C338AA</string>
				<string>30DDD84519B6077400C338AA</string>
				<string>30DDD84819B6077400C338AA</string>
			</array>
			<key>isa</key>
			<string>PBXGroup</string>
			<key>path</key>
			<string>Model</string>
			<key>sourceTree</key>
			<string>&lt;group&gt;</string>
		</dict>
		<key>30DDD83519B6077400C338AA</key>
		<dict>
			<key>children</key>
			<array>
				<string>30DDD83619B6077400C338AA</string>
				<string>30DDD83719B6077400C338AA</string>
			</array>
			<key>isa</key>
			<string>PBXGroup</string>
			<key>path</key>
			<string>App</string>
			<key>sourceTree</key>
			<string>&lt;group&gt;</string>
		</dict>
		<key>30DDD83619B6077400C338AA</key>
		<dict>
			<key>fileEncoding</key>
			<string>4</string>
			<key>isa</key>
			<string>PBXFileReference</string>
			<key>lastKnownFileType</key>
			<string>sourcecode.c.h</string>
			<key>path</key>
			<string>HKApp.h</string>
			<key>sourceTree</key>
			<string>&lt;group&gt;</string>
		</dict>
		<key>30DDD83719B6077400C338AA</key>
		<dict>
			<key>fileEncoding</key>
			<string>4</string>
			<key>isa</key>
			<string>PBXFileReference</string>
			<key>lastKnownFileType</key>
			<string>sourcecode.c.objc</string>
			<key>path</key>
			<string>HKApp.m</string>
			<key>sourceTree</key>
			<string>&lt;group&gt;</string>
		</dict>
		<key>30DDD83819B6077400C338AA</key>
		<dict>
			<key>children</key>
			<array>
				<string>30DDD83A19B6077400C338AA</string>
				<string>30DDD83B19B6077400C338AA</string>
				<string>30DDD83919B6077400C338AA</string>
			</array>
			<key>isa</key>
			<string>PBXGroup</string>
			<key>path</key>
			<string>Deeplink</string>
			<key>sourceTree</key>
			<string>&lt;group&gt;</string>
		</dict>
		<key>30DDD83919B6077400C338AA</key>
		<dict>
			<key>fileEncoding</key>
			<string>4</string>
			<key>isa</key>
			<string>PBXFileReference</string>
			<key>lastKnownFileType</key>
			<string>sourcecode.c.h</string>
			<key>path</key>
			<string>HKDeeplink+Private.h</string>
			<key>sourceTree</key>
			<string>&lt;group&gt;</string>
		</dict>
		<key>30DDD83A19B6077400C338AA</key>
		<dict>
			<key>fileEncoding</key>
			<string>4</string>
			<key>isa</key>
			<string>PBXFileReference</string>
			<key>lastKnownFileType</key>
			<string>sourcecode.c.h</string>
			<key>path</key>
			<string>HKDeeplink.h</string>
			<key>sourceTree</key>
			<string>&lt;group&gt;</string>
		</dict>
		<key>30DDD83B19B6077400C338AA</key>
		<dict>
			<key>fileEncoding</key>
			<string>4</string>
			<key>isa</key>
			<string>PBXFileReference</string>
			<key>lastKnownFileType</key>
			<string>sourcecode.c.objc</string>
			<key>path</key>
			<string>HKDeeplink.m</string>
			<key>sourceTree</key>
			<string>&lt;group&gt;</string>
		</dict>
		<key>30DDD83C19B6077400C338AA</key>
		<dict>
			<key>children</key>
			<array>
				<string>30DDD83D19B6077400C338AA</string>
				<string>30DDD83E19B6077400C338AA</string>
			</array>
			<key>isa</key>
			<string>PBXGroup</string>
			<key>path</key>
			<string>Device</string>
			<key>sourceTree</key>
			<string>&lt;group&gt;</string>
		</dict>
		<key>30DDD83D19B6077400C338AA</key>
		<dict>
			<key>fileEncoding</key>
			<string>4</string>
			<key>isa</key>
			<string>PBXFileReference</string>
			<key>lastKnownFileType</key>
			<string>sourcecode.c.h</string>
			<key>path</key>
			<string>HKDevice.h</string>
			<key>sourceTree</key>
			<string>&lt;group&gt;</string>
		</dict>
		<key>30DDD83E19B6077400C338AA</key>
		<dict>
			<key>fileEncoding</key>
			<string>4</string>
			<key>isa</key>
			<string>PBXFileReference</string>
			<key>lastKnownFileType</key>
			<string>sourcecode.c.objc</string>
			<key>path</key>
			<string>HKDevice.m</string>
			<key>sourceTree</key>
			<string>&lt;group&gt;</string>
		</dict>
		<key>30DDD83F19B6077400C338AA</key>
		<dict>
			<key>children</key>
			<array>
				<string>30DDD84019B6077400C338AA</string>
				<string>30DDD84119B6077400C338AA</string>
			</array>
			<key>isa</key>
			<string>PBXGroup</string>
			<key>path</key>
			<string>Error</string>
			<key>sourceTree</key>
			<string>&lt;group&gt;</string>
		</dict>
		<key>30DDD84019B6077400C338AA</key>
		<dict>
			<key>fileEncoding</key>
			<string>4</string>
			<key>isa</key>
			<string>PBXFileReference</string>
			<key>lastKnownFileType</key>
			<string>sourcecode.c.h</string>
			<key>path</key>
			<string>HKError.h</string>
			<key>sourceTree</key>
			<string>&lt;group&gt;</string>
		</dict>
		<key>30DDD84119B6077400C338AA</key>
		<dict>
			<key>fileEncoding</key>
			<string>4</string>
			<key>isa</key>
			<string>PBXFileReference</string>
			<key>lastKnownFileType</key>
			<string>sourcecode.c.objc</string>
			<key>path</key>
			<string>HKError.m</string>
			<key>sourceTree</key>
			<string>&lt;group&gt;</string>
		</dict>
		<key>30DDD84219B6077400C338AA</key>
		<dict>
			<key>children</key>
			<array>
				<string>30DDD84319B6077400C338AA</string>
				<string>30DDD84419B6077400C338AA</string>
			</array>
			<key>isa</key>
			<string>PBXGroup</string>
			<key>path</key>
			<string>Route</string>
			<key>sourceTree</key>
			<string>&lt;group&gt;</string>
		</dict>
		<key>30DDD84319B6077400C338AA</key>
		<dict>
			<key>fileEncoding</key>
			<string>4</string>
			<key>isa</key>
			<string>PBXFileReference</string>
			<key>lastKnownFileType</key>
			<string>sourcecode.c.h</string>
			<key>path</key>
			<string>HKRoute.h</string>
			<key>sourceTree</key>
			<string>&lt;group&gt;</string>
		</dict>
		<key>30DDD84419B6077400C338AA</key>
		<dict>
			<key>fileEncoding</key>
			<string>4</string>
			<key>isa</key>
			<string>PBXFileReference</string>
			<key>lastKnownFileType</key>
			<string>sourcecode.c.objc</string>
			<key>path</key>
			<string>HKRoute.m</string>
			<key>sourceTree</key>
			<string>&lt;group&gt;</string>
		</dict>
		<key>30DDD84519B6077400C338AA</key>
		<dict>
			<key>children</key>
			<array>
				<string>30DDD84619B6077400C338AA</string>
				<string>30DDD84719B6077400C338AA</string>
			</array>
			<key>isa</key>
			<string>PBXGroup</string>
			<key>path</key>
			<string>URL</string>
			<key>sourceTree</key>
			<string>&lt;group&gt;</string>
		</dict>
		<key>30DDD84619B6077400C338AA</key>
		<dict>
			<key>fileEncoding</key>
			<string>4</string>
			<key>isa</key>
			<string>PBXFileReference</string>
			<key>lastKnownFileType</key>
			<string>sourcecode.c.h</string>
			<key>path</key>
			<string>HKURL.h</string>
			<key>sourceTree</key>
			<string>&lt;group&gt;</string>
		</dict>
		<key>30DDD84719B6077400C338AA</key>
		<dict>
			<key>fileEncoding</key>
			<string>4</string>
			<key>isa</key>
			<string>PBXFileReference</string>
			<key>lastKnownFileType</key>
			<string>sourcecode.c.objc</string>
			<key>path</key>
			<string>HKURL.m</string>
			<key>sourceTree</key>
			<string>&lt;group&gt;</string>
		</dict>
		<key>30DDD84819B6077400C338AA</key>
		<dict>
			<key>children</key>
			<array>
				<string>30DDD84919B6077400C338AA</string>
				<string>30DDD84A19B6077400C338AA</string>
			</array>
			<key>isa</key>
			<string>PBXGroup</string>
			<key>path</key>
			<string>User</string>
			<key>sourceTree</key>
			<string>&lt;group&gt;</string>
		</dict>
		<key>30DDD84919B6077400C338AA</key>
		<dict>
			<key>fileEncoding</key>
			<string>4</string>
			<key>isa</key>
			<string>PBXFileReference</string>
			<key>lastKnownFileType</key>
			<string>sourcecode.c.h</string>
			<key>path</key>
			<string>HKUser.h</string>
			<key>sourceTree</key>
			<string>&lt;group&gt;</string>
		</dict>
		<key>30DDD84A19B6077400C338AA</key>
		<dict>
			<key>fileEncoding</key>
			<string>4</string>
			<key>isa</key>
			<string>PBXFileReference</string>
			<key>lastKnownFileType</key>
			<string>sourcecode.c.objc</string>
			<key>path</key>
			<string>HKUser.m</string>
			<key>sourceTree</key>
			<string>&lt;group&gt;</string>
		</dict>
		<key>30DDD84B19B6077400C338AA</key>
		<dict>
			<key>children</key>
			<array>
				<string>30DDD84C19B6077400C338AA</string>
				<string>30DDD84F19B6077400C338AA</string>
				<string>30DDD85C19B6077400C338AA</string>
			</array>
			<key>isa</key>
			<string>PBXGroup</string>
			<key>path</key>
			<string>Modules</string>
			<key>sourceTree</key>
			<string>&lt;group&gt;</string>
		</dict>
		<key>30DDD84C19B6077400C338AA</key>
		<dict>
			<key>children</key>
			<array>
				<string>30DDD84D19B6077400C338AA</string>
				<string>30DDD84E19B6077400C338AA</string>
				<string>30CCF91F19C32BB800F2682C</string>
			</array>
			<key>isa</key>
			<string>PBXGroup</string>
			<key>path</key>
			<string>Analytics</string>
			<key>sourceTree</key>
			<string>&lt;group&gt;</string>
		</dict>
		<key>30DDD84D19B6077400C338AA</key>
		<dict>
			<key>fileEncoding</key>
			<string>4</string>
			<key>isa</key>
			<string>PBXFileReference</string>
			<key>lastKnownFileType</key>
			<string>sourcecode.c.h</string>
			<key>path</key>
			<string>HokoAnalytics.h</string>
			<key>sourceTree</key>
			<string>&lt;group&gt;</string>
		</dict>
		<key>30DDD84E19B6077400C338AA</key>
		<dict>
			<key>fileEncoding</key>
			<string>4</string>
			<key>isa</key>
			<string>PBXFileReference</string>
			<key>lastKnownFileType</key>
			<string>sourcecode.c.objc</string>
			<key>path</key>
			<string>HokoAnalytics.m</string>
			<key>sourceTree</key>
			<string>&lt;group&gt;</string>
		</dict>
		<key>30DDD84F19B6077400C338AA</key>
		<dict>
			<key>children</key>
			<array>
				<string>30DDD85419B6077400C338AA</string>
				<string>30DDD85519B6077400C338AA</string>
				<string>30DDD85319B6077400C338AA</string>
				<string>30DDD85019B6077400C338AA</string>
				<string>30DDD85619B6077400C338AA</string>
				<string>30DDD85919B6077400C338AA</string>
			</array>
			<key>isa</key>
			<string>PBXGroup</string>
			<key>path</key>
			<string>Deeplinking</string>
			<key>sourceTree</key>
			<string>&lt;group&gt;</string>
		</dict>
		<key>30DDD85019B6077400C338AA</key>
		<dict>
			<key>children</key>
			<array>
				<string>30DDD85119B6077400C338AA</string>
				<string>30DDD85219B6077400C338AA</string>
			</array>
			<key>isa</key>
			<string>PBXGroup</string>
			<key>path</key>
			<string>Handling</string>
			<key>sourceTree</key>
			<string>&lt;group&gt;</string>
		</dict>
		<key>30DDD85119B6077400C338AA</key>
		<dict>
			<key>fileEncoding</key>
			<string>4</string>
			<key>isa</key>
			<string>PBXFileReference</string>
			<key>lastKnownFileType</key>
			<string>sourcecode.c.h</string>
			<key>path</key>
			<string>HKHandling.h</string>
			<key>sourceTree</key>
			<string>&lt;group&gt;</string>
		</dict>
		<key>30DDD85219B6077400C338AA</key>
		<dict>
			<key>fileEncoding</key>
			<string>4</string>
			<key>isa</key>
			<string>PBXFileReference</string>
			<key>lastKnownFileType</key>
			<string>sourcecode.c.objc</string>
			<key>path</key>
			<string>HKHandling.m</string>
			<key>sourceTree</key>
			<string>&lt;group&gt;</string>
		</dict>
		<key>30DDD85319B6077400C338AA</key>
		<dict>
			<key>fileEncoding</key>
			<string>4</string>
			<key>isa</key>
			<string>PBXFileReference</string>
			<key>lastKnownFileType</key>
			<string>sourcecode.c.h</string>
			<key>path</key>
			<string>HokoDeeplinking+Private.h</string>
			<key>sourceTree</key>
			<string>&lt;group&gt;</string>
		</dict>
		<key>30DDD85419B6077400C338AA</key>
		<dict>
			<key>fileEncoding</key>
			<string>4</string>
			<key>isa</key>
			<string>PBXFileReference</string>
			<key>lastKnownFileType</key>
			<string>sourcecode.c.h</string>
			<key>path</key>
			<string>HokoDeeplinking.h</string>
			<key>sourceTree</key>
			<string>&lt;group&gt;</string>
		</dict>
		<key>30DDD85519B6077400C338AA</key>
		<dict>
			<key>fileEncoding</key>
			<string>4</string>
			<key>isa</key>
			<string>PBXFileReference</string>
			<key>lastKnownFileType</key>
			<string>sourcecode.c.objc</string>
			<key>path</key>
			<string>HokoDeeplinking.m</string>
			<key>sourceTree</key>
			<string>&lt;group&gt;</string>
		</dict>
		<key>30DDD85619B6077400C338AA</key>
		<dict>
			<key>children</key>
			<array>
				<string>30DDD85719B6077400C338AA</string>
				<string>30DDD85819B6077400C338AA</string>
			</array>
			<key>isa</key>
			<string>PBXGroup</string>
			<key>path</key>
			<string>LinkGenerator</string>
			<key>sourceTree</key>
			<string>&lt;group&gt;</string>
		</dict>
		<key>30DDD85719B6077400C338AA</key>
		<dict>
			<key>fileEncoding</key>
			<string>4</string>
			<key>isa</key>
			<string>PBXFileReference</string>
			<key>lastKnownFileType</key>
			<string>sourcecode.c.h</string>
			<key>path</key>
			<string>HKLinkGenerator.h</string>
			<key>sourceTree</key>
			<string>&lt;group&gt;</string>
		</dict>
		<key>30DDD85819B6077400C338AA</key>
		<dict>
			<key>fileEncoding</key>
			<string>4</string>
			<key>isa</key>
			<string>PBXFileReference</string>
			<key>lastKnownFileType</key>
			<string>sourcecode.c.objc</string>
			<key>path</key>
			<string>HKLinkGenerator.m</string>
			<key>sourceTree</key>
			<string>&lt;group&gt;</string>
		</dict>
		<key>30DDD85919B6077400C338AA</key>
		<dict>
			<key>children</key>
			<array>
				<string>30DDD85A19B6077400C338AA</string>
				<string>30DDD85B19B6077400C338AA</string>
			</array>
			<key>isa</key>
			<string>PBXGroup</string>
			<key>path</key>
			<string>Routing</string>
			<key>sourceTree</key>
			<string>&lt;group&gt;</string>
		</dict>
		<key>30DDD85A19B6077400C338AA</key>
		<dict>
			<key>fileEncoding</key>
			<string>4</string>
			<key>isa</key>
			<string>PBXFileReference</string>
			<key>lastKnownFileType</key>
			<string>sourcecode.c.h</string>
			<key>path</key>
			<string>HKRouting.h</string>
			<key>sourceTree</key>
			<string>&lt;group&gt;</string>
		</dict>
		<key>30DDD85B19B6077400C338AA</key>
		<dict>
			<key>fileEncoding</key>
			<string>4</string>
			<key>isa</key>
			<string>PBXFileReference</string>
			<key>lastKnownFileType</key>
			<string>sourcecode.c.objc</string>
			<key>path</key>
			<string>HKRouting.m</string>
			<key>sourceTree</key>
			<string>&lt;group&gt;</string>
		</dict>
		<key>30DDD85C19B6077400C338AA</key>
		<dict>
			<key>children</key>
			<array>
				<string>30DDD85E19B6077400C338AA</string>
				<string>30DDD85F19B6077400C338AA</string>
				<string>30DDD85D19B6077400C338AA</string>
				<string>30DDD86019B6077400C338AA</string>
				<string>30DDD86319B6077400C338AA</string>
			</array>
			<key>isa</key>
			<string>PBXGroup</string>
			<key>path</key>
			<string>PushNotifications</string>
			<key>sourceTree</key>
			<string>&lt;group&gt;</string>
		</dict>
		<key>30DDD85D19B6077400C338AA</key>
		<dict>
			<key>fileEncoding</key>
			<string>4</string>
			<key>isa</key>
			<string>PBXFileReference</string>
			<key>lastKnownFileType</key>
			<string>sourcecode.c.h</string>
			<key>path</key>
			<string>HokoPushNotifications+Private.h</string>
			<key>sourceTree</key>
			<string>&lt;group&gt;</string>
		</dict>
		<key>30DDD85E19B6077400C338AA</key>
		<dict>
			<key>fileEncoding</key>
			<string>4</string>
			<key>isa</key>
			<string>PBXFileReference</string>
			<key>lastKnownFileType</key>
			<string>sourcecode.c.h</string>
			<key>path</key>
			<string>HokoPushNotifications.h</string>
			<key>sourceTree</key>
			<string>&lt;group&gt;</string>
		</dict>
		<key>30DDD85F19B6077400C338AA</key>
		<dict>
			<key>fileEncoding</key>
			<string>4</string>
			<key>isa</key>
			<string>PBXFileReference</string>
			<key>lastKnownFileType</key>
			<string>sourcecode.c.objc</string>
			<key>path</key>
			<string>HokoPushNotifications.m</string>
			<key>sourceTree</key>
			<string>&lt;group&gt;</string>
		</dict>
		<key>30DDD86019B6077400C338AA</key>
		<dict>
			<key>children</key>
			<array>
				<string>30DDD86119B6077400C338AA</string>
				<string>30DDD86219B6077400C338AA</string>
			</array>
			<key>isa</key>
			<string>PBXGroup</string>
			<key>path</key>
			<string>iOS8</string>
			<key>sourceTree</key>
			<string>&lt;group&gt;</string>
		</dict>
		<key>30DDD86119B6077400C338AA</key>
		<dict>
			<key>fileEncoding</key>
			<string>4</string>
			<key>isa</key>
			<string>PBXFileReference</string>
			<key>lastKnownFileType</key>
			<string>sourcecode.c.h</string>
			<key>path</key>
			<string>HokoIOS8PushNotifications.h</string>
			<key>sourceTree</key>
			<string>&lt;group&gt;</string>
		</dict>
		<key>30DDD86219B6077400C338AA</key>
		<dict>
			<key>fileEncoding</key>
			<string>4</string>
			<key>isa</key>
			<string>PBXFileReference</string>
			<key>lastKnownFileType</key>
			<string>sourcecode.c.objc</string>
			<key>path</key>
			<string>HokoIOS8PushNotifications.m</string>
			<key>sourceTree</key>
			<string>&lt;group&gt;</string>
		</dict>
		<key>30DDD86319B6077400C338AA</key>
		<dict>
			<key>children</key>
			<array>
				<string>30DDD86419B6077400C338AA</string>
				<string>30DDD86519B6077400C338AA</string>
			</array>
			<key>isa</key>
			<string>PBXGroup</string>
			<key>path</key>
			<string>Legacy</string>
			<key>sourceTree</key>
			<string>&lt;group&gt;</string>
		</dict>
		<key>30DDD86419B6077400C338AA</key>
		<dict>
			<key>fileEncoding</key>
			<string>4</string>
			<key>isa</key>
			<string>PBXFileReference</string>
			<key>lastKnownFileType</key>
			<string>sourcecode.c.h</string>
			<key>path</key>
			<string>HokoLegacyPushNotifications.h</string>
			<key>sourceTree</key>
			<string>&lt;group&gt;</string>
		</dict>
		<key>30DDD86519B6077400C338AA</key>
		<dict>
			<key>fileEncoding</key>
			<string>4</string>
			<key>isa</key>
			<string>PBXFileReference</string>
			<key>lastKnownFileType</key>
			<string>sourcecode.c.objc</string>
			<key>path</key>
			<string>HokoLegacyPushNotifications.m</string>
			<key>sourceTree</key>
			<string>&lt;group&gt;</string>
		</dict>
		<key>30DDD86619B6077400C338AA</key>
		<dict>
			<key>children</key>
			<array>
				<string>30DDD86719B6077400C338AA</string>
			</array>
			<key>isa</key>
			<string>PBXGroup</string>
			<key>path</key>
			<string>Supporting Files</string>
			<key>sourceTree</key>
			<string>&lt;group&gt;</string>
		</dict>
		<key>30DDD86719B6077400C338AA</key>
		<dict>
			<key>fileEncoding</key>
			<string>4</string>
			<key>isa</key>
			<string>PBXFileReference</string>
			<key>lastKnownFileType</key>
			<string>sourcecode.c.h</string>
			<key>path</key>
			<string>Hoko-Prefix.pch</string>
			<key>sourceTree</key>
			<string>&lt;group&gt;</string>
		</dict>
		<key>30DDD86819B6077400C338AA</key>
		<dict>
			<key>children</key>
			<array>
				<string>30DDD86C19B6077400C338AA</string>
				<string>30DDD86D19B6077400C338AA</string>
				<string>3074B3511A714F6000BD12D9</string>
				<string>306C605F1A2CBE12004CE9EC</string>
				<string>3079FA4C19B720D1007596FA</string>
				<string>30DDD86919B6077400C338AA</string>
				<string>30DDD86E19B6077400C338AA</string>
				<string>30DDD87119B6077400C338AA</string>
				<string>30DDD87419B6077400C338AA</string>
			</array>
			<key>isa</key>
			<string>PBXGroup</string>
			<key>path</key>
			<string>Utils</string>
			<key>sourceTree</key>
			<string>&lt;group&gt;</string>
		</dict>
		<key>30DDD86919B6077400C338AA</key>
		<dict>
			<key>children</key>
			<array>
				<string>307E81BF19B7566200935B2B</string>
				<string>307E81BA19B7558100935B2B</string>
				<string>30A3A38819B7585E0049BC2A</string>
				<string>30A3A38919B7585E0049BC2A</string>
			</array>
			<key>isa</key>
			<string>PBXGroup</string>
			<key>name</key>
			<string>Observer</string>
			<key>path</key>
			<string>ApplicationObserver</string>
			<key>sourceTree</key>
			<string>&lt;group&gt;</string>
		</dict>
		<key>30DDD86C19B6077400C338AA</key>
		<dict>
			<key>fileEncoding</key>
			<string>4</string>
			<key>isa</key>
			<string>PBXFileReference</string>
			<key>lastKnownFileType</key>
			<string>sourcecode.c.h</string>
			<key>path</key>
			<string>HKUtils.h</string>
			<key>sourceTree</key>
			<string>&lt;group&gt;</string>
		</dict>
		<key>30DDD86D19B6077400C338AA</key>
		<dict>
			<key>fileEncoding</key>
			<string>4</string>
			<key>isa</key>
			<string>PBXFileReference</string>
			<key>lastKnownFileType</key>
			<string>sourcecode.c.objc</string>
			<key>path</key>
			<string>HKUtils.m</string>
			<key>sourceTree</key>
			<string>&lt;group&gt;</string>
		</dict>
		<key>30DDD86E19B6077400C338AA</key>
		<dict>
			<key>children</key>
			<array>
				<string>30DDD86F19B6077400C338AA</string>
				<string>30DDD87019B6077400C338AA</string>
			</array>
			<key>isa</key>
			<string>PBXGroup</string>
			<key>path</key>
			<string>Logger</string>
			<key>sourceTree</key>
			<string>&lt;group&gt;</string>
		</dict>
		<key>30DDD86F19B6077400C338AA</key>
		<dict>
			<key>fileEncoding</key>
			<string>4</string>
			<key>isa</key>
			<string>PBXFileReference</string>
			<key>lastKnownFileType</key>
			<string>sourcecode.c.h</string>
			<key>path</key>
			<string>HKLogger.h</string>
			<key>sourceTree</key>
			<string>&lt;group&gt;</string>
		</dict>
		<key>30DDD87019B6077400C338AA</key>
		<dict>
			<key>fileEncoding</key>
			<string>4</string>
			<key>isa</key>
			<string>PBXFileReference</string>
			<key>lastKnownFileType</key>
			<string>sourcecode.c.objc</string>
			<key>path</key>
			<string>HKLogger.m</string>
			<key>sourceTree</key>
			<string>&lt;group&gt;</string>
		</dict>
		<key>30DDD87119B6077400C338AA</key>
		<dict>
			<key>children</key>
			<array>
				<string>30DDD87219B6077400C338AA</string>
				<string>30DDD87319B6077400C338AA</string>
			</array>
			<key>isa</key>
			<string>PBXGroup</string>
			<key>path</key>
			<string>Networking</string>
			<key>sourceTree</key>
			<string>&lt;group&gt;</string>
		</dict>
		<key>30DDD87219B6077400C338AA</key>
		<dict>
			<key>fileEncoding</key>
			<string>4</string>
			<key>isa</key>
			<string>PBXFileReference</string>
			<key>lastKnownFileType</key>
			<string>sourcecode.c.h</string>
			<key>path</key>
			<string>HKNetworking.h</string>
			<key>sourceTree</key>
			<string>&lt;group&gt;</string>
		</dict>
		<key>30DDD87319B6077400C338AA</key>
		<dict>
			<key>fileEncoding</key>
			<string>4</string>
			<key>isa</key>
			<string>PBXFileReference</string>
			<key>lastKnownFileType</key>
			<string>sourcecode.c.objc</string>
			<key>path</key>
			<string>HKNetworking.m</string>
			<key>sourceTree</key>
			<string>&lt;group&gt;</string>
		</dict>
		<key>30DDD87419B6077400C338AA</key>
		<dict>
			<key>children</key>
			<array>
				<string>30DDD87519B6077400C338AA</string>
				<string>30DDD87619B6077400C338AA</string>
			</array>
			<key>isa</key>
			<string>PBXGroup</string>
			<key>path</key>
			<string>Swizzling</string>
			<key>sourceTree</key>
			<string>&lt;group&gt;</string>
		</dict>
		<key>30DDD87519B6077400C338AA</key>
		<dict>
			<key>fileEncoding</key>
			<string>4</string>
			<key>isa</key>
			<string>PBXFileReference</string>
			<key>lastKnownFileType</key>
			<string>sourcecode.c.h</string>
			<key>path</key>
			<string>HKSwizzling.h</string>
			<key>sourceTree</key>
			<string>&lt;group&gt;</string>
		</dict>
		<key>30DDD87619B6077400C338AA</key>
		<dict>
			<key>fileEncoding</key>
			<string>4</string>
			<key>isa</key>
			<string>PBXFileReference</string>
			<key>lastKnownFileType</key>
			<string>sourcecode.c.objc</string>
			<key>path</key>
			<string>HKSwizzling.m</string>
			<key>sourceTree</key>
			<string>&lt;group&gt;</string>
		</dict>
		<key>30DDD87719B6077400C338AA</key>
		<dict>
			<key>fileRef</key>
			<string>30DDD82A19B6077400C338AA</string>
			<key>isa</key>
			<string>PBXBuildFile</string>
			<key>settings</key>
			<dict>
				<key>ATTRIBUTES</key>
				<array>
					<string>Public</string>
				</array>
			</dict>
		</dict>
		<key>30DDD87819B6077400C338AA</key>
		<dict>
			<key>fileRef</key>
			<string>30DDD82B19B6077400C338AA</string>
			<key>isa</key>
			<string>PBXBuildFile</string>
		</dict>
		<key>30DDD87919B6077400C338AA</key>
		<dict>
			<key>fileRef</key>
			<string>30DDD82B19B6077400C338AA</string>
			<key>isa</key>
			<string>PBXBuildFile</string>
		</dict>
		<key>30DDD87A19B6077400C338AA</key>
		<dict>
			<key>fileRef</key>
			<string>30DDD82C19B6077400C338AA</string>
			<key>isa</key>
			<string>PBXBuildFile</string>
		</dict>
		<key>30DDD87E19B6077400C338AA</key>
		<dict>
			<key>fileRef</key>
			<string>30DDD83219B6077400C338AA</string>
			<key>isa</key>
			<string>PBXBuildFile</string>
			<key>settings</key>
			<dict>
				<key>ATTRIBUTES</key>
				<array>
					<string>Public</string>
				</array>
			</dict>
		</dict>
		<key>30DDD87F19B6077400C338AA</key>
		<dict>
			<key>fileRef</key>
			<string>30DDD83319B6077400C338AA</string>
			<key>isa</key>
			<string>PBXBuildFile</string>
		</dict>
		<key>30DDD88019B6077400C338AA</key>
		<dict>
			<key>fileRef</key>
			<string>30DDD83319B6077400C338AA</string>
			<key>isa</key>
			<string>PBXBuildFile</string>
		</dict>
		<key>30DDD88119B6077400C338AA</key>
		<dict>
			<key>fileRef</key>
			<string>30DDD83619B6077400C338AA</string>
			<key>isa</key>
			<string>PBXBuildFile</string>
		</dict>
		<key>30DDD88219B6077400C338AA</key>
		<dict>
			<key>fileRef</key>
			<string>30DDD83719B6077400C338AA</string>
			<key>isa</key>
			<string>PBXBuildFile</string>
		</dict>
		<key>30DDD88319B6077400C338AA</key>
		<dict>
			<key>fileRef</key>
			<string>30DDD83719B6077400C338AA</string>
			<key>isa</key>
			<string>PBXBuildFile</string>
		</dict>
		<key>30DDD88419B6077400C338AA</key>
		<dict>
			<key>fileRef</key>
			<string>30DDD83919B6077400C338AA</string>
			<key>isa</key>
			<string>PBXBuildFile</string>
		</dict>
		<key>30DDD88519B6077400C338AA</key>
		<dict>
			<key>fileRef</key>
			<string>30DDD83A19B6077400C338AA</string>
			<key>isa</key>
			<string>PBXBuildFile</string>
			<key>settings</key>
			<dict>
				<key>ATTRIBUTES</key>
				<array>
					<string>Public</string>
				</array>
			</dict>
		</dict>
		<key>30DDD88619B6077400C338AA</key>
		<dict>
			<key>fileRef</key>
			<string>30DDD83B19B6077400C338AA</string>
			<key>isa</key>
			<string>PBXBuildFile</string>
		</dict>
		<key>30DDD88719B6077400C338AA</key>
		<dict>
			<key>fileRef</key>
			<string>30DDD83B19B6077400C338AA</string>
			<key>isa</key>
			<string>PBXBuildFile</string>
		</dict>
		<key>30DDD88819B6077400C338AA</key>
		<dict>
			<key>fileRef</key>
			<string>30DDD83D19B6077400C338AA</string>
			<key>isa</key>
			<string>PBXBuildFile</string>
		</dict>
		<key>30DDD88919B6077400C338AA</key>
		<dict>
			<key>fileRef</key>
			<string>30DDD83E19B6077400C338AA</string>
			<key>isa</key>
			<string>PBXBuildFile</string>
		</dict>
		<key>30DDD88A19B6077400C338AA</key>
		<dict>
			<key>fileRef</key>
			<string>30DDD83E19B6077400C338AA</string>
			<key>isa</key>
			<string>PBXBuildFile</string>
		</dict>
		<key>30DDD88B19B6077400C338AA</key>
		<dict>
			<key>fileRef</key>
			<string>30DDD84019B6077400C338AA</string>
			<key>isa</key>
			<string>PBXBuildFile</string>
		</dict>
		<key>30DDD88C19B6077400C338AA</key>
		<dict>
			<key>fileRef</key>
			<string>30DDD84119B6077400C338AA</string>
			<key>isa</key>
			<string>PBXBuildFile</string>
		</dict>
		<key>30DDD88D19B6077400C338AA</key>
		<dict>
			<key>fileRef</key>
			<string>30DDD84119B6077400C338AA</string>
			<key>isa</key>
			<string>PBXBuildFile</string>
		</dict>
		<key>30DDD88E19B6077400C338AA</key>
		<dict>
			<key>fileRef</key>
			<string>30DDD84319B6077400C338AA</string>
			<key>isa</key>
			<string>PBXBuildFile</string>
		</dict>
		<key>30DDD88F19B6077400C338AA</key>
		<dict>
			<key>fileRef</key>
			<string>30DDD84419B6077400C338AA</string>
			<key>isa</key>
			<string>PBXBuildFile</string>
		</dict>
		<key>30DDD89019B6077400C338AA</key>
		<dict>
			<key>fileRef</key>
			<string>30DDD84419B6077400C338AA</string>
			<key>isa</key>
			<string>PBXBuildFile</string>
		</dict>
		<key>30DDD89119B6077400C338AA</key>
		<dict>
			<key>fileRef</key>
			<string>30DDD84619B6077400C338AA</string>
			<key>isa</key>
			<string>PBXBuildFile</string>
		</dict>
		<key>30DDD89219B6077400C338AA</key>
		<dict>
			<key>fileRef</key>
			<string>30DDD84719B6077400C338AA</string>
			<key>isa</key>
			<string>PBXBuildFile</string>
		</dict>
		<key>30DDD89319B6077400C338AA</key>
		<dict>
			<key>fileRef</key>
			<string>30DDD84719B6077400C338AA</string>
			<key>isa</key>
			<string>PBXBuildFile</string>
		</dict>
		<key>30DDD89419B6077400C338AA</key>
		<dict>
			<key>fileRef</key>
			<string>30DDD84919B6077400C338AA</string>
			<key>isa</key>
			<string>PBXBuildFile</string>
		</dict>
		<key>30DDD89519B6077400C338AA</key>
		<dict>
			<key>fileRef</key>
			<string>30DDD84A19B6077400C338AA</string>
			<key>isa</key>
			<string>PBXBuildFile</string>
		</dict>
		<key>30DDD89619B6077400C338AA</key>
		<dict>
			<key>fileRef</key>
			<string>30DDD84A19B6077400C338AA</string>
			<key>isa</key>
			<string>PBXBuildFile</string>
		</dict>
		<key>30DDD89719B6077400C338AA</key>
		<dict>
			<key>fileRef</key>
			<string>30DDD84D19B6077400C338AA</string>
			<key>isa</key>
			<string>PBXBuildFile</string>
			<key>settings</key>
			<dict>
				<key>ATTRIBUTES</key>
				<array>
					<string>Public</string>
				</array>
			</dict>
		</dict>
		<key>30DDD89819B6077400C338AA</key>
		<dict>
			<key>fileRef</key>
			<string>30DDD84E19B6077400C338AA</string>
			<key>isa</key>
			<string>PBXBuildFile</string>
		</dict>
		<key>30DDD89919B6077400C338AA</key>
		<dict>
			<key>fileRef</key>
			<string>30DDD84E19B6077400C338AA</string>
			<key>isa</key>
			<string>PBXBuildFile</string>
		</dict>
		<key>30DDD89A19B6077400C338AA</key>
		<dict>
			<key>fileRef</key>
			<string>30DDD85119B6077400C338AA</string>
			<key>isa</key>
			<string>PBXBuildFile</string>
		</dict>
		<key>30DDD89B19B6077400C338AA</key>
		<dict>
			<key>fileRef</key>
			<string>30DDD85219B6077400C338AA</string>
			<key>isa</key>
			<string>PBXBuildFile</string>
		</dict>
		<key>30DDD89C19B6077400C338AA</key>
		<dict>
			<key>fileRef</key>
			<string>30DDD85219B6077400C338AA</string>
			<key>isa</key>
			<string>PBXBuildFile</string>
		</dict>
		<key>30DDD89D19B6077400C338AA</key>
		<dict>
			<key>fileRef</key>
			<string>30DDD85319B6077400C338AA</string>
			<key>isa</key>
			<string>PBXBuildFile</string>
		</dict>
		<key>30DDD89E19B6077400C338AA</key>
		<dict>
			<key>fileRef</key>
			<string>30DDD85419B6077400C338AA</string>
			<key>isa</key>
			<string>PBXBuildFile</string>
			<key>settings</key>
			<dict>
				<key>ATTRIBUTES</key>
				<array>
					<string>Public</string>
				</array>
			</dict>
		</dict>
		<key>30DDD89F19B6077400C338AA</key>
		<dict>
			<key>fileRef</key>
			<string>30DDD85519B6077400C338AA</string>
			<key>isa</key>
			<string>PBXBuildFile</string>
		</dict>
		<key>30DDD8A019B6077400C338AA</key>
		<dict>
			<key>fileRef</key>
			<string>30DDD85519B6077400C338AA</string>
			<key>isa</key>
			<string>PBXBuildFile</string>
		</dict>
		<key>30DDD8A119B6077400C338AA</key>
		<dict>
			<key>fileRef</key>
			<string>30DDD85719B6077400C338AA</string>
			<key>isa</key>
			<string>PBXBuildFile</string>
		</dict>
		<key>30DDD8A219B6077400C338AA</key>
		<dict>
			<key>fileRef</key>
			<string>30DDD85819B6077400C338AA</string>
			<key>isa</key>
			<string>PBXBuildFile</string>
		</dict>
		<key>30DDD8A319B6077400C338AA</key>
		<dict>
			<key>fileRef</key>
			<string>30DDD85819B6077400C338AA</string>
			<key>isa</key>
			<string>PBXBuildFile</string>
		</dict>
		<key>30DDD8A419B6077400C338AA</key>
		<dict>
			<key>fileRef</key>
			<string>30DDD85A19B6077400C338AA</string>
			<key>isa</key>
			<string>PBXBuildFile</string>
		</dict>
		<key>30DDD8A519B6077400C338AA</key>
		<dict>
			<key>fileRef</key>
			<string>30DDD85B19B6077400C338AA</string>
			<key>isa</key>
			<string>PBXBuildFile</string>
		</dict>
		<key>30DDD8A619B6077400C338AA</key>
		<dict>
			<key>fileRef</key>
			<string>30DDD85B19B6077400C338AA</string>
			<key>isa</key>
			<string>PBXBuildFile</string>
		</dict>
		<key>30DDD8A719B6077400C338AA</key>
		<dict>
			<key>fileRef</key>
			<string>30DDD85D19B6077400C338AA</string>
			<key>isa</key>
			<string>PBXBuildFile</string>
		</dict>
		<key>30DDD8A819B6077400C338AA</key>
		<dict>
			<key>fileRef</key>
			<string>30DDD85E19B6077400C338AA</string>
			<key>isa</key>
			<string>PBXBuildFile</string>
			<key>settings</key>
			<dict>
				<key>ATTRIBUTES</key>
				<array>
					<string>Public</string>
				</array>
			</dict>
		</dict>
		<key>30DDD8A919B6077400C338AA</key>
		<dict>
			<key>fileRef</key>
			<string>30DDD85F19B6077400C338AA</string>
			<key>isa</key>
			<string>PBXBuildFile</string>
		</dict>
		<key>30DDD8AA19B6077400C338AA</key>
		<dict>
			<key>fileRef</key>
			<string>30DDD85F19B6077400C338AA</string>
			<key>isa</key>
			<string>PBXBuildFile</string>
		</dict>
		<key>30DDD8AB19B6077400C338AA</key>
		<dict>
			<key>fileRef</key>
			<string>30DDD86119B6077400C338AA</string>
			<key>isa</key>
			<string>PBXBuildFile</string>
		</dict>
		<key>30DDD8AC19B6077400C338AA</key>
		<dict>
			<key>fileRef</key>
			<string>30DDD86219B6077400C338AA</string>
			<key>isa</key>
			<string>PBXBuildFile</string>
		</dict>
		<key>30DDD8AD19B6077400C338AA</key>
		<dict>
			<key>fileRef</key>
			<string>30DDD86219B6077400C338AA</string>
			<key>isa</key>
			<string>PBXBuildFile</string>
		</dict>
		<key>30DDD8AE19B6077400C338AA</key>
		<dict>
			<key>fileRef</key>
			<string>30DDD86419B6077400C338AA</string>
			<key>isa</key>
			<string>PBXBuildFile</string>
		</dict>
		<key>30DDD8AF19B6077400C338AA</key>
		<dict>
			<key>fileRef</key>
			<string>30DDD86519B6077400C338AA</string>
			<key>isa</key>
			<string>PBXBuildFile</string>
		</dict>
		<key>30DDD8B019B6077400C338AA</key>
		<dict>
			<key>fileRef</key>
			<string>30DDD86519B6077400C338AA</string>
			<key>isa</key>
			<string>PBXBuildFile</string>
		</dict>
		<key>30DDD8B119B6077400C338AA</key>
		<dict>
			<key>fileRef</key>
			<string>30DDD86719B6077400C338AA</string>
			<key>isa</key>
			<string>PBXBuildFile</string>
		</dict>
		<key>30DDD8B519B6077400C338AA</key>
		<dict>
			<key>fileRef</key>
			<string>30DDD86C19B6077400C338AA</string>
			<key>isa</key>
			<string>PBXBuildFile</string>
		</dict>
		<key>30DDD8B619B6077400C338AA</key>
		<dict>
			<key>fileRef</key>
			<string>30DDD86D19B6077400C338AA</string>
			<key>isa</key>
			<string>PBXBuildFile</string>
		</dict>
		<key>30DDD8B719B6077400C338AA</key>
		<dict>
			<key>fileRef</key>
			<string>30DDD86D19B6077400C338AA</string>
			<key>isa</key>
			<string>PBXBuildFile</string>
		</dict>
		<key>30DDD8B819B6077400C338AA</key>
		<dict>
			<key>fileRef</key>
			<string>30DDD86F19B6077400C338AA</string>
			<key>isa</key>
			<string>PBXBuildFile</string>
		</dict>
		<key>30DDD8B919B6077400C338AA</key>
		<dict>
			<key>fileRef</key>
			<string>30DDD87019B6077400C338AA</string>
			<key>isa</key>
			<string>PBXBuildFile</string>
		</dict>
		<key>30DDD8BA19B6077400C338AA</key>
		<dict>
			<key>fileRef</key>
			<string>30DDD87019B6077400C338AA</string>
			<key>isa</key>
			<string>PBXBuildFile</string>
		</dict>
		<key>30DDD8BB19B6077400C338AA</key>
		<dict>
			<key>fileRef</key>
			<string>30DDD87219B6077400C338AA</string>
			<key>isa</key>
			<string>PBXBuildFile</string>
		</dict>
		<key>30DDD8BC19B6077400C338AA</key>
		<dict>
			<key>fileRef</key>
			<string>30DDD87319B6077400C338AA</string>
			<key>isa</key>
			<string>PBXBuildFile</string>
		</dict>
		<key>30DDD8BD19B6077400C338AA</key>
		<dict>
			<key>fileRef</key>
			<string>30DDD87319B6077400C338AA</string>
			<key>isa</key>
			<string>PBXBuildFile</string>
		</dict>
		<key>30DDD8BE19B6077400C338AA</key>
		<dict>
			<key>fileRef</key>
			<string>30DDD87519B6077400C338AA</string>
			<key>isa</key>
			<string>PBXBuildFile</string>
		</dict>
		<key>30DDD8BF19B6077400C338AA</key>
		<dict>
			<key>fileRef</key>
			<string>30DDD87619B6077400C338AA</string>
			<key>isa</key>
			<string>PBXBuildFile</string>
		</dict>
		<key>30DDD8C019B6077400C338AA</key>
		<dict>
			<key>fileRef</key>
			<string>30DDD87619B6077400C338AA</string>
			<key>isa</key>
			<string>PBXBuildFile</string>
		</dict>
		<key>30E82865197FF9DA00CD4943</key>
		<dict>
			<key>children</key>
			<array>
				<string>30E82873197FF9DA00CD4943</string>
				<string>30E82887197FF9DA00CD4943</string>
				<string>30E82870197FF9DA00CD4943</string>
				<string>30E8286F197FF9DA00CD4943</string>
				<string>825ADAADD55AA9D08FCEAEB1</string>
			</array>
			<key>indentWidth</key>
			<string>2</string>
			<key>isa</key>
			<string>PBXGroup</string>
			<key>sourceTree</key>
			<string>&lt;group&gt;</string>
		</dict>
		<key>30E82866197FF9DA00CD4943</key>
		<dict>
			<key>attributes</key>
			<dict>
				<key>CLASSPREFIX</key>
				<string>HK</string>
				<key>LastUpgradeCheck</key>
				<string>0510</string>
				<key>ORGANIZATIONNAME</key>
				<string>Faber Ventures</string>
			</dict>
			<key>buildConfigurationList</key>
			<string>30E82869197FF9DA00CD4943</string>
			<key>compatibilityVersion</key>
			<string>Xcode 3.2</string>
			<key>developmentRegion</key>
			<string>English</string>
			<key>hasScannedForEncodings</key>
			<string>0</string>
			<key>isa</key>
			<string>PBXProject</string>
			<key>knownRegions</key>
			<array>
				<string>en</string>
			</array>
			<key>mainGroup</key>
			<string>30E82865197FF9DA00CD4943</string>
			<key>productRefGroup</key>
			<string>30E8286F197FF9DA00CD4943</string>
			<key>projectDirPath</key>
			<string></string>
			<key>projectReferences</key>
			<array/>
			<key>projectRoot</key>
			<string></string>
			<key>targets</key>
			<array>
				<string>30E8286D197FF9DA00CD4943</string>
				<string>30E8287D197FF9DA00CD4943</string>
				<string>3017CD501981444700703F0C</string>
			</array>
		</dict>
		<key>30E82869197FF9DA00CD4943</key>
		<dict>
			<key>buildConfigurations</key>
			<array>
				<string>30E8288F197FF9DA00CD4943</string>
				<string>30E82890197FF9DA00CD4943</string>
			</array>
			<key>defaultConfigurationIsVisible</key>
			<string>0</string>
			<key>defaultConfigurationName</key>
			<string>Release</string>
			<key>isa</key>
			<string>XCConfigurationList</string>
		</dict>
		<key>30E8286A197FF9DA00CD4943</key>
		<dict>
			<key>buildActionMask</key>
			<string>2147483647</string>
			<key>files</key>
			<array>
				<string>30DDD8B919B6077400C338AA</string>
				<string>30DDD8B619B6077400C338AA</string>
				<string>3074E24119C6EB880000B2C3</string>
				<string>3074E24D19C73AD00000B2C3</string>
				<string>3074E24719C72E1D0000B2C3</string>
				<string>3079FA5019B720F6007596FA</string>
				<string>30DDD8BC19B6077400C338AA</string>
				<string>30DDD8AF19B6077400C338AA</string>
				<string>30DDD8BF19B6077400C338AA</string>
				<string>30DDD88919B6077400C338AA</string>
				<string>30DDD88619B6077400C338AA</string>
				<string>30DDD8A219B6077400C338AA</string>
				<string>3074B3551A7150C500BD12D9</string>
				<string>30DDD88C19B6077400C338AA</string>
				<string>30DDD8AC19B6077400C338AA</string>
				<string>30DDD89B19B6077400C338AA</string>
				<string>30DDD89219B6077400C338AA</string>
				<string>307A051819B6332E0017AE8D</string>
				<string>30DDD89819B6077400C338AA</string>
				<string>307E81BE19B755BA00935B2B</string>
				<string>30DDD87819B6077400C338AA</string>
				<string>30DDD89F19B6077400C338AA</string>
				<string>30DDD8A519B6077400C338AA</string>
				<string>306C60631A2CBE2F004CE9EC</string>
				<string>307E81C319B7567F00935B2B</string>
				<string>30DDD88219B6077400C338AA</string>
				<string>30DDD88F19B6077400C338AA</string>
				<string>30A3A38B19B7585E0049BC2A</string>
				<string>30DDD8A919B6077400C338AA</string>
				<string>30DDD87F19B6077400C338AA</string>
				<string>30DDD89519B6077400C338AA</string>
			</array>
			<key>isa</key>
			<string>PBXSourcesBuildPhase</string>
			<key>runOnlyForDeploymentPostprocessing</key>
			<string>0</string>
		</dict>
		<key>30E8286B197FF9DA00CD4943</key>
		<dict>
			<key>buildActionMask</key>
			<string>2147483647</string>
			<key>files</key>
			<array>
				<string>306C605E1A2CBDF6004CE9EC</string>
				<string>30E82872197FF9DA00CD4943</string>
			</array>
			<key>isa</key>
			<string>PBXFrameworksBuildPhase</string>
			<key>runOnlyForDeploymentPostprocessing</key>
			<string>0</string>
		</dict>
		<key>30E8286C197FF9DA00CD4943</key>
		<dict>
			<key>buildActionMask</key>
			<string>2147483647</string>
			<key>dstPath</key>
			<string>include/$(PRODUCT_NAME)</string>
			<key>dstSubfolderSpec</key>
			<string>16</string>
			<key>files</key>
			<array/>
			<key>isa</key>
			<string>PBXCopyFilesBuildPhase</string>
			<key>runOnlyForDeploymentPostprocessing</key>
			<string>0</string>
		</dict>
		<key>30E8286D197FF9DA00CD4943</key>
		<dict>
			<key>buildConfigurationList</key>
			<string>30E82891197FF9DA00CD4943</string>
			<key>buildPhases</key>
			<array>
				<string>30E8286A197FF9DA00CD4943</string>
				<string>30E8286B197FF9DA00CD4943</string>
				<string>30E8286C197FF9DA00CD4943</string>
				<string>3017CD4B198143A600703F0C</string>
				<string>3017CD4F1981441300703F0C</string>
			</array>
			<key>buildRules</key>
			<array/>
			<key>dependencies</key>
			<array/>
			<key>isa</key>
			<string>PBXNativeTarget</string>
			<key>name</key>
			<string>Hoko</string>
			<key>productName</key>
			<string>Hoko</string>
			<key>productReference</key>
			<string>30E8286E197FF9DA00CD4943</string>
			<key>productType</key>
			<string>com.apple.product-type.library.static</string>
		</dict>
		<key>30E8286E197FF9DA00CD4943</key>
		<dict>
			<key>explicitFileType</key>
			<string>archive.ar</string>
			<key>includeInIndex</key>
			<string>0</string>
			<key>isa</key>
			<string>PBXFileReference</string>
			<key>path</key>
			<string>libHoko.a</string>
			<key>sourceTree</key>
			<string>BUILT_PRODUCTS_DIR</string>
		</dict>
		<key>30E8286F197FF9DA00CD4943</key>
		<dict>
			<key>children</key>
			<array>
				<string>30E8286E197FF9DA00CD4943</string>
				<string>30E8287E197FF9DA00CD4943</string>
			</array>
			<key>isa</key>
			<string>PBXGroup</string>
			<key>name</key>
			<string>Products</string>
			<key>sourceTree</key>
			<string>&lt;group&gt;</string>
		</dict>
		<key>30E82870197FF9DA00CD4943</key>
		<dict>
			<key>children</key>
			<array>
				<string>3074B34F1A713C9000BD12D9</string>
				<string>306C605D1A2CBDF6004CE9EC</string>
				<string>304320F219812B5400C227C4</string>
				<string>30E82871197FF9DA00CD4943</string>
				<string>30E8287F197FF9DA00CD4943</string>
				<string>30E82882197FF9DA00CD4943</string>
				<string>8011C8D15AEF489197AB6D8D</string>
			</array>
			<key>isa</key>
			<string>PBXGroup</string>
			<key>name</key>
			<string>Frameworks</string>
			<key>sourceTree</key>
			<string>&lt;group&gt;</string>
		</dict>
		<key>30E82871197FF9DA00CD4943</key>
		<dict>
			<key>isa</key>
			<string>PBXFileReference</string>
			<key>lastKnownFileType</key>
			<string>wrapper.framework</string>
			<key>name</key>
			<string>Foundation.framework</string>
			<key>path</key>
			<string>System/Library/Frameworks/Foundation.framework</string>
			<key>sourceTree</key>
			<string>SDKROOT</string>
		</dict>
		<key>30E82872197FF9DA00CD4943</key>
		<dict>
			<key>fileRef</key>
			<string>30E82871197FF9DA00CD4943</string>
			<key>isa</key>
			<string>PBXBuildFile</string>
		</dict>
		<key>30E82873197FF9DA00CD4943</key>
		<dict>
			<key>children</key>
			<array>
				<string>30DDD82A19B6077400C338AA</string>
				<string>30DDD82B19B6077400C338AA</string>
				<string>30DDD82C19B6077400C338AA</string>
				<string>30DDD84B19B6077400C338AA</string>
				<string>30DDD83419B6077400C338AA</string>
				<string>30DDD86819B6077400C338AA</string>
				<string>30DDD82D19B6077400C338AA</string>
				<string>30DDD86619B6077400C338AA</string>
			</array>
			<key>isa</key>
			<string>PBXGroup</string>
			<key>path</key>
			<string>Hoko</string>
			<key>sourceTree</key>
			<string>&lt;group&gt;</string>
		</dict>
		<key>30E8287A197FF9DA00CD4943</key>
		<dict>
			<key>buildActionMask</key>
			<string>2147483647</string>
			<key>files</key>
			<array>
				<string>30DDD8B019B6077400C338AA</string>
				<string>3074E24E19C73AD00000B2C3</string>
				<string>30DDD89019B6077400C338AA</string>
				<string>30DDD89C19B6077400C338AA</string>
				<string>30DDD89619B6077400C338AA</string>
				<string>30DDD8BD19B6077400C338AA</string>
				<string>30DDD88A19B6077400C338AA</string>
				<string>30DDD8A319B6077400C338AA</string>
				<string>30DDD88319B6077400C338AA</string>
				<string>30B206F61992483F00343860</string>
				<string>30A3A38C19B7585E0049BC2A</string>
				<string>30A3A38D19B759890049BC2A</string>
				<string>3074E24819C72E1D0000B2C3</string>
				<string>30DDD88719B6077400C338AA</string>
				<string>3079FA5119B720F6007596FA</string>
				<string>30DDD89919B6077400C338AA</string>
				<string>3074E24219C6EB880000B2C3</string>
				<string>30DDD8A019B6077400C338AA</string>
				<string>30DDD88019B6077400C338AA</string>
				<string>30DDD88D19B6077400C338AA</string>
				<string>30C94E031A7689A10083BC30</string>
				<string>30C94E021A76899C0083BC30</string>
				<string>30DDD8B719B6077400C338AA</string>
				<string>30DDD8AA19B6077400C338AA</string>
				<string>307A051919B6332E0017AE8D</string>
				<string>307E81C419B7567F00935B2B</string>
				<string>30E8288E197FF9DA00CD4943</string>
				<string>3079FA5419B73AE7007596FA</string>
				<string>30DDD8C019B6077400C338AA</string>
				<string>30DDD8A619B6077400C338AA</string>
				<string>30DDD8BA19B6077400C338AA</string>
				<string>30DDD89319B6077400C338AA</string>
				<string>30DDD87919B6077400C338AA</string>
				<string>30DDD8AD19B6077400C338AA</string>
			</array>
			<key>isa</key>
			<string>PBXSourcesBuildPhase</string>
			<key>runOnlyForDeploymentPostprocessing</key>
			<string>0</string>
		</dict>
		<key>30E8287B197FF9DA00CD4943</key>
		<dict>
			<key>buildActionMask</key>
			<string>2147483647</string>
			<key>files</key>
			<array>
				<string>30C94E041A7689C90083BC30</string>
				<string>30E82880197FF9DA00CD4943</string>
				<string>30E82883197FF9DA00CD4943</string>
				<string>30E82881197FF9DA00CD4943</string>
				<string>356444D09812440995E13A1B</string>
			</array>
			<key>isa</key>
			<string>PBXFrameworksBuildPhase</string>
			<key>runOnlyForDeploymentPostprocessing</key>
			<string>0</string>
		</dict>
		<key>30E8287C197FF9DA00CD4943</key>
		<dict>
			<key>buildActionMask</key>
			<string>2147483647</string>
			<key>files</key>
			<array>
				<string>30E8288C197FF9DA00CD4943</string>
			</array>
			<key>isa</key>
			<string>PBXResourcesBuildPhase</string>
			<key>runOnlyForDeploymentPostprocessing</key>
			<string>0</string>
		</dict>
		<key>30E8287D197FF9DA00CD4943</key>
		<dict>
			<key>buildConfigurationList</key>
			<string>30E82894197FF9DA00CD4943</string>
			<key>buildPhases</key>
			<array>
				<string>F29B39E4499F4C39839D1CC4</string>
				<string>30E8287A197FF9DA00CD4943</string>
				<string>30E8287B197FF9DA00CD4943</string>
				<string>30E8287C197FF9DA00CD4943</string>
				<string>106FCA6F9F81455B96A51035</string>
			</array>
			<key>buildRules</key>
			<array/>
			<key>dependencies</key>
			<array>
				<string>30E82885197FF9DA00CD4943</string>
			</array>
			<key>isa</key>
			<string>PBXNativeTarget</string>
			<key>name</key>
			<string>HokoTests</string>
			<key>productName</key>
			<string>HokoTests</string>
			<key>productReference</key>
			<string>30E8287E197FF9DA00CD4943</string>
			<key>productType</key>
			<string>com.apple.product-type.bundle.unit-test</string>
		</dict>
		<key>30E8287E197FF9DA00CD4943</key>
		<dict>
			<key>explicitFileType</key>
			<string>wrapper.cfbundle</string>
			<key>includeInIndex</key>
			<string>0</string>
			<key>isa</key>
			<string>PBXFileReference</string>
			<key>path</key>
			<string>HokoTests.xctest</string>
			<key>sourceTree</key>
			<string>BUILT_PRODUCTS_DIR</string>
		</dict>
		<key>30E8287F197FF9DA00CD4943</key>
		<dict>
			<key>isa</key>
			<string>PBXFileReference</string>
			<key>lastKnownFileType</key>
			<string>wrapper.framework</string>
			<key>name</key>
			<string>XCTest.framework</string>
			<key>path</key>
			<string>Library/Frameworks/XCTest.framework</string>
			<key>sourceTree</key>
			<string>DEVELOPER_DIR</string>
		</dict>
		<key>30E82880197FF9DA00CD4943</key>
		<dict>
			<key>fileRef</key>
			<string>30E8287F197FF9DA00CD4943</string>
			<key>isa</key>
			<string>PBXBuildFile</string>
		</dict>
		<key>30E82881197FF9DA00CD4943</key>
		<dict>
			<key>fileRef</key>
			<string>30E82871197FF9DA00CD4943</string>
			<key>isa</key>
			<string>PBXBuildFile</string>
		</dict>
		<key>30E82882197FF9DA00CD4943</key>
		<dict>
			<key>isa</key>
			<string>PBXFileReference</string>
			<key>lastKnownFileType</key>
			<string>wrapper.framework</string>
			<key>name</key>
			<string>UIKit.framework</string>
			<key>path</key>
			<string>Library/Frameworks/UIKit.framework</string>
			<key>sourceTree</key>
			<string>DEVELOPER_DIR</string>
		</dict>
		<key>30E82883197FF9DA00CD4943</key>
		<dict>
			<key>fileRef</key>
			<string>30E82882197FF9DA00CD4943</string>
			<key>isa</key>
			<string>PBXBuildFile</string>
		</dict>
		<key>30E82884197FF9DA00CD4943</key>
		<dict>
			<key>containerPortal</key>
			<string>30E82866197FF9DA00CD4943</string>
			<key>isa</key>
			<string>PBXContainerItemProxy</string>
			<key>proxyType</key>
			<string>1</string>
			<key>remoteGlobalIDString</key>
			<string>30E8286D197FF9DA00CD4943</string>
			<key>remoteInfo</key>
			<string>Hoko</string>
		</dict>
		<key>30E82885197FF9DA00CD4943</key>
		<dict>
			<key>isa</key>
			<string>PBXTargetDependency</string>
			<key>target</key>
			<string>30E8286D197FF9DA00CD4943</string>
			<key>targetProxy</key>
			<string>30E82884197FF9DA00CD4943</string>
		</dict>
		<key>30E82887197FF9DA00CD4943</key>
		<dict>
			<key>children</key>
			<array>
				<string>30E8288D197FF9DA00CD4943</string>
				<string>30B206F51992483F00343860</string>
				<string>3079FA5319B73AE7007596FA</string>
				<string>30E82888197FF9DA00CD4943</string>
			</array>
			<key>isa</key>
			<string>PBXGroup</string>
			<key>path</key>
			<string>HokoTests</string>
			<key>sourceTree</key>
			<string>&lt;group&gt;</string>
		</dict>
		<key>30E82888197FF9DA00CD4943</key>
		<dict>
			<key>children</key>
			<array>
				<string>30E82889197FF9DA00CD4943</string>
				<string>30E8288A197FF9DA00CD4943</string>
			</array>
			<key>isa</key>
			<string>PBXGroup</string>
			<key>name</key>
			<string>Supporting Files</string>
			<key>sourceTree</key>
			<string>&lt;group&gt;</string>
		</dict>
		<key>30E82889197FF9DA00CD4943</key>
		<dict>
			<key>isa</key>
			<string>PBXFileReference</string>
			<key>lastKnownFileType</key>
			<string>text.plist.xml</string>
			<key>path</key>
			<string>HokoTests-Info.plist</string>
			<key>sourceTree</key>
			<string>&lt;group&gt;</string>
		</dict>
		<key>30E8288A197FF9DA00CD4943</key>
		<dict>
			<key>children</key>
			<array>
				<string>30E8288B197FF9DA00CD4943</string>
			</array>
			<key>isa</key>
			<string>PBXVariantGroup</string>
			<key>name</key>
			<string>InfoPlist.strings</string>
			<key>sourceTree</key>
			<string>&lt;group&gt;</string>
		</dict>
		<key>30E8288B197FF9DA00CD4943</key>
		<dict>
			<key>isa</key>
			<string>PBXFileReference</string>
			<key>lastKnownFileType</key>
			<string>text.plist.strings</string>
			<key>name</key>
			<string>en</string>
			<key>path</key>
			<string>en.lproj/InfoPlist.strings</string>
			<key>sourceTree</key>
			<string>&lt;group&gt;</string>
		</dict>
		<key>30E8288C197FF9DA00CD4943</key>
		<dict>
			<key>fileRef</key>
			<string>30E8288A197FF9DA00CD4943</string>
			<key>isa</key>
			<string>PBXBuildFile</string>
		</dict>
		<key>30E8288D197FF9DA00CD4943</key>
		<dict>
			<key>isa</key>
			<string>PBXFileReference</string>
			<key>lastKnownFileType</key>
			<string>sourcecode.c.objc</string>
			<key>path</key>
			<string>HokoTests.m</string>
			<key>sourceTree</key>
			<string>&lt;group&gt;</string>
		</dict>
		<key>30E8288E197FF9DA00CD4943</key>
		<dict>
			<key>fileRef</key>
			<string>30E8288D197FF9DA00CD4943</string>
			<key>isa</key>
			<string>PBXBuildFile</string>
		</dict>
		<key>30E8288F197FF9DA00CD4943</key>
		<dict>
			<key>buildSettings</key>
			<dict>
				<key>ALWAYS_SEARCH_USER_PATHS</key>
				<string>NO</string>
				<key>CLANG_CXX_LANGUAGE_STANDARD</key>
				<string>gnu++0x</string>
				<key>CLANG_CXX_LIBRARY</key>
				<string>libc++</string>
				<key>CLANG_ENABLE_MODULES</key>
				<string>YES</string>
				<key>CLANG_ENABLE_OBJC_ARC</key>
				<string>YES</string>
				<key>CLANG_WARN_BOOL_CONVERSION</key>
				<string>YES</string>
				<key>CLANG_WARN_CONSTANT_CONVERSION</key>
				<string>YES</string>
				<key>CLANG_WARN_DIRECT_OBJC_ISA_USAGE</key>
				<string>YES_ERROR</string>
				<key>CLANG_WARN_EMPTY_BODY</key>
				<string>YES</string>
				<key>CLANG_WARN_ENUM_CONVERSION</key>
				<string>YES</string>
				<key>CLANG_WARN_INT_CONVERSION</key>
				<string>YES</string>
				<key>CLANG_WARN_OBJC_ROOT_CLASS</key>
				<string>YES_ERROR</string>
				<key>CLANG_WARN__DUPLICATE_METHOD_MATCH</key>
				<string>YES</string>
				<key>COPY_PHASE_STRIP</key>
				<string>NO</string>
				<key>GCC_C_LANGUAGE_STANDARD</key>
				<string>gnu99</string>
				<key>GCC_DYNAMIC_NO_PIC</key>
				<string>NO</string>
				<key>GCC_OPTIMIZATION_LEVEL</key>
				<string>0</string>
				<key>GCC_PREPROCESSOR_DEFINITIONS</key>
				<string>$(inherited)</string>
				<key>GCC_SYMBOLS_PRIVATE_EXTERN</key>
				<string>NO</string>
				<key>GCC_WARN_64_TO_32_BIT_CONVERSION</key>
				<string>YES</string>
				<key>GCC_WARN_ABOUT_RETURN_TYPE</key>
				<string>YES_ERROR</string>
				<key>GCC_WARN_UNDECLARED_SELECTOR</key>
				<string>YES</string>
				<key>GCC_WARN_UNINITIALIZED_AUTOS</key>
				<string>YES_AGGRESSIVE</string>
				<key>GCC_WARN_UNUSED_FUNCTION</key>
				<string>YES</string>
				<key>GCC_WARN_UNUSED_VARIABLE</key>
				<string>YES</string>
				<key>IPHONEOS_DEPLOYMENT_TARGET</key>
				<string>7.1</string>
				<key>ONLY_ACTIVE_ARCH</key>
				<string>YES</string>
				<key>SDKROOT</key>
				<string>iphoneos</string>
			</dict>
			<key>isa</key>
			<string>XCBuildConfiguration</string>
			<key>name</key>
			<string>Debug</string>
		</dict>
		<key>30E82890197FF9DA00CD4943</key>
		<dict>
			<key>buildSettings</key>
			<dict>
				<key>ALWAYS_SEARCH_USER_PATHS</key>
				<string>NO</string>
				<key>CLANG_CXX_LANGUAGE_STANDARD</key>
				<string>gnu++0x</string>
				<key>CLANG_CXX_LIBRARY</key>
				<string>libc++</string>
				<key>CLANG_ENABLE_MODULES</key>
				<string>YES</string>
				<key>CLANG_ENABLE_OBJC_ARC</key>
				<string>YES</string>
				<key>CLANG_WARN_BOOL_CONVERSION</key>
				<string>YES</string>
				<key>CLANG_WARN_CONSTANT_CONVERSION</key>
				<string>YES</string>
				<key>CLANG_WARN_DIRECT_OBJC_ISA_USAGE</key>
				<string>YES_ERROR</string>
				<key>CLANG_WARN_EMPTY_BODY</key>
				<string>YES</string>
				<key>CLANG_WARN_ENUM_CONVERSION</key>
				<string>YES</string>
				<key>CLANG_WARN_INT_CONVERSION</key>
				<string>YES</string>
				<key>CLANG_WARN_OBJC_ROOT_CLASS</key>
				<string>YES_ERROR</string>
				<key>CLANG_WARN__DUPLICATE_METHOD_MATCH</key>
				<string>YES</string>
				<key>COPY_PHASE_STRIP</key>
				<string>YES</string>
				<key>ENABLE_NS_ASSERTIONS</key>
				<string>NO</string>
				<key>GCC_C_LANGUAGE_STANDARD</key>
				<string>gnu99</string>
				<key>GCC_WARN_64_TO_32_BIT_CONVERSION</key>
				<string>YES</string>
				<key>GCC_WARN_ABOUT_RETURN_TYPE</key>
				<string>YES_ERROR</string>
				<key>GCC_WARN_UNDECLARED_SELECTOR</key>
				<string>YES</string>
				<key>GCC_WARN_UNINITIALIZED_AUTOS</key>
				<string>YES_AGGRESSIVE</string>
				<key>GCC_WARN_UNUSED_FUNCTION</key>
				<string>YES</string>
				<key>GCC_WARN_UNUSED_VARIABLE</key>
				<string>YES</string>
				<key>IPHONEOS_DEPLOYMENT_TARGET</key>
				<string>7.1</string>
				<key>SDKROOT</key>
				<string>iphoneos</string>
				<key>VALIDATE_PRODUCT</key>
				<string>YES</string>
			</dict>
			<key>isa</key>
			<string>XCBuildConfiguration</string>
			<key>name</key>
			<string>Release</string>
		</dict>
		<key>30E82891197FF9DA00CD4943</key>
		<dict>
			<key>buildConfigurations</key>
			<array>
				<string>30E82892197FF9DA00CD4943</string>
				<string>30E82893197FF9DA00CD4943</string>
			</array>
			<key>defaultConfigurationIsVisible</key>
			<string>0</string>
			<key>defaultConfigurationName</key>
			<string>Release</string>
			<key>isa</key>
			<string>XCConfigurationList</string>
		</dict>
		<key>30E82892197FF9DA00CD4943</key>
		<dict>
			<key>buildSettings</key>
			<dict>
				<key>DEAD_CODE_STRIPPING</key>
				<string>NO</string>
				<key>DSTROOT</key>
				<string>/tmp/Hoko.dst</string>
				<key>GCC_PRECOMPILE_PREFIX_HEADER</key>
				<string>NO</string>
				<key>GCC_PREFIX_HEADER</key>
				<string>Hoko/Supporting Files/Hoko-Prefix.pch</string>
				<key>INSTALL_PATH</key>
				<string>$(BUILT_PRODUCTS_DIR)</string>
				<key>ONLY_ACTIVE_ARCH</key>
				<string>NO</string>
				<key>OTHER_LDFLAGS</key>
				<string>-ObjC</string>
				<key>PRODUCT_NAME</key>
				<string>$(TARGET_NAME)</string>
				<key>PUBLIC_HEADERS_FOLDER_PATH</key>
				<string>$(PROJECT_NAME)Headers</string>
				<key>SKIP_INSTALL</key>
				<string>YES</string>
				<key>STRIP_STYLE</key>
				<string>non-global</string>
			</dict>
			<key>isa</key>
			<string>XCBuildConfiguration</string>
			<key>name</key>
			<string>Debug</string>
		</dict>
		<key>30E82893197FF9DA00CD4943</key>
		<dict>
			<key>buildSettings</key>
			<dict>
				<key>COPY_PHASE_STRIP</key>
				<string>NO</string>
				<key>DEAD_CODE_STRIPPING</key>
				<string>NO</string>
				<key>DSTROOT</key>
				<string>/tmp/Hoko.dst</string>
				<key>GCC_PRECOMPILE_PREFIX_HEADER</key>
				<string>NO</string>
				<key>GCC_PREFIX_HEADER</key>
				<string>Hoko/Supporting Files/Hoko-Prefix.pch</string>
				<key>INSTALL_PATH</key>
				<string>$(BUILT_PRODUCTS_DIR)</string>
				<key>OTHER_LDFLAGS</key>
				<string>-ObjC</string>
				<key>PRODUCT_NAME</key>
				<string>$(TARGET_NAME)</string>
				<key>PUBLIC_HEADERS_FOLDER_PATH</key>
				<string>$(PROJECT_NAME)Headers</string>
				<key>SKIP_INSTALL</key>
				<string>YES</string>
				<key>STRIP_STYLE</key>
				<string>non-global</string>
			</dict>
			<key>isa</key>
			<string>XCBuildConfiguration</string>
			<key>name</key>
			<string>Release</string>
		</dict>
		<key>30E82894197FF9DA00CD4943</key>
		<dict>
			<key>buildConfigurations</key>
			<array>
				<string>30E82895197FF9DA00CD4943</string>
				<string>30E82896197FF9DA00CD4943</string>
			</array>
			<key>defaultConfigurationIsVisible</key>
			<string>0</string>
			<key>defaultConfigurationName</key>
			<string>Release</string>
			<key>isa</key>
			<string>XCConfigurationList</string>
		</dict>
		<key>30E82895197FF9DA00CD4943</key>
		<dict>
			<key>baseConfigurationReference</key>
			<string>3232C71E9E4F22BE31197F32</string>
			<key>buildSettings</key>
			<dict>
				<key>CODE_SIGN_IDENTITY</key>
				<string>iPhone Developer: Ivan Bruel (D4W5M53TQG)</string>
				<key>FRAMEWORK_SEARCH_PATHS</key>
				<array>
					<string>$(SDKROOT)/Developer/Library/Frameworks</string>
					<string>$(inherited)</string>
					<string>$(DEVELOPER_FRAMEWORKS_DIR)</string>
				</array>
				<key>GCC_PRECOMPILE_PREFIX_HEADER</key>
				<string>YES</string>
				<key>GCC_PREFIX_HEADER</key>
				<string>Hoko/Supporting Files/Hoko-Prefix.pch</string>
				<key>GCC_PREPROCESSOR_DEFINITIONS</key>
				<array>
					<string>DEBUG=1</string>
					<string>$(inherited)</string>
				</array>
				<key>INFOPLIST_FILE</key>
				<string>HokoTests/HokoTests-Info.plist</string>
				<key>PRODUCT_NAME</key>
				<string>$(TARGET_NAME)</string>
				<key>PROVISIONING_PROFILE</key>
				<string>17A0A321-E18E-491F-92A1-05C997DD8B36</string>
				<key>WRAPPER_EXTENSION</key>
				<string>xctest</string>
			</dict>
			<key>isa</key>
			<string>XCBuildConfiguration</string>
			<key>name</key>
			<string>Debug</string>
		</dict>
		<key>30E82896197FF9DA00CD4943</key>
		<dict>
			<key>baseConfigurationReference</key>
			<string>D5D6D97C7008AB9FC2E17DFB</string>
			<key>buildSettings</key>
			<dict>
				<key>CODE_SIGN_IDENTITY</key>
				<string>iPhone Developer: Ivan Bruel (D4W5M53TQG)</string>
				<key>FRAMEWORK_SEARCH_PATHS</key>
				<array>
					<string>$(SDKROOT)/Developer/Library/Frameworks</string>
					<string>$(inherited)</string>
					<string>$(DEVELOPER_FRAMEWORKS_DIR)</string>
				</array>
				<key>GCC_PRECOMPILE_PREFIX_HEADER</key>
				<string>YES</string>
				<key>GCC_PREFIX_HEADER</key>
				<string>Hoko/Supporting Files/Hoko-Prefix.pch</string>
				<key>INFOPLIST_FILE</key>
				<string>HokoTests/HokoTests-Info.plist</string>
				<key>PRODUCT_NAME</key>
				<string>$(TARGET_NAME)</string>
				<key>PROVISIONING_PROFILE</key>
				<string>17A0A321-E18E-491F-92A1-05C997DD8B36</string>
				<key>WRAPPER_EXTENSION</key>
				<string>xctest</string>
			</dict>
			<key>isa</key>
			<string>XCBuildConfiguration</string>
			<key>name</key>
			<string>Release</string>
		</dict>
		<key>3232C71E9E4F22BE31197F32</key>
		<dict>
			<key>includeInIndex</key>
			<string>1</string>
			<key>isa</key>
			<string>PBXFileReference</string>
			<key>lastKnownFileType</key>
			<string>text.xcconfig</string>
			<key>name</key>
			<string>Pods-HokoTests.debug.xcconfig</string>
			<key>path</key>
			<string>Pods/Target Support Files/Pods-HokoTests/Pods-HokoTests.debug.xcconfig</string>
			<key>sourceTree</key>
			<string>&lt;group&gt;</string>
		</dict>
		<key>356444D09812440995E13A1B</key>
		<dict>
			<key>fileRef</key>
			<string>8011C8D15AEF489197AB6D8D</string>
			<key>isa</key>
			<string>PBXBuildFile</string>
		</dict>
		<key>8011C8D15AEF489197AB6D8D</key>
		<dict>
			<key>explicitFileType</key>
			<string>archive.ar</string>
			<key>includeInIndex</key>
			<string>0</string>
			<key>isa</key>
			<string>PBXFileReference</string>
			<key>path</key>
			<string>libPods-HokoTests.a</string>
			<key>sourceTree</key>
			<string>BUILT_PRODUCTS_DIR</string>
		</dict>
		<key>825ADAADD55AA9D08FCEAEB1</key>
		<dict>
			<key>children</key>
			<array>
				<string>3232C71E9E4F22BE31197F32</string>
				<string>D5D6D97C7008AB9FC2E17DFB</string>
			</array>
			<key>isa</key>
			<string>PBXGroup</string>
			<key>name</key>
			<string>Pods</string>
			<key>sourceTree</key>
			<string>&lt;group&gt;</string>
		</dict>
		<key>D5D6D97C7008AB9FC2E17DFB</key>
		<dict>
			<key>includeInIndex</key>
			<string>1</string>
			<key>isa</key>
			<string>PBXFileReference</string>
			<key>lastKnownFileType</key>
			<string>text.xcconfig</string>
			<key>name</key>
			<string>Pods-HokoTests.release.xcconfig</string>
			<key>path</key>
			<string>Pods/Target Support Files/Pods-HokoTests/Pods-HokoTests.release.xcconfig</string>
			<key>sourceTree</key>
			<string>&lt;group&gt;</string>
		</dict>
		<key>F29B39E4499F4C39839D1CC4</key>
		<dict>
			<key>buildActionMask</key>
			<string>2147483647</string>
			<key>files</key>
			<array/>
			<key>inputPaths</key>
			<array/>
			<key>isa</key>
			<string>PBXShellScriptBuildPhase</string>
			<key>name</key>
			<string>Check Pods Manifest.lock</string>
			<key>outputPaths</key>
			<array/>
			<key>runOnlyForDeploymentPostprocessing</key>
			<string>0</string>
			<key>shellPath</key>
			<string>/bin/sh</string>
			<key>shellScript</key>
			<string>diff "${PODS_ROOT}/../Podfile.lock" "${PODS_ROOT}/Manifest.lock" &gt; /dev/null
if [[ $? != 0 ]] ; then
    cat &lt;&lt; EOM
error: The sandbox is not in sync with the Podfile.lock. Run 'pod install' or update your CocoaPods installation.
EOM
    exit 1
fi
</string>
			<key>showEnvVarsInLog</key>
			<string>0</string>
		</dict>
	</dict>
	<key>rootObject</key>
	<string>30E82866197FF9DA00CD4943</string>
</dict>
</plist>
