// !$*UTF8*$!
{
	archiveVersion = 1;
	classes = {
	};
	objectVersion = 46;
	objects = {

/* Begin PBXAggregateTarget section */
		3017CD501981444700703F0C /* Hoko Framework */ = {
			isa = PBXAggregateTarget;
			buildConfigurationList = 3017CD511981444700703F0C /* Build configuration list for PBXAggregateTarget "Hoko Framework" */;
			buildPhases = (
				3017CD561981446A00703F0C /* ShellScript */,
			);
			dependencies = (
				3017CD551981444E00703F0C /* PBXTargetDependency */,
			);
			name = "Hoko Framework";
			productName = "Hoko Framework";
		};
/* End PBXAggregateTarget section */

/* Begin PBXBuildFile section */
		306C605E1A2CBDF6004CE9EC /* libz.dylib in Frameworks */ = {isa = PBXBuildFile; fileRef = 306C605D1A2CBDF6004CE9EC /* libz.dylib */; };
		306C60621A2CBE2F004CE9EC /* HKGZip.h in Headers */ = {isa = PBXBuildFile; fileRef = 306C60601A2CBE2F004CE9EC /* HKGZip.h */; };
		306C60631A2CBE2F004CE9EC /* HKGZip.m in Sources */ = {isa = PBXBuildFile; fileRef = 306C60611A2CBE2F004CE9EC /* HKGZip.m */; };
		3070533F19B899CB0008CD87 /* HKNetworkOperationQueue+Private.h in Headers */ = {isa = PBXBuildFile; fileRef = 3070533E19B8997C0008CD87 /* HKNetworkOperationQueue+Private.h */; };
		3074B3541A7150C500BD12D9 /* HKVersionChecker.h in Headers */ = {isa = PBXBuildFile; fileRef = 3074B3521A7150C500BD12D9 /* HKVersionChecker.h */; };
		3074B3551A7150C500BD12D9 /* HKVersionChecker.m in Sources */ = {isa = PBXBuildFile; fileRef = 3074B3531A7150C500BD12D9 /* HKVersionChecker.m */; };
		3074E24019C6EB880000B2C3 /* HKHandlerBlockWrapper.h in Headers */ = {isa = PBXBuildFile; fileRef = 3074E23E19C6EB880000B2C3 /* HKHandlerBlockWrapper.h */; };
		3074E24119C6EB880000B2C3 /* HKHandlerBlockWrapper.m in Sources */ = {isa = PBXBuildFile; fileRef = 3074E23F19C6EB880000B2C3 /* HKHandlerBlockWrapper.m */; };
		3074E24219C6EB880000B2C3 /* HKHandlerBlockWrapper.m in Sources */ = {isa = PBXBuildFile; fileRef = 3074E23F19C6EB880000B2C3 /* HKHandlerBlockWrapper.m */; };
		3074E24619C72E1D0000B2C3 /* HKEvent.h in Headers */ = {isa = PBXBuildFile; fileRef = 3074E24419C72E1D0000B2C3 /* HKEvent.h */; };
		3074E24719C72E1D0000B2C3 /* HKEvent.m in Sources */ = {isa = PBXBuildFile; fileRef = 3074E24519C72E1D0000B2C3 /* HKEvent.m */; };
		3074E24819C72E1D0000B2C3 /* HKEvent.m in Sources */ = {isa = PBXBuildFile; fileRef = 3074E24519C72E1D0000B2C3 /* HKEvent.m */; };
		3074E24C19C73AD00000B2C3 /* HKSession.h in Headers */ = {isa = PBXBuildFile; fileRef = 3074E24A19C73AD00000B2C3 /* HKSession.h */; };
		3074E24D19C73AD00000B2C3 /* HKSession.m in Sources */ = {isa = PBXBuildFile; fileRef = 3074E24B19C73AD00000B2C3 /* HKSession.m */; };
		3074E24E19C73AD00000B2C3 /* HKSession.m in Sources */ = {isa = PBXBuildFile; fileRef = 3074E24B19C73AD00000B2C3 /* HKSession.m */; };
		3079FA4F19B720F6007596FA /* HKNetworkOperationQueue.h in Headers */ = {isa = PBXBuildFile; fileRef = 3079FA4D19B720F6007596FA /* HKNetworkOperationQueue.h */; };
		3079FA5019B720F6007596FA /* HKNetworkOperationQueue.m in Sources */ = {isa = PBXBuildFile; fileRef = 3079FA4E19B720F6007596FA /* HKNetworkOperationQueue.m */; };
		3079FA5119B720F6007596FA /* HKNetworkOperationQueue.m in Sources */ = {isa = PBXBuildFile; fileRef = 3079FA4E19B720F6007596FA /* HKNetworkOperationQueue.m */; };
		3079FA5419B73AE7007596FA /* HKNetworkOperationTests.m in Sources */ = {isa = PBXBuildFile; fileRef = 3079FA5319B73AE7007596FA /* HKNetworkOperationTests.m */; };
		307A051719B6332E0017AE8D /* HKNetworkOperation.h in Headers */ = {isa = PBXBuildFile; fileRef = 307A051519B6332E0017AE8D /* HKNetworkOperation.h */; };
		307A051819B6332E0017AE8D /* HKNetworkOperation.m in Sources */ = {isa = PBXBuildFile; fileRef = 307A051619B6332E0017AE8D /* HKNetworkOperation.m */; };
		307A051919B6332E0017AE8D /* HKNetworkOperation.m in Sources */ = {isa = PBXBuildFile; fileRef = 307A051619B6332E0017AE8D /* HKNetworkOperation.m */; };
		307E81BD19B755BA00935B2B /* HKNotificationObserver.h in Headers */ = {isa = PBXBuildFile; fileRef = 307E81BB19B755BA00935B2B /* HKNotificationObserver.h */; };
		307E81BE19B755BA00935B2B /* HKNotificationObserver.m in Sources */ = {isa = PBXBuildFile; fileRef = 307E81BC19B755BA00935B2B /* HKNotificationObserver.m */; };
		307E81C219B7567F00935B2B /* HKObjectObserver.h in Headers */ = {isa = PBXBuildFile; fileRef = 307E81C019B7567F00935B2B /* HKObjectObserver.h */; };
		307E81C319B7567F00935B2B /* HKObjectObserver.m in Sources */ = {isa = PBXBuildFile; fileRef = 307E81C119B7567F00935B2B /* HKObjectObserver.m */; };
		307E81C419B7567F00935B2B /* HKObjectObserver.m in Sources */ = {isa = PBXBuildFile; fileRef = 307E81C119B7567F00935B2B /* HKObjectObserver.m */; };
		30A3A38A19B7585E0049BC2A /* HKObserver.h in Headers */ = {isa = PBXBuildFile; fileRef = 30A3A38819B7585E0049BC2A /* HKObserver.h */; };
		30A3A38B19B7585E0049BC2A /* HKObserver.m in Sources */ = {isa = PBXBuildFile; fileRef = 30A3A38919B7585E0049BC2A /* HKObserver.m */; };
		30A3A38C19B7585E0049BC2A /* HKObserver.m in Sources */ = {isa = PBXBuildFile; fileRef = 30A3A38919B7585E0049BC2A /* HKObserver.m */; };
		30A3A38D19B759890049BC2A /* HKNotificationObserver.m in Sources */ = {isa = PBXBuildFile; fileRef = 307E81BC19B755BA00935B2B /* HKNotificationObserver.m */; };
		30B206F61992483F00343860 /* HKLinkGeneratorTests.m in Sources */ = {isa = PBXBuildFile; fileRef = 30B206F51992483F00343860 /* HKLinkGeneratorTests.m */; };
		30C94E021A76899C0083BC30 /* HKVersionChecker.m in Sources */ = {isa = PBXBuildFile; fileRef = 3074B3531A7150C500BD12D9 /* HKVersionChecker.m */; };
		30C94E031A7689A10083BC30 /* HKGZip.m in Sources */ = {isa = PBXBuildFile; fileRef = 306C60611A2CBE2F004CE9EC /* HKGZip.m */; };
		30C94E041A7689C90083BC30 /* libz.dylib in Frameworks */ = {isa = PBXBuildFile; fileRef = 306C605D1A2CBDF6004CE9EC /* libz.dylib */; };
		30CCF92019C32C0300F2682C /* HokoAnalytics+Private.h in Headers */ = {isa = PBXBuildFile; fileRef = 30CCF91F19C32BB800F2682C /* HokoAnalytics+Private.h */; };
		30DDD87719B6077400C338AA /* Hoko.h in Headers */ = {isa = PBXBuildFile; fileRef = 30DDD82A19B6077400C338AA /* Hoko.h */; settings = {ATTRIBUTES = (Public, ); }; };
		30DDD87819B6077400C338AA /* Hoko.m in Sources */ = {isa = PBXBuildFile; fileRef = 30DDD82B19B6077400C338AA /* Hoko.m */; };
		30DDD87919B6077400C338AA /* Hoko.m in Sources */ = {isa = PBXBuildFile; fileRef = 30DDD82B19B6077400C338AA /* Hoko.m */; };
		30DDD87A19B6077400C338AA /* Hoko+Private.h in Headers */ = {isa = PBXBuildFile; fileRef = 30DDD82C19B6077400C338AA /* Hoko+Private.h */; };
		30DDD87E19B6077400C338AA /* HKNavigation.h in Headers */ = {isa = PBXBuildFile; fileRef = 30DDD83219B6077400C338AA /* HKNavigation.h */; settings = {ATTRIBUTES = (Public, ); }; };
		30DDD87F19B6077400C338AA /* HKNavigation.m in Sources */ = {isa = PBXBuildFile; fileRef = 30DDD83319B6077400C338AA /* HKNavigation.m */; };
		30DDD88019B6077400C338AA /* HKNavigation.m in Sources */ = {isa = PBXBuildFile; fileRef = 30DDD83319B6077400C338AA /* HKNavigation.m */; };
		30DDD88119B6077400C338AA /* HKApp.h in Headers */ = {isa = PBXBuildFile; fileRef = 30DDD83619B6077400C338AA /* HKApp.h */; };
		30DDD88219B6077400C338AA /* HKApp.m in Sources */ = {isa = PBXBuildFile; fileRef = 30DDD83719B6077400C338AA /* HKApp.m */; };
		30DDD88319B6077400C338AA /* HKApp.m in Sources */ = {isa = PBXBuildFile; fileRef = 30DDD83719B6077400C338AA /* HKApp.m */; };
		30DDD88419B6077400C338AA /* HKDeeplink+Private.h in Headers */ = {isa = PBXBuildFile; fileRef = 30DDD83919B6077400C338AA /* HKDeeplink+Private.h */; };
		30DDD88519B6077400C338AA /* HKDeeplink.h in Headers */ = {isa = PBXBuildFile; fileRef = 30DDD83A19B6077400C338AA /* HKDeeplink.h */; settings = {ATTRIBUTES = (Public, ); }; };
		30DDD88619B6077400C338AA /* HKDeeplink.m in Sources */ = {isa = PBXBuildFile; fileRef = 30DDD83B19B6077400C338AA /* HKDeeplink.m */; };
		30DDD88719B6077400C338AA /* HKDeeplink.m in Sources */ = {isa = PBXBuildFile; fileRef = 30DDD83B19B6077400C338AA /* HKDeeplink.m */; };
		30DDD88819B6077400C338AA /* HKDevice.h in Headers */ = {isa = PBXBuildFile; fileRef = 30DDD83D19B6077400C338AA /* HKDevice.h */; };
		30DDD88919B6077400C338AA /* HKDevice.m in Sources */ = {isa = PBXBuildFile; fileRef = 30DDD83E19B6077400C338AA /* HKDevice.m */; };
		30DDD88A19B6077400C338AA /* HKDevice.m in Sources */ = {isa = PBXBuildFile; fileRef = 30DDD83E19B6077400C338AA /* HKDevice.m */; };
		30DDD88B19B6077400C338AA /* HKError.h in Headers */ = {isa = PBXBuildFile; fileRef = 30DDD84019B6077400C338AA /* HKError.h */; };
		30DDD88C19B6077400C338AA /* HKError.m in Sources */ = {isa = PBXBuildFile; fileRef = 30DDD84119B6077400C338AA /* HKError.m */; };
		30DDD88D19B6077400C338AA /* HKError.m in Sources */ = {isa = PBXBuildFile; fileRef = 30DDD84119B6077400C338AA /* HKError.m */; };
		30DDD88E19B6077400C338AA /* HKRoute.h in Headers */ = {isa = PBXBuildFile; fileRef = 30DDD84319B6077400C338AA /* HKRoute.h */; };
		30DDD88F19B6077400C338AA /* HKRoute.m in Sources */ = {isa = PBXBuildFile; fileRef = 30DDD84419B6077400C338AA /* HKRoute.m */; };
		30DDD89019B6077400C338AA /* HKRoute.m in Sources */ = {isa = PBXBuildFile; fileRef = 30DDD84419B6077400C338AA /* HKRoute.m */; };
		30DDD89119B6077400C338AA /* HKURL.h in Headers */ = {isa = PBXBuildFile; fileRef = 30DDD84619B6077400C338AA /* HKURL.h */; };
		30DDD89219B6077400C338AA /* HKURL.m in Sources */ = {isa = PBXBuildFile; fileRef = 30DDD84719B6077400C338AA /* HKURL.m */; };
		30DDD89319B6077400C338AA /* HKURL.m in Sources */ = {isa = PBXBuildFile; fileRef = 30DDD84719B6077400C338AA /* HKURL.m */; };
		30DDD89419B6077400C338AA /* HKUser.h in Headers */ = {isa = PBXBuildFile; fileRef = 30DDD84919B6077400C338AA /* HKUser.h */; };
		30DDD89519B6077400C338AA /* HKUser.m in Sources */ = {isa = PBXBuildFile; fileRef = 30DDD84A19B6077400C338AA /* HKUser.m */; };
		30DDD89619B6077400C338AA /* HKUser.m in Sources */ = {isa = PBXBuildFile; fileRef = 30DDD84A19B6077400C338AA /* HKUser.m */; };
		30DDD89719B6077400C338AA /* HokoAnalytics.h in Headers */ = {isa = PBXBuildFile; fileRef = 30DDD84D19B6077400C338AA /* HokoAnalytics.h */; settings = {ATTRIBUTES = (Public, ); }; };
		30DDD89819B6077400C338AA /* HokoAnalytics.m in Sources */ = {isa = PBXBuildFile; fileRef = 30DDD84E19B6077400C338AA /* HokoAnalytics.m */; };
		30DDD89919B6077400C338AA /* HokoAnalytics.m in Sources */ = {isa = PBXBuildFile; fileRef = 30DDD84E19B6077400C338AA /* HokoAnalytics.m */; };
		30DDD89A19B6077400C338AA /* HKHandling.h in Headers */ = {isa = PBXBuildFile; fileRef = 30DDD85119B6077400C338AA /* HKHandling.h */; };
		30DDD89B19B6077400C338AA /* HKHandling.m in Sources */ = {isa = PBXBuildFile; fileRef = 30DDD85219B6077400C338AA /* HKHandling.m */; };
		30DDD89C19B6077400C338AA /* HKHandling.m in Sources */ = {isa = PBXBuildFile; fileRef = 30DDD85219B6077400C338AA /* HKHandling.m */; };
		30DDD89D19B6077400C338AA /* HokoDeeplinking+Private.h in Headers */ = {isa = PBXBuildFile; fileRef = 30DDD85319B6077400C338AA /* HokoDeeplinking+Private.h */; };
		30DDD89E19B6077400C338AA /* HokoDeeplinking.h in Headers */ = {isa = PBXBuildFile; fileRef = 30DDD85419B6077400C338AA /* HokoDeeplinking.h */; settings = {ATTRIBUTES = (Public, ); }; };
		30DDD89F19B6077400C338AA /* HokoDeeplinking.m in Sources */ = {isa = PBXBuildFile; fileRef = 30DDD85519B6077400C338AA /* HokoDeeplinking.m */; };
		30DDD8A019B6077400C338AA /* HokoDeeplinking.m in Sources */ = {isa = PBXBuildFile; fileRef = 30DDD85519B6077400C338AA /* HokoDeeplinking.m */; };
		30DDD8A119B6077400C338AA /* HKLinkGenerator.h in Headers */ = {isa = PBXBuildFile; fileRef = 30DDD85719B6077400C338AA /* HKLinkGenerator.h */; };
		30DDD8A219B6077400C338AA /* HKLinkGenerator.m in Sources */ = {isa = PBXBuildFile; fileRef = 30DDD85819B6077400C338AA /* HKLinkGenerator.m */; };
		30DDD8A319B6077400C338AA /* HKLinkGenerator.m in Sources */ = {isa = PBXBuildFile; fileRef = 30DDD85819B6077400C338AA /* HKLinkGenerator.m */; };
		30DDD8A419B6077400C338AA /* HKRouting.h in Headers */ = {isa = PBXBuildFile; fileRef = 30DDD85A19B6077400C338AA /* HKRouting.h */; };
		30DDD8A519B6077400C338AA /* HKRouting.m in Sources */ = {isa = PBXBuildFile; fileRef = 30DDD85B19B6077400C338AA /* HKRouting.m */; };
		30DDD8A619B6077400C338AA /* HKRouting.m in Sources */ = {isa = PBXBuildFile; fileRef = 30DDD85B19B6077400C338AA /* HKRouting.m */; };
		30DDD8B119B6077400C338AA /* Hoko-Prefix.pch in Headers */ = {isa = PBXBuildFile; fileRef = 30DDD86719B6077400C338AA /* Hoko-Prefix.pch */; };
		30DDD8B519B6077400C338AA /* HKUtils.h in Headers */ = {isa = PBXBuildFile; fileRef = 30DDD86C19B6077400C338AA /* HKUtils.h */; };
		30DDD8B619B6077400C338AA /* HKUtils.m in Sources */ = {isa = PBXBuildFile; fileRef = 30DDD86D19B6077400C338AA /* HKUtils.m */; };
		30DDD8B719B6077400C338AA /* HKUtils.m in Sources */ = {isa = PBXBuildFile; fileRef = 30DDD86D19B6077400C338AA /* HKUtils.m */; };
		30DDD8B819B6077400C338AA /* HKLogger.h in Headers */ = {isa = PBXBuildFile; fileRef = 30DDD86F19B6077400C338AA /* HKLogger.h */; };
		30DDD8B919B6077400C338AA /* HKLogger.m in Sources */ = {isa = PBXBuildFile; fileRef = 30DDD87019B6077400C338AA /* HKLogger.m */; };
		30DDD8BA19B6077400C338AA /* HKLogger.m in Sources */ = {isa = PBXBuildFile; fileRef = 30DDD87019B6077400C338AA /* HKLogger.m */; };
		30DDD8BB19B6077400C338AA /* HKNetworking.h in Headers */ = {isa = PBXBuildFile; fileRef = 30DDD87219B6077400C338AA /* HKNetworking.h */; };
		30DDD8BC19B6077400C338AA /* HKNetworking.m in Sources */ = {isa = PBXBuildFile; fileRef = 30DDD87319B6077400C338AA /* HKNetworking.m */; };
		30DDD8BD19B6077400C338AA /* HKNetworking.m in Sources */ = {isa = PBXBuildFile; fileRef = 30DDD87319B6077400C338AA /* HKNetworking.m */; };
		30DDD8BE19B6077400C338AA /* HKSwizzling.h in Headers */ = {isa = PBXBuildFile; fileRef = 30DDD87519B6077400C338AA /* HKSwizzling.h */; };
		30DDD8BF19B6077400C338AA /* HKSwizzling.m in Sources */ = {isa = PBXBuildFile; fileRef = 30DDD87619B6077400C338AA /* HKSwizzling.m */; };
		30DDD8C019B6077400C338AA /* HKSwizzling.m in Sources */ = {isa = PBXBuildFile; fileRef = 30DDD87619B6077400C338AA /* HKSwizzling.m */; };
		30E82872197FF9DA00CD4943 /* Foundation.framework in Frameworks */ = {isa = PBXBuildFile; fileRef = 30E82871197FF9DA00CD4943 /* Foundation.framework */; };
		30E82880197FF9DA00CD4943 /* XCTest.framework in Frameworks */ = {isa = PBXBuildFile; fileRef = 30E8287F197FF9DA00CD4943 /* XCTest.framework */; };
		30E82881197FF9DA00CD4943 /* Foundation.framework in Frameworks */ = {isa = PBXBuildFile; fileRef = 30E82871197FF9DA00CD4943 /* Foundation.framework */; };
		30E82883197FF9DA00CD4943 /* UIKit.framework in Frameworks */ = {isa = PBXBuildFile; fileRef = 30E82882197FF9DA00CD4943 /* UIKit.framework */; };
		30E8288C197FF9DA00CD4943 /* InfoPlist.strings in Resources */ = {isa = PBXBuildFile; fileRef = 30E8288A197FF9DA00CD4943 /* InfoPlist.strings */; };
		30E8288E197FF9DA00CD4943 /* HokoTests.m in Sources */ = {isa = PBXBuildFile; fileRef = 30E8288D197FF9DA00CD4943 /* HokoTests.m */; };
		356444D09812440995E13A1B /* libPods-HokoTests.a in Frameworks */ = {isa = PBXBuildFile; fileRef = 8011C8D15AEF489197AB6D8D /* libPods-HokoTests.a */; };
/* End PBXBuildFile section */

/* Begin PBXContainerItemProxy section */
		3017CD541981444E00703F0C /* PBXContainerItemProxy */ = {
			isa = PBXContainerItemProxy;
			containerPortal = 30E82866197FF9DA00CD4943 /* Project object */;
			proxyType = 1;
			remoteGlobalIDString = 30E8286D197FF9DA00CD4943;
			remoteInfo = Hoko;
		};
		30E82884197FF9DA00CD4943 /* PBXContainerItemProxy */ = {
			isa = PBXContainerItemProxy;
			containerPortal = 30E82866197FF9DA00CD4943 /* Project object */;
			proxyType = 1;
			remoteGlobalIDString = 30E8286D197FF9DA00CD4943;
			remoteInfo = Hoko;
		};
/* End PBXContainerItemProxy section */

/* Begin PBXCopyFilesBuildPhase section */
		30E8286C197FF9DA00CD4943 /* CopyFiles */ = {
			isa = PBXCopyFilesBuildPhase;
			buildActionMask = 2147483647;
			dstPath = "include/$(PRODUCT_NAME)";
			dstSubfolderSpec = 16;
			files = (
			);
			runOnlyForDeploymentPostprocessing = 0;
		};
/* End PBXCopyFilesBuildPhase section */

/* Begin PBXFileReference section */
		304320F219812B5400C227C4 /* CoreTelephony.framework */ = {isa = PBXFileReference; lastKnownFileType = wrapper.framework; name = CoreTelephony.framework; path = System/Library/Frameworks/CoreTelephony.framework; sourceTree = SDKROOT; };
		306C605D1A2CBDF6004CE9EC /* libz.dylib */ = {isa = PBXFileReference; lastKnownFileType = "compiled.mach-o.dylib"; name = libz.dylib; path = usr/lib/libz.dylib; sourceTree = SDKROOT; };
		306C60601A2CBE2F004CE9EC /* HKGZip.h */ = {isa = PBXFileReference; fileEncoding = 4; lastKnownFileType = sourcecode.c.h; name = HKGZip.h; path = GZip/HKGZip.h; sourceTree = "<group>"; };
		306C60611A2CBE2F004CE9EC /* HKGZip.m */ = {isa = PBXFileReference; fileEncoding = 4; lastKnownFileType = sourcecode.c.objc; name = HKGZip.m; path = GZip/HKGZip.m; sourceTree = "<group>"; };
		3070533E19B8997C0008CD87 /* HKNetworkOperationQueue+Private.h */ = {isa = PBXFileReference; lastKnownFileType = sourcecode.c.h; name = "HKNetworkOperationQueue+Private.h"; path = "NetworkOperationQueue/HKNetworkOperationQueue+Private.h"; sourceTree = "<group>"; };
		3074B34F1A713C9000BD12D9 /* Security.framework */ = {isa = PBXFileReference; lastKnownFileType = wrapper.framework; name = Security.framework; path = System/Library/Frameworks/Security.framework; sourceTree = SDKROOT; };
		3074B3521A7150C500BD12D9 /* HKVersionChecker.h */ = {isa = PBXFileReference; fileEncoding = 4; lastKnownFileType = sourcecode.c.h; name = HKVersionChecker.h; path = VersionChecker/HKVersionChecker.h; sourceTree = "<group>"; };
		3074B3531A7150C500BD12D9 /* HKVersionChecker.m */ = {isa = PBXFileReference; fileEncoding = 4; lastKnownFileType = sourcecode.c.objc; name = HKVersionChecker.m; path = VersionChecker/HKVersionChecker.m; sourceTree = "<group>"; };
		3074E23E19C6EB880000B2C3 /* HKHandlerBlockWrapper.h */ = {isa = PBXFileReference; fileEncoding = 4; lastKnownFileType = sourcecode.c.h; name = HKHandlerBlockWrapper.h; path = HandlerBlock/HKHandlerBlockWrapper.h; sourceTree = "<group>"; };
		3074E23F19C6EB880000B2C3 /* HKHandlerBlockWrapper.m */ = {isa = PBXFileReference; fileEncoding = 4; lastKnownFileType = sourcecode.c.objc; name = HKHandlerBlockWrapper.m; path = HandlerBlock/HKHandlerBlockWrapper.m; sourceTree = "<group>"; };
		3074E24419C72E1D0000B2C3 /* HKEvent.h */ = {isa = PBXFileReference; fileEncoding = 4; lastKnownFileType = sourcecode.c.h; name = HKEvent.h; path = Event/HKEvent.h; sourceTree = "<group>"; };
		3074E24519C72E1D0000B2C3 /* HKEvent.m */ = {isa = PBXFileReference; fileEncoding = 4; lastKnownFileType = sourcecode.c.objc; name = HKEvent.m; path = Event/HKEvent.m; sourceTree = "<group>"; };
		3074E24A19C73AD00000B2C3 /* HKSession.h */ = {isa = PBXFileReference; fileEncoding = 4; lastKnownFileType = sourcecode.c.h; name = HKSession.h; path = Session/HKSession.h; sourceTree = "<group>"; };
		3074E24B19C73AD00000B2C3 /* HKSession.m */ = {isa = PBXFileReference; fileEncoding = 4; lastKnownFileType = sourcecode.c.objc; name = HKSession.m; path = Session/HKSession.m; sourceTree = "<group>"; };
		3079FA4D19B720F6007596FA /* HKNetworkOperationQueue.h */ = {isa = PBXFileReference; fileEncoding = 4; lastKnownFileType = sourcecode.c.h; name = HKNetworkOperationQueue.h; path = NetworkOperationQueue/HKNetworkOperationQueue.h; sourceTree = "<group>"; };
		3079FA4E19B720F6007596FA /* HKNetworkOperationQueue.m */ = {isa = PBXFileReference; fileEncoding = 4; lastKnownFileType = sourcecode.c.objc; name = HKNetworkOperationQueue.m; path = NetworkOperationQueue/HKNetworkOperationQueue.m; sourceTree = "<group>"; };
		3079FA5319B73AE7007596FA /* HKNetworkOperationTests.m */ = {isa = PBXFileReference; fileEncoding = 4; lastKnownFileType = sourcecode.c.objc; path = HKNetworkOperationTests.m; sourceTree = "<group>"; };
		307A051519B6332E0017AE8D /* HKNetworkOperation.h */ = {isa = PBXFileReference; fileEncoding = 4; lastKnownFileType = sourcecode.c.h; name = HKNetworkOperation.h; path = "Network Operation/HKNetworkOperation.h"; sourceTree = "<group>"; };
		307A051619B6332E0017AE8D /* HKNetworkOperation.m */ = {isa = PBXFileReference; fileEncoding = 4; lastKnownFileType = sourcecode.c.objc; name = HKNetworkOperation.m; path = "Network Operation/HKNetworkOperation.m"; sourceTree = "<group>"; };
		307E81BB19B755BA00935B2B /* HKNotificationObserver.h */ = {isa = PBXFileReference; fileEncoding = 4; lastKnownFileType = sourcecode.c.h; name = HKNotificationObserver.h; path = Hoko/Utils/Observer/Notification/HKNotificationObserver.h; sourceTree = SOURCE_ROOT; };
		307E81BC19B755BA00935B2B /* HKNotificationObserver.m */ = {isa = PBXFileReference; fileEncoding = 4; lastKnownFileType = sourcecode.c.objc; name = HKNotificationObserver.m; path = Hoko/Utils/Observer/Notification/HKNotificationObserver.m; sourceTree = SOURCE_ROOT; };
		307E81C019B7567F00935B2B /* HKObjectObserver.h */ = {isa = PBXFileReference; fileEncoding = 4; lastKnownFileType = sourcecode.c.h; name = HKObjectObserver.h; path = Hoko/Utils/Observer/Object/HKObjectObserver.h; sourceTree = SOURCE_ROOT; };
		307E81C119B7567F00935B2B /* HKObjectObserver.m */ = {isa = PBXFileReference; fileEncoding = 4; lastKnownFileType = sourcecode.c.objc; name = HKObjectObserver.m; path = Hoko/Utils/Observer/Object/HKObjectObserver.m; sourceTree = SOURCE_ROOT; };
		30A3A38819B7585E0049BC2A /* HKObserver.h */ = {isa = PBXFileReference; fileEncoding = 4; lastKnownFileType = sourcecode.c.h; name = HKObserver.h; path = Hoko/Utils/Observer/HKObserver.h; sourceTree = SOURCE_ROOT; };
		30A3A38919B7585E0049BC2A /* HKObserver.m */ = {isa = PBXFileReference; fileEncoding = 4; lastKnownFileType = sourcecode.c.objc; name = HKObserver.m; path = Hoko/Utils/Observer/HKObserver.m; sourceTree = SOURCE_ROOT; };
		30B206F51992483F00343860 /* HKLinkGeneratorTests.m */ = {isa = PBXFileReference; fileEncoding = 4; lastKnownFileType = sourcecode.c.objc; path = HKLinkGeneratorTests.m; sourceTree = "<group>"; };
		30CCF91F19C32BB800F2682C /* HokoAnalytics+Private.h */ = {isa = PBXFileReference; lastKnownFileType = sourcecode.c.h; path = "HokoAnalytics+Private.h"; sourceTree = "<group>"; };
		30DDD82A19B6077400C338AA /* Hoko.h */ = {isa = PBXFileReference; fileEncoding = 4; lastKnownFileType = sourcecode.c.h; path = Hoko.h; sourceTree = "<group>"; };
		30DDD82B19B6077400C338AA /* Hoko.m */ = {isa = PBXFileReference; fileEncoding = 4; lastKnownFileType = sourcecode.c.objc; path = Hoko.m; sourceTree = "<group>"; };
		30DDD82C19B6077400C338AA /* Hoko+Private.h */ = {isa = PBXFileReference; fileEncoding = 4; lastKnownFileType = sourcecode.c.h; path = "Hoko+Private.h"; sourceTree = "<group>"; };
		30DDD83219B6077400C338AA /* HKNavigation.h */ = {isa = PBXFileReference; fileEncoding = 4; lastKnownFileType = sourcecode.c.h; path = HKNavigation.h; sourceTree = "<group>"; };
		30DDD83319B6077400C338AA /* HKNavigation.m */ = {isa = PBXFileReference; fileEncoding = 4; lastKnownFileType = sourcecode.c.objc; path = HKNavigation.m; sourceTree = "<group>"; };
		30DDD83619B6077400C338AA /* HKApp.h */ = {isa = PBXFileReference; fileEncoding = 4; lastKnownFileType = sourcecode.c.h; path = HKApp.h; sourceTree = "<group>"; };
		30DDD83719B6077400C338AA /* HKApp.m */ = {isa = PBXFileReference; fileEncoding = 4; lastKnownFileType = sourcecode.c.objc; path = HKApp.m; sourceTree = "<group>"; };
		30DDD83919B6077400C338AA /* HKDeeplink+Private.h */ = {isa = PBXFileReference; fileEncoding = 4; lastKnownFileType = sourcecode.c.h; path = "HKDeeplink+Private.h"; sourceTree = "<group>"; };
		30DDD83A19B6077400C338AA /* HKDeeplink.h */ = {isa = PBXFileReference; fileEncoding = 4; lastKnownFileType = sourcecode.c.h; path = HKDeeplink.h; sourceTree = "<group>"; };
		30DDD83B19B6077400C338AA /* HKDeeplink.m */ = {isa = PBXFileReference; fileEncoding = 4; lastKnownFileType = sourcecode.c.objc; path = HKDeeplink.m; sourceTree = "<group>"; };
		30DDD83D19B6077400C338AA /* HKDevice.h */ = {isa = PBXFileReference; fileEncoding = 4; lastKnownFileType = sourcecode.c.h; path = HKDevice.h; sourceTree = "<group>"; };
		30DDD83E19B6077400C338AA /* HKDevice.m */ = {isa = PBXFileReference; fileEncoding = 4; lastKnownFileType = sourcecode.c.objc; path = HKDevice.m; sourceTree = "<group>"; };
		30DDD84019B6077400C338AA /* HKError.h */ = {isa = PBXFileReference; fileEncoding = 4; lastKnownFileType = sourcecode.c.h; path = HKError.h; sourceTree = "<group>"; };
		30DDD84119B6077400C338AA /* HKError.m */ = {isa = PBXFileReference; fileEncoding = 4; lastKnownFileType = sourcecode.c.objc; path = HKError.m; sourceTree = "<group>"; };
		30DDD84319B6077400C338AA /* HKRoute.h */ = {isa = PBXFileReference; fileEncoding = 4; lastKnownFileType = sourcecode.c.h; path = HKRoute.h; sourceTree = "<group>"; };
		30DDD84419B6077400C338AA /* HKRoute.m */ = {isa = PBXFileReference; fileEncoding = 4; lastKnownFileType = sourcecode.c.objc; path = HKRoute.m; sourceTree = "<group>"; };
		30DDD84619B6077400C338AA /* HKURL.h */ = {isa = PBXFileReference; fileEncoding = 4; lastKnownFileType = sourcecode.c.h; path = HKURL.h; sourceTree = "<group>"; };
		30DDD84719B6077400C338AA /* HKURL.m */ = {isa = PBXFileReference; fileEncoding = 4; lastKnownFileType = sourcecode.c.objc; path = HKURL.m; sourceTree = "<group>"; };
		30DDD84919B6077400C338AA /* HKUser.h */ = {isa = PBXFileReference; fileEncoding = 4; lastKnownFileType = sourcecode.c.h; path = HKUser.h; sourceTree = "<group>"; };
		30DDD84A19B6077400C338AA /* HKUser.m */ = {isa = PBXFileReference; fileEncoding = 4; lastKnownFileType = sourcecode.c.objc; path = HKUser.m; sourceTree = "<group>"; };
		30DDD84D19B6077400C338AA /* HokoAnalytics.h */ = {isa = PBXFileReference; fileEncoding = 4; lastKnownFileType = sourcecode.c.h; path = HokoAnalytics.h; sourceTree = "<group>"; };
		30DDD84E19B6077400C338AA /* HokoAnalytics.m */ = {isa = PBXFileReference; fileEncoding = 4; lastKnownFileType = sourcecode.c.objc; path = HokoAnalytics.m; sourceTree = "<group>"; };
		30DDD85119B6077400C338AA /* HKHandling.h */ = {isa = PBXFileReference; fileEncoding = 4; lastKnownFileType = sourcecode.c.h; path = HKHandling.h; sourceTree = "<group>"; };
		30DDD85219B6077400C338AA /* HKHandling.m */ = {isa = PBXFileReference; fileEncoding = 4; lastKnownFileType = sourcecode.c.objc; path = HKHandling.m; sourceTree = "<group>"; };
		30DDD85319B6077400C338AA /* HokoDeeplinking+Private.h */ = {isa = PBXFileReference; fileEncoding = 4; lastKnownFileType = sourcecode.c.h; path = "HokoDeeplinking+Private.h"; sourceTree = "<group>"; };
		30DDD85419B6077400C338AA /* HokoDeeplinking.h */ = {isa = PBXFileReference; fileEncoding = 4; lastKnownFileType = sourcecode.c.h; path = HokoDeeplinking.h; sourceTree = "<group>"; };
		30DDD85519B6077400C338AA /* HokoDeeplinking.m */ = {isa = PBXFileReference; fileEncoding = 4; lastKnownFileType = sourcecode.c.objc; path = HokoDeeplinking.m; sourceTree = "<group>"; };
		30DDD85719B6077400C338AA /* HKLinkGenerator.h */ = {isa = PBXFileReference; fileEncoding = 4; lastKnownFileType = sourcecode.c.h; path = HKLinkGenerator.h; sourceTree = "<group>"; };
		30DDD85819B6077400C338AA /* HKLinkGenerator.m */ = {isa = PBXFileReference; fileEncoding = 4; lastKnownFileType = sourcecode.c.objc; path = HKLinkGenerator.m; sourceTree = "<group>"; };
		30DDD85A19B6077400C338AA /* HKRouting.h */ = {isa = PBXFileReference; fileEncoding = 4; lastKnownFileType = sourcecode.c.h; path = HKRouting.h; sourceTree = "<group>"; };
		30DDD85B19B6077400C338AA /* HKRouting.m */ = {isa = PBXFileReference; fileEncoding = 4; lastKnownFileType = sourcecode.c.objc; path = HKRouting.m; sourceTree = "<group>"; };
		30DDD86719B6077400C338AA /* Hoko-Prefix.pch */ = {isa = PBXFileReference; fileEncoding = 4; lastKnownFileType = sourcecode.c.h; path = "Hoko-Prefix.pch"; sourceTree = "<group>"; };
		30DDD86C19B6077400C338AA /* HKUtils.h */ = {isa = PBXFileReference; fileEncoding = 4; lastKnownFileType = sourcecode.c.h; path = HKUtils.h; sourceTree = "<group>"; };
		30DDD86D19B6077400C338AA /* HKUtils.m */ = {isa = PBXFileReference; fileEncoding = 4; lastKnownFileType = sourcecode.c.objc; path = HKUtils.m; sourceTree = "<group>"; };
		30DDD86F19B6077400C338AA /* HKLogger.h */ = {isa = PBXFileReference; fileEncoding = 4; lastKnownFileType = sourcecode.c.h; path = HKLogger.h; sourceTree = "<group>"; };
		30DDD87019B6077400C338AA /* HKLogger.m */ = {isa = PBXFileReference; fileEncoding = 4; lastKnownFileType = sourcecode.c.objc; path = HKLogger.m; sourceTree = "<group>"; };
		30DDD87219B6077400C338AA /* HKNetworking.h */ = {isa = PBXFileReference; fileEncoding = 4; lastKnownFileType = sourcecode.c.h; path = HKNetworking.h; sourceTree = "<group>"; };
		30DDD87319B6077400C338AA /* HKNetworking.m */ = {isa = PBXFileReference; fileEncoding = 4; lastKnownFileType = sourcecode.c.objc; path = HKNetworking.m; sourceTree = "<group>"; };
		30DDD87519B6077400C338AA /* HKSwizzling.h */ = {isa = PBXFileReference; fileEncoding = 4; lastKnownFileType = sourcecode.c.h; path = HKSwizzling.h; sourceTree = "<group>"; };
		30DDD87619B6077400C338AA /* HKSwizzling.m */ = {isa = PBXFileReference; fileEncoding = 4; lastKnownFileType = sourcecode.c.objc; path = HKSwizzling.m; sourceTree = "<group>"; };
		30E8286E197FF9DA00CD4943 /* libHoko.a */ = {isa = PBXFileReference; explicitFileType = archive.ar; includeInIndex = 0; path = libHoko.a; sourceTree = BUILT_PRODUCTS_DIR; };
		30E82871197FF9DA00CD4943 /* Foundation.framework */ = {isa = PBXFileReference; lastKnownFileType = wrapper.framework; name = Foundation.framework; path = System/Library/Frameworks/Foundation.framework; sourceTree = SDKROOT; };
		30E8287E197FF9DA00CD4943 /* HokoTests.xctest */ = {isa = PBXFileReference; explicitFileType = wrapper.cfbundle; includeInIndex = 0; path = HokoTests.xctest; sourceTree = BUILT_PRODUCTS_DIR; };
		30E8287F197FF9DA00CD4943 /* XCTest.framework */ = {isa = PBXFileReference; lastKnownFileType = wrapper.framework; name = XCTest.framework; path = Library/Frameworks/XCTest.framework; sourceTree = DEVELOPER_DIR; };
		30E82882197FF9DA00CD4943 /* UIKit.framework */ = {isa = PBXFileReference; lastKnownFileType = wrapper.framework; name = UIKit.framework; path = Library/Frameworks/UIKit.framework; sourceTree = DEVELOPER_DIR; };
		30E82889197FF9DA00CD4943 /* HokoTests-Info.plist */ = {isa = PBXFileReference; lastKnownFileType = text.plist.xml; path = "HokoTests-Info.plist"; sourceTree = "<group>"; };
		30E8288B197FF9DA00CD4943 /* en */ = {isa = PBXFileReference; lastKnownFileType = text.plist.strings; name = en; path = en.lproj/InfoPlist.strings; sourceTree = "<group>"; };
		30E8288D197FF9DA00CD4943 /* HokoTests.m */ = {isa = PBXFileReference; lastKnownFileType = sourcecode.c.objc; path = HokoTests.m; sourceTree = "<group>"; };
		3232C71E9E4F22BE31197F32 /* Pods-HokoTests.debug.xcconfig */ = {isa = PBXFileReference; includeInIndex = 1; lastKnownFileType = text.xcconfig; name = "Pods-HokoTests.debug.xcconfig"; path = "Pods/Target Support Files/Pods-HokoTests/Pods-HokoTests.debug.xcconfig"; sourceTree = "<group>"; };
		8011C8D15AEF489197AB6D8D /* libPods-HokoTests.a */ = {isa = PBXFileReference; explicitFileType = archive.ar; includeInIndex = 0; path = "libPods-HokoTests.a"; sourceTree = BUILT_PRODUCTS_DIR; };
		D5D6D97C7008AB9FC2E17DFB /* Pods-HokoTests.release.xcconfig */ = {isa = PBXFileReference; includeInIndex = 1; lastKnownFileType = text.xcconfig; name = "Pods-HokoTests.release.xcconfig"; path = "Pods/Target Support Files/Pods-HokoTests/Pods-HokoTests.release.xcconfig"; sourceTree = "<group>"; };
/* End PBXFileReference section */

/* Begin PBXFrameworksBuildPhase section */
		30E8286B197FF9DA00CD4943 /* Frameworks */ = {
			isa = PBXFrameworksBuildPhase;
			buildActionMask = 2147483647;
			files = (
				306C605E1A2CBDF6004CE9EC /* libz.dylib in Frameworks */,
				30E82872197FF9DA00CD4943 /* Foundation.framework in Frameworks */,
			);
			runOnlyForDeploymentPostprocessing = 0;
		};
		30E8287B197FF9DA00CD4943 /* Frameworks */ = {
			isa = PBXFrameworksBuildPhase;
			buildActionMask = 2147483647;
			files = (
				30C94E041A7689C90083BC30 /* libz.dylib in Frameworks */,
				30E82880197FF9DA00CD4943 /* XCTest.framework in Frameworks */,
				30E82883197FF9DA00CD4943 /* UIKit.framework in Frameworks */,
				30E82881197FF9DA00CD4943 /* Foundation.framework in Frameworks */,
				356444D09812440995E13A1B /* libPods-HokoTests.a in Frameworks */,
			);
			runOnlyForDeploymentPostprocessing = 0;
		};
/* End PBXFrameworksBuildPhase section */

/* Begin PBXGroup section */
		306C605F1A2CBE12004CE9EC /* GZip */ = {
			isa = PBXGroup;
			children = (
				306C60601A2CBE2F004CE9EC /* HKGZip.h */,
				306C60611A2CBE2F004CE9EC /* HKGZip.m */,
			);
			name = GZip;
			sourceTree = "<group>";
		};
		3074B3511A714F6000BD12D9 /* VersionChecker */ = {
			isa = PBXGroup;
			children = (
				3074B3521A7150C500BD12D9 /* HKVersionChecker.h */,
				3074B3531A7150C500BD12D9 /* HKVersionChecker.m */,
			);
			name = VersionChecker;
			sourceTree = "<group>";
		};
		3074E23D19C6EB520000B2C3 /* HandlerBlock */ = {
			isa = PBXGroup;
			children = (
				3074E23E19C6EB880000B2C3 /* HKHandlerBlockWrapper.h */,
				3074E23F19C6EB880000B2C3 /* HKHandlerBlockWrapper.m */,
			);
			name = HandlerBlock;
			sourceTree = "<group>";
		};
		3074E24319C72E0D0000B2C3 /* Event */ = {
			isa = PBXGroup;
			children = (
				3074E24419C72E1D0000B2C3 /* HKEvent.h */,
				3074E24519C72E1D0000B2C3 /* HKEvent.m */,
			);
			name = Event;
			sourceTree = "<group>";
		};
		3074E24919C73AC00000B2C3 /* Session */ = {
			isa = PBXGroup;
			children = (
				3074E24A19C73AD00000B2C3 /* HKSession.h */,
				3074E24B19C73AD00000B2C3 /* HKSession.m */,
			);
			name = Session;
			sourceTree = "<group>";
		};
		3079FA4C19B720D1007596FA /* NetworkOperationQueue */ = {
			isa = PBXGroup;
			children = (
				3079FA4D19B720F6007596FA /* HKNetworkOperationQueue.h */,
				3079FA4E19B720F6007596FA /* HKNetworkOperationQueue.m */,
				3070533E19B8997C0008CD87 /* HKNetworkOperationQueue+Private.h */,
			);
			name = NetworkOperationQueue;
			sourceTree = "<group>";
		};
		307A051419B633100017AE8D /* NetworkOperation */ = {
			isa = PBXGroup;
			children = (
				307A051519B6332E0017AE8D /* HKNetworkOperation.h */,
				307A051619B6332E0017AE8D /* HKNetworkOperation.m */,
			);
			name = NetworkOperation;
			sourceTree = "<group>";
		};
		307E81BA19B7558100935B2B /* Notification */ = {
			isa = PBXGroup;
			children = (
				307E81BB19B755BA00935B2B /* HKNotificationObserver.h */,
				307E81BC19B755BA00935B2B /* HKNotificationObserver.m */,
			);
			name = Notification;
			sourceTree = "<group>";
		};
		307E81BF19B7566200935B2B /* Object */ = {
			isa = PBXGroup;
			children = (
				307E81C019B7567F00935B2B /* HKObjectObserver.h */,
				307E81C119B7567F00935B2B /* HKObjectObserver.m */,
			);
			name = Object;
			sourceTree = "<group>";
		};
		30DDD82D19B6077400C338AA /* Integration */ = {
			isa = PBXGroup;
			children = (
				30DDD83119B6077400C338AA /* Navigation */,
			);
			path = Integration;
			sourceTree = "<group>";
		};
		30DDD83119B6077400C338AA /* Navigation */ = {
			isa = PBXGroup;
			children = (
				30DDD83219B6077400C338AA /* HKNavigation.h */,
				30DDD83319B6077400C338AA /* HKNavigation.m */,
			);
			path = Navigation;
			sourceTree = "<group>";
		};
		30DDD83419B6077400C338AA /* Model */ = {
			isa = PBXGroup;
			children = (
				3074E24919C73AC00000B2C3 /* Session */,
				3074E24319C72E0D0000B2C3 /* Event */,
				3074E23D19C6EB520000B2C3 /* HandlerBlock */,
				30DDD83519B6077400C338AA /* App */,
				30DDD83819B6077400C338AA /* Deeplink */,
				30DDD83C19B6077400C338AA /* Device */,
				30DDD83F19B6077400C338AA /* Error */,
				307A051419B633100017AE8D /* NetworkOperation */,
				30DDD84219B6077400C338AA /* Route */,
				30DDD84519B6077400C338AA /* URL */,
				30DDD84819B6077400C338AA /* User */,
			);
			path = Model;
			sourceTree = "<group>";
		};
		30DDD83519B6077400C338AA /* App */ = {
			isa = PBXGroup;
			children = (
				30DDD83619B6077400C338AA /* HKApp.h */,
				30DDD83719B6077400C338AA /* HKApp.m */,
			);
			path = App;
			sourceTree = "<group>";
		};
		30DDD83819B6077400C338AA /* Deeplink */ = {
			isa = PBXGroup;
			children = (
				30DDD83A19B6077400C338AA /* HKDeeplink.h */,
				30DDD83B19B6077400C338AA /* HKDeeplink.m */,
				30DDD83919B6077400C338AA /* HKDeeplink+Private.h */,
			);
			path = Deeplink;
			sourceTree = "<group>";
		};
		30DDD83C19B6077400C338AA /* Device */ = {
			isa = PBXGroup;
			children = (
				30DDD83D19B6077400C338AA /* HKDevice.h */,
				30DDD83E19B6077400C338AA /* HKDevice.m */,
			);
			path = Device;
			sourceTree = "<group>";
		};
		30DDD83F19B6077400C338AA /* Error */ = {
			isa = PBXGroup;
			children = (
				30DDD84019B6077400C338AA /* HKError.h */,
				30DDD84119B6077400C338AA /* HKError.m */,
			);
			path = Error;
			sourceTree = "<group>";
		};
		30DDD84219B6077400C338AA /* Route */ = {
			isa = PBXGroup;
			children = (
				30DDD84319B6077400C338AA /* HKRoute.h */,
				30DDD84419B6077400C338AA /* HKRoute.m */,
			);
			path = Route;
			sourceTree = "<group>";
		};
		30DDD84519B6077400C338AA /* URL */ = {
			isa = PBXGroup;
			children = (
				30DDD84619B6077400C338AA /* HKURL.h */,
				30DDD84719B6077400C338AA /* HKURL.m */,
			);
			path = URL;
			sourceTree = "<group>";
		};
		30DDD84819B6077400C338AA /* User */ = {
			isa = PBXGroup;
			children = (
				30DDD84919B6077400C338AA /* HKUser.h */,
				30DDD84A19B6077400C338AA /* HKUser.m */,
			);
			path = User;
			sourceTree = "<group>";
		};
		30DDD84B19B6077400C338AA /* Modules */ = {
			isa = PBXGroup;
			children = (
				30DDD84C19B6077400C338AA /* Analytics */,
				30DDD84F19B6077400C338AA /* Deeplinking */,
			);
			path = Modules;
			sourceTree = "<group>";
		};
		30DDD84C19B6077400C338AA /* Analytics */ = {
			isa = PBXGroup;
			children = (
				30DDD84D19B6077400C338AA /* HokoAnalytics.h */,
				30DDD84E19B6077400C338AA /* HokoAnalytics.m */,
				30CCF91F19C32BB800F2682C /* HokoAnalytics+Private.h */,
			);
			path = Analytics;
			sourceTree = "<group>";
		};
		30DDD84F19B6077400C338AA /* Deeplinking */ = {
			isa = PBXGroup;
			children = (
				30DDD85419B6077400C338AA /* HokoDeeplinking.h */,
				30DDD85519B6077400C338AA /* HokoDeeplinking.m */,
				30DDD85319B6077400C338AA /* HokoDeeplinking+Private.h */,
				30DDD85019B6077400C338AA /* Handling */,
				30DDD85619B6077400C338AA /* LinkGenerator */,
				30DDD85919B6077400C338AA /* Routing */,
			);
			path = Deeplinking;
			sourceTree = "<group>";
		};
		30DDD85019B6077400C338AA /* Handling */ = {
			isa = PBXGroup;
			children = (
				30DDD85119B6077400C338AA /* HKHandling.h */,
				30DDD85219B6077400C338AA /* HKHandling.m */,
			);
			path = Handling;
			sourceTree = "<group>";
		};
		30DDD85619B6077400C338AA /* LinkGenerator */ = {
			isa = PBXGroup;
			children = (
				30DDD85719B6077400C338AA /* HKLinkGenerator.h */,
				30DDD85819B6077400C338AA /* HKLinkGenerator.m */,
			);
			path = LinkGenerator;
			sourceTree = "<group>";
		};
		30DDD85919B6077400C338AA /* Routing */ = {
			isa = PBXGroup;
			children = (
				30DDD85A19B6077400C338AA /* HKRouting.h */,
				30DDD85B19B6077400C338AA /* HKRouting.m */,
			);
			path = Routing;
			sourceTree = "<group>";
		};
		30DDD86619B6077400C338AA /* Supporting Files */ = {
			isa = PBXGroup;
			children = (
				30DDD86719B6077400C338AA /* Hoko-Prefix.pch */,
			);
			path = "Supporting Files";
			sourceTree = "<group>";
		};
		30DDD86819B6077400C338AA /* Utils */ = {
			isa = PBXGroup;
			children = (
				30DDD86C19B6077400C338AA /* HKUtils.h */,
				30DDD86D19B6077400C338AA /* HKUtils.m */,
				3074B3511A714F6000BD12D9 /* VersionChecker */,
				306C605F1A2CBE12004CE9EC /* GZip */,
				3079FA4C19B720D1007596FA /* NetworkOperationQueue */,
				30DDD86919B6077400C338AA /* Observer */,
				30DDD86E19B6077400C338AA /* Logger */,
				30DDD87119B6077400C338AA /* Networking */,
				30DDD87419B6077400C338AA /* Swizzling */,
			);
			path = Utils;
			sourceTree = "<group>";
		};
		30DDD86919B6077400C338AA /* Observer */ = {
			isa = PBXGroup;
			children = (
				307E81BF19B7566200935B2B /* Object */,
				307E81BA19B7558100935B2B /* Notification */,
				30A3A38819B7585E0049BC2A /* HKObserver.h */,
				30A3A38919B7585E0049BC2A /* HKObserver.m */,
			);
			name = Observer;
			path = ApplicationObserver;
			sourceTree = "<group>";
		};
		30DDD86E19B6077400C338AA /* Logger */ = {
			isa = PBXGroup;
			children = (
				30DDD86F19B6077400C338AA /* HKLogger.h */,
				30DDD87019B6077400C338AA /* HKLogger.m */,
			);
			path = Logger;
			sourceTree = "<group>";
		};
		30DDD87119B6077400C338AA /* Networking */ = {
			isa = PBXGroup;
			children = (
				30DDD87219B6077400C338AA /* HKNetworking.h */,
				30DDD87319B6077400C338AA /* HKNetworking.m */,
			);
			path = Networking;
			sourceTree = "<group>";
		};
		30DDD87419B6077400C338AA /* Swizzling */ = {
			isa = PBXGroup;
			children = (
				30DDD87519B6077400C338AA /* HKSwizzling.h */,
				30DDD87619B6077400C338AA /* HKSwizzling.m */,
			);
			path = Swizzling;
			sourceTree = "<group>";
		};
		30E82865197FF9DA00CD4943 = {
			isa = PBXGroup;
			children = (
				30E82873197FF9DA00CD4943 /* Hoko */,
				30E82887197FF9DA00CD4943 /* HokoTests */,
				30E82870197FF9DA00CD4943 /* Frameworks */,
				30E8286F197FF9DA00CD4943 /* Products */,
				825ADAADD55AA9D08FCEAEB1 /* Pods */,
			);
			indentWidth = 2;
			sourceTree = "<group>";
		};
		30E8286F197FF9DA00CD4943 /* Products */ = {
			isa = PBXGroup;
			children = (
				30E8286E197FF9DA00CD4943 /* libHoko.a */,
				30E8287E197FF9DA00CD4943 /* HokoTests.xctest */,
			);
			name = Products;
			sourceTree = "<group>";
		};
		30E82870197FF9DA00CD4943 /* Frameworks */ = {
			isa = PBXGroup;
			children = (
				3074B34F1A713C9000BD12D9 /* Security.framework */,
				306C605D1A2CBDF6004CE9EC /* libz.dylib */,
				304320F219812B5400C227C4 /* CoreTelephony.framework */,
				30E82871197FF9DA00CD4943 /* Foundation.framework */,
				30E8287F197FF9DA00CD4943 /* XCTest.framework */,
				30E82882197FF9DA00CD4943 /* UIKit.framework */,
				8011C8D15AEF489197AB6D8D /* libPods-HokoTests.a */,
			);
			name = Frameworks;
			sourceTree = "<group>";
		};
		30E82873197FF9DA00CD4943 /* Hoko */ = {
			isa = PBXGroup;
			children = (
				30DDD82A19B6077400C338AA /* Hoko.h */,
				30DDD82B19B6077400C338AA /* Hoko.m */,
				30DDD82C19B6077400C338AA /* Hoko+Private.h */,
				30DDD84B19B6077400C338AA /* Modules */,
				30DDD83419B6077400C338AA /* Model */,
				30DDD86819B6077400C338AA /* Utils */,
				30DDD82D19B6077400C338AA /* Integration */,
				30DDD86619B6077400C338AA /* Supporting Files */,
			);
			path = Hoko;
			sourceTree = "<group>";
		};
		30E82887197FF9DA00CD4943 /* HokoTests */ = {
			isa = PBXGroup;
			children = (
				30E8288D197FF9DA00CD4943 /* HokoTests.m */,
				30B206F51992483F00343860 /* HKLinkGeneratorTests.m */,
				3079FA5319B73AE7007596FA /* HKNetworkOperationTests.m */,
				30E82888197FF9DA00CD4943 /* Supporting Files */,
			);
			path = HokoTests;
			sourceTree = "<group>";
		};
		30E82888197FF9DA00CD4943 /* Supporting Files */ = {
			isa = PBXGroup;
			children = (
				30E82889197FF9DA00CD4943 /* HokoTests-Info.plist */,
				30E8288A197FF9DA00CD4943 /* InfoPlist.strings */,
			);
			name = "Supporting Files";
			sourceTree = "<group>";
		};
		825ADAADD55AA9D08FCEAEB1 /* Pods */ = {
			isa = PBXGroup;
			children = (
				3232C71E9E4F22BE31197F32 /* Pods-HokoTests.debug.xcconfig */,
				D5D6D97C7008AB9FC2E17DFB /* Pods-HokoTests.release.xcconfig */,
			);
			name = Pods;
			sourceTree = "<group>";
		};
/* End PBXGroup section */

/* Begin PBXHeadersBuildPhase section */
		3017CD4B198143A600703F0C /* Headers */ = {
			isa = PBXHeadersBuildPhase;
			buildActionMask = 2147483647;
			files = (
				30DDD89E19B6077400C338AA /* HokoDeeplinking.h in Headers */,
				30DDD89719B6077400C338AA /* HokoAnalytics.h in Headers */,
				30DDD87719B6077400C338AA /* Hoko.h in Headers */,
				3074B3541A7150C500BD12D9 /* HKVersionChecker.h in Headers */,
				30DDD88519B6077400C338AA /* HKDeeplink.h in Headers */,
				30DDD87E19B6077400C338AA /* HKNavigation.h in Headers */,
				30DDD89419B6077400C338AA /* HKUser.h in Headers */,
				3074E24619C72E1D0000B2C3 /* HKEvent.h in Headers */,
				30DDD8A119B6077400C338AA /* HKLinkGenerator.h in Headers */,
				30DDD8B519B6077400C338AA /* HKUtils.h in Headers */,
				30DDD89119B6077400C338AA /* HKURL.h in Headers */,
				30DDD87A19B6077400C338AA /* Hoko+Private.h in Headers */,
				30DDD88819B6077400C338AA /* HKDevice.h in Headers */,
				30DDD8B119B6077400C338AA /* Hoko-Prefix.pch in Headers */,
				30DDD89D19B6077400C338AA /* HokoDeeplinking+Private.h in Headers */,
				30DDD88119B6077400C338AA /* HKApp.h in Headers */,
				3074E24019C6EB880000B2C3 /* HKHandlerBlockWrapper.h in Headers */,
				30DDD8BB19B6077400C338AA /* HKNetworking.h in Headers */,
				3070533F19B899CB0008CD87 /* HKNetworkOperationQueue+Private.h in Headers */,
				3079FA4F19B720F6007596FA /* HKNetworkOperationQueue.h in Headers */,
				307E81BD19B755BA00935B2B /* HKNotificationObserver.h in Headers */,
				307E81C219B7567F00935B2B /* HKObjectObserver.h in Headers */,
				30A3A38A19B7585E0049BC2A /* HKObserver.h in Headers */,
				30DDD88E19B6077400C338AA /* HKRoute.h in Headers */,
				30DDD88B19B6077400C338AA /* HKError.h in Headers */,
				306C60621A2CBE2F004CE9EC /* HKGZip.h in Headers */,
				30DDD8BE19B6077400C338AA /* HKSwizzling.h in Headers */,
				30DDD89A19B6077400C338AA /* HKHandling.h in Headers */,
				307A051719B6332E0017AE8D /* HKNetworkOperation.h in Headers */,
				30DDD8A419B6077400C338AA /* HKRouting.h in Headers */,
				3074E24C19C73AD00000B2C3 /* HKSession.h in Headers */,
				30DDD88419B6077400C338AA /* HKDeeplink+Private.h in Headers */,
				30CCF92019C32C0300F2682C /* HokoAnalytics+Private.h in Headers */,
				30DDD8B819B6077400C338AA /* HKLogger.h in Headers */,
			);
			runOnlyForDeploymentPostprocessing = 0;
		};
/* End PBXHeadersBuildPhase section */

/* Begin PBXNativeTarget section */
		30E8286D197FF9DA00CD4943 /* Hoko */ = {
			isa = PBXNativeTarget;
			buildConfigurationList = 30E82891197FF9DA00CD4943 /* Build configuration list for PBXNativeTarget "Hoko" */;
			buildPhases = (
				30E8286A197FF9DA00CD4943 /* Sources */,
				30E8286B197FF9DA00CD4943 /* Frameworks */,
				30E8286C197FF9DA00CD4943 /* CopyFiles */,
				3017CD4B198143A600703F0C /* Headers */,
				3017CD4F1981441300703F0C /* ShellScript */,
			);
			buildRules = (
			);
			dependencies = (
			);
			name = Hoko;
			productName = Hoko;
			productReference = 30E8286E197FF9DA00CD4943 /* libHoko.a */;
			productType = "com.apple.product-type.library.static";
		};
		30E8287D197FF9DA00CD4943 /* HokoTests */ = {
			isa = PBXNativeTarget;
			buildConfigurationList = 30E82894197FF9DA00CD4943 /* Build configuration list for PBXNativeTarget "HokoTests" */;
			buildPhases = (
				F29B39E4499F4C39839D1CC4 /* Check Pods Manifest.lock */,
				30E8287A197FF9DA00CD4943 /* Sources */,
				30E8287B197FF9DA00CD4943 /* Frameworks */,
				30E8287C197FF9DA00CD4943 /* Resources */,
				106FCA6F9F81455B96A51035 /* Copy Pods Resources */,
			);
			buildRules = (
			);
			dependencies = (
				30E82885197FF9DA00CD4943 /* PBXTargetDependency */,
			);
			name = HokoTests;
			productName = HokoTests;
			productReference = 30E8287E197FF9DA00CD4943 /* HokoTests.xctest */;
			productType = "com.apple.product-type.bundle.unit-test";
		};
/* End PBXNativeTarget section */

/* Begin PBXProject section */
		30E82866197FF9DA00CD4943 /* Project object */ = {
			isa = PBXProject;
			attributes = {
				CLASSPREFIX = HK;
				LastUpgradeCheck = 0510;
				ORGANIZATIONNAME = "Faber Ventures";
			};
			buildConfigurationList = 30E82869197FF9DA00CD4943 /* Build configuration list for PBXProject "Hoko" */;
			compatibilityVersion = "Xcode 3.2";
			developmentRegion = English;
			hasScannedForEncodings = 0;
			knownRegions = (
				en,
			);
			mainGroup = 30E82865197FF9DA00CD4943;
			productRefGroup = 30E8286F197FF9DA00CD4943 /* Products */;
			projectDirPath = "";
			projectRoot = "";
			targets = (
				30E8286D197FF9DA00CD4943 /* Hoko */,
				30E8287D197FF9DA00CD4943 /* HokoTests */,
				3017CD501981444700703F0C /* Hoko Framework */,
			);
		};
/* End PBXProject section */

/* Begin PBXResourcesBuildPhase section */
		30E8287C197FF9DA00CD4943 /* Resources */ = {
			isa = PBXResourcesBuildPhase;
			buildActionMask = 2147483647;
			files = (
				30E8288C197FF9DA00CD4943 /* InfoPlist.strings in Resources */,
			);
			runOnlyForDeploymentPostprocessing = 0;
		};
/* End PBXResourcesBuildPhase section */

/* Begin PBXShellScriptBuildPhase section */
		106FCA6F9F81455B96A51035 /* Copy Pods Resources */ = {
			isa = PBXShellScriptBuildPhase;
			buildActionMask = 2147483647;
			files = (
			);
			inputPaths = (
			);
			name = "Copy Pods Resources";
			outputPaths = (
			);
			runOnlyForDeploymentPostprocessing = 0;
			shellPath = /bin/sh;
			shellScript = "\"${SRCROOT}/Pods/Target Support Files/Pods-HokoTests/Pods-HokoTests-resources.sh\"\n";
			showEnvVarsInLog = 0;
		};
		3017CD4F1981441300703F0C /* ShellScript */ = {
			isa = PBXShellScriptBuildPhase;
			buildActionMask = 2147483647;
			files = (
			);
			inputPaths = (
			);
			outputPaths = (
			);
			runOnlyForDeploymentPostprocessing = 0;
			shellPath = /bin/sh;
			shellScript = "set -e\n\nmkdir -p \"${BUILT_PRODUCTS_DIR}/${PRODUCT_NAME}.framework/Versions/A/Headers\"\n\n# Link the \"Current\" version to \"A\"\n/bin/ln -sfh A \"${BUILT_PRODUCTS_DIR}/${PRODUCT_NAME}.framework/Versions/Current\"\n/bin/ln -sfh Versions/Current/Headers \"${BUILT_PRODUCTS_DIR}/${PRODUCT_NAME}.framework/Headers\"\n/bin/ln -sfh \"Versions/Current/${PRODUCT_NAME}\" \"${BUILT_PRODUCTS_DIR}/${PRODUCT_NAME}.framework/${PRODUCT_NAME}\"\n\n# The -a ensures that the headers maintain the source modification date so that we don't constantly\n# cause propagating rebuilds of files that import these headers.\n/bin/cp -a \"${TARGET_BUILD_DIR}/${PUBLIC_HEADERS_FOLDER_PATH}/\" \"${BUILT_PRODUCTS_DIR}/${PRODUCT_NAME}.framework/Versions/A/Headers\"\n";
		};
		3017CD561981446A00703F0C /* ShellScript */ = {
			isa = PBXShellScriptBuildPhase;
			buildActionMask = 2147483647;
			files = (
			);
			inputPaths = (
			);
			outputPaths = (
			);
			runOnlyForDeploymentPostprocessing = 0;
			shellPath = /bin/sh;
			shellScript = "set -e\n\n# If we're already inside this script then die\nif [ -n \"$RW_MULTIPLATFORM_BUILD_IN_PROGRESS\" ]; then\nexit 0\nfi\nexport RW_MULTIPLATFORM_BUILD_IN_PROGRESS=1\n\nRW_FRAMEWORK_NAME=${PROJECT_NAME}\nRW_INPUT_STATIC_LIB=\"lib${PROJECT_NAME}.a\"\nRW_FRAMEWORK_LOCATION=\"${BUILT_PRODUCTS_DIR}/${RW_FRAMEWORK_NAME}.framework\"\n\nfunction build_static_library {\n    # Will rebuild the static library as specified\n    #     build_static_library sdk\n    xcrun xcodebuild -project \"${PROJECT_FILE_PATH}\" \\\n    -target \"${TARGET_NAME}\" \\\n    -configuration \"${CONFIGURATION}\" \\\n    -sdk \"${1}\" \\\n    ONLY_ACTIVE_ARCH=NO \\\n    BUILD_DIR=\"${BUILD_DIR}\" \\\n    OBJROOT=\"${OBJROOT}\" \\\n    BUILD_ROOT=\"${BUILD_ROOT}\" \\\n    SYMROOT=\"${SYMROOT}\" $ACTION\n}\n\nfunction make_fat_library {\n    # Will smash 2 static libs together\n    #     make_fat_library in1 in2 out\n    xcrun lipo -create \"${1}\" \"${2}\" -output \"${3}\"\n}\n\n# Extract the platform (iphoneos/iphonesimulator) from the SDK name\nif [[ \"$SDK_NAME\" =~ ([A-Za-z]+) ]]; then\nRW_SDK_PLATFORM=${BASH_REMATCH[1]}\nelse\necho \"Could not find platform name from SDK_NAME: $SDK_NAME\"\nexit 1\nfi\n\n# Extract the version from the SDK\nif [[ \"$SDK_NAME\" =~ ([0-9]+.*$) ]]; then\nRW_SDK_VERSION=${BASH_REMATCH[1]}\nelse\necho \"Could not find sdk version from SDK_NAME: $SDK_NAME\"\nexit 1\nfi\n\n# Determine the other platform\nif [ \"$RW_SDK_PLATFORM\" == \"iphoneos\" ]; then\nRW_OTHER_PLATFORM=iphonesimulator\nelse\nRW_OTHER_PLATFORM=iphoneos\nfi\n\n# Find the build directory\nif [[ \"$BUILT_PRODUCTS_DIR\" =~ (.*)$RW_SDK_PLATFORM$ ]]; then\nRW_OTHER_BUILT_PRODUCTS_DIR=\"${BASH_REMATCH[1]}${RW_OTHER_PLATFORM}\"\nelse\necho \"Could not find other platform build directory.\"\nexit 1\nfi\n\n\n# Build the other platform.\nbuild_static_library \"${RW_OTHER_PLATFORM}${RW_SDK_VERSION}\"\n\n# If we're currently building for iphonesimulator, then need to rebuild\n#   to ensure that we get both i386 and x86_64\nif [ \"$RW_SDK_PLATFORM\" == \"iphonesimulator\" ]; then\nbuild_static_library \"${SDK_NAME}\"\nfi\n\n# Join the 2 static libs into 1 and push into the .framework\nmake_fat_library \"${BUILT_PRODUCTS_DIR}/${RW_INPUT_STATIC_LIB}\" \\\n\"${RW_OTHER_BUILT_PRODUCTS_DIR}/${RW_INPUT_STATIC_LIB}\" \\\n\"${RW_FRAMEWORK_LOCATION}/Versions/A/${RW_FRAMEWORK_NAME}\"\n\n\n# Ensure that the framework is present in both platorm's build directories\ncp -a \"${RW_FRAMEWORK_LOCATION}/Versions/A/${RW_FRAMEWORK_NAME}\" \\\n\"${RW_OTHER_BUILT_PRODUCTS_DIR}/${RW_FRAMEWORK_NAME}.framework/Versions/A/${RW_FRAMEWORK_NAME}\"\n\n# Copy the framework to the user's desktop\nditto \"${RW_FRAMEWORK_LOCATION}\" \"${HOME}/Desktop/${RW_FRAMEWORK_NAME}.framework\"";
		};
		F29B39E4499F4C39839D1CC4 /* Check Pods Manifest.lock */ = {
			isa = PBXShellScriptBuildPhase;
			buildActionMask = 2147483647;
			files = (
			);
			inputPaths = (
			);
			name = "Check Pods Manifest.lock";
			outputPaths = (
			);
			runOnlyForDeploymentPostprocessing = 0;
			shellPath = /bin/sh;
			shellScript = "diff \"${PODS_ROOT}/../Podfile.lock\" \"${PODS_ROOT}/Manifest.lock\" > /dev/null\nif [[ $? != 0 ]] ; then\n    cat << EOM\nerror: The sandbox is not in sync with the Podfile.lock. Run 'pod install' or update your CocoaPods installation.\nEOM\n    exit 1\nfi\n";
			showEnvVarsInLog = 0;
		};
/* End PBXShellScriptBuildPhase section */

/* Begin PBXSourcesBuildPhase section */
		30E8286A197FF9DA00CD4943 /* Sources */ = {
			isa = PBXSourcesBuildPhase;
			buildActionMask = 2147483647;
			files = (
				30DDD8B919B6077400C338AA /* HKLogger.m in Sources */,
				30DDD8B619B6077400C338AA /* HKUtils.m in Sources */,
				3074E24119C6EB880000B2C3 /* HKHandlerBlockWrapper.m in Sources */,
				3074E24D19C73AD00000B2C3 /* HKSession.m in Sources */,
				3074E24719C72E1D0000B2C3 /* HKEvent.m in Sources */,
				3079FA5019B720F6007596FA /* HKNetworkOperationQueue.m in Sources */,
				30DDD8BC19B6077400C338AA /* HKNetworking.m in Sources */,
				30DDD8BF19B6077400C338AA /* HKSwizzling.m in Sources */,
				30DDD88919B6077400C338AA /* HKDevice.m in Sources */,
				30DDD88619B6077400C338AA /* HKDeeplink.m in Sources */,
				30DDD8A219B6077400C338AA /* HKLinkGenerator.m in Sources */,
				3074B3551A7150C500BD12D9 /* HKVersionChecker.m in Sources */,
				30DDD88C19B6077400C338AA /* HKError.m in Sources */,
				30DDD89B19B6077400C338AA /* HKHandling.m in Sources */,
				30DDD89219B6077400C338AA /* HKURL.m in Sources */,
				307A051819B6332E0017AE8D /* HKNetworkOperation.m in Sources */,
				30DDD89819B6077400C338AA /* HokoAnalytics.m in Sources */,
				307E81BE19B755BA00935B2B /* HKNotificationObserver.m in Sources */,
				30DDD87819B6077400C338AA /* Hoko.m in Sources */,
				30DDD89F19B6077400C338AA /* HokoDeeplinking.m in Sources */,
				30DDD8A519B6077400C338AA /* HKRouting.m in Sources */,
				306C60631A2CBE2F004CE9EC /* HKGZip.m in Sources */,
				307E81C319B7567F00935B2B /* HKObjectObserver.m in Sources */,
				30DDD88219B6077400C338AA /* HKApp.m in Sources */,
				30DDD88F19B6077400C338AA /* HKRoute.m in Sources */,
				30A3A38B19B7585E0049BC2A /* HKObserver.m in Sources */,
				30DDD87F19B6077400C338AA /* HKNavigation.m in Sources */,
				30DDD89519B6077400C338AA /* HKUser.m in Sources */,
			);
			runOnlyForDeploymentPostprocessing = 0;
		};
		30E8287A197FF9DA00CD4943 /* Sources */ = {
			isa = PBXSourcesBuildPhase;
			buildActionMask = 2147483647;
			files = (
				3074E24E19C73AD00000B2C3 /* HKSession.m in Sources */,
				30DDD89019B6077400C338AA /* HKRoute.m in Sources */,
				30DDD89C19B6077400C338AA /* HKHandling.m in Sources */,
				30DDD89619B6077400C338AA /* HKUser.m in Sources */,
				30DDD8BD19B6077400C338AA /* HKNetworking.m in Sources */,
				30DDD88A19B6077400C338AA /* HKDevice.m in Sources */,
				30DDD8A319B6077400C338AA /* HKLinkGenerator.m in Sources */,
				30DDD88319B6077400C338AA /* HKApp.m in Sources */,
				30B206F61992483F00343860 /* HKLinkGeneratorTests.m in Sources */,
				30A3A38C19B7585E0049BC2A /* HKObserver.m in Sources */,
				30A3A38D19B759890049BC2A /* HKNotificationObserver.m in Sources */,
				3074E24819C72E1D0000B2C3 /* HKEvent.m in Sources */,
				30DDD88719B6077400C338AA /* HKDeeplink.m in Sources */,
				3079FA5119B720F6007596FA /* HKNetworkOperationQueue.m in Sources */,
				30DDD89919B6077400C338AA /* HokoAnalytics.m in Sources */,
				3074E24219C6EB880000B2C3 /* HKHandlerBlockWrapper.m in Sources */,
				30DDD8A019B6077400C338AA /* HokoDeeplinking.m in Sources */,
				30DDD88019B6077400C338AA /* HKNavigation.m in Sources */,
				30DDD88D19B6077400C338AA /* HKError.m in Sources */,
				30C94E031A7689A10083BC30 /* HKGZip.m in Sources */,
				30C94E021A76899C0083BC30 /* HKVersionChecker.m in Sources */,
				30DDD8B719B6077400C338AA /* HKUtils.m in Sources */,
				307A051919B6332E0017AE8D /* HKNetworkOperation.m in Sources */,
				307E81C419B7567F00935B2B /* HKObjectObserver.m in Sources */,
				30E8288E197FF9DA00CD4943 /* HokoTests.m in Sources */,
				3079FA5419B73AE7007596FA /* HKNetworkOperationTests.m in Sources */,
				30DDD8C019B6077400C338AA /* HKSwizzling.m in Sources */,
				30DDD8A619B6077400C338AA /* HKRouting.m in Sources */,
				30DDD8BA19B6077400C338AA /* HKLogger.m in Sources */,
				30DDD89319B6077400C338AA /* HKURL.m in Sources */,
				30DDD87919B6077400C338AA /* Hoko.m in Sources */,
			);
			runOnlyForDeploymentPostprocessing = 0;
		};
/* End PBXSourcesBuildPhase section */

/* Begin PBXTargetDependency section */
		3017CD551981444E00703F0C /* PBXTargetDependency */ = {
			isa = PBXTargetDependency;
			target = 30E8286D197FF9DA00CD4943 /* Hoko */;
			targetProxy = 3017CD541981444E00703F0C /* PBXContainerItemProxy */;
		};
		30E82885197FF9DA00CD4943 /* PBXTargetDependency */ = {
			isa = PBXTargetDependency;
			target = 30E8286D197FF9DA00CD4943 /* Hoko */;
			targetProxy = 30E82884197FF9DA00CD4943 /* PBXContainerItemProxy */;
		};
/* End PBXTargetDependency section */

/* Begin PBXVariantGroup section */
		30E8288A197FF9DA00CD4943 /* InfoPlist.strings */ = {
			isa = PBXVariantGroup;
			children = (
				30E8288B197FF9DA00CD4943 /* en */,
			);
			name = InfoPlist.strings;
			sourceTree = "<group>";
		};
/* End PBXVariantGroup section */

/* Begin XCBuildConfiguration section */
		3017CD521981444700703F0C /* Debug */ = {
			isa = XCBuildConfiguration;
			buildSettings = {
				ONLY_ACTIVE_ARCH = NO;
				PRODUCT_NAME = "$(TARGET_NAME)";
			};
			name = Debug;
		};
		3017CD531981444700703F0C /* Release */ = {
			isa = XCBuildConfiguration;
			buildSettings = {
				PRODUCT_NAME = "$(TARGET_NAME)";
			};
			name = Release;
		};
		30E8288F197FF9DA00CD4943 /* Debug */ = {
			isa = XCBuildConfiguration;
			buildSettings = {
				ALWAYS_SEARCH_USER_PATHS = NO;
				CLANG_CXX_LANGUAGE_STANDARD = "gnu++0x";
				CLANG_CXX_LIBRARY = "libc++";
				CLANG_ENABLE_MODULES = YES;
				CLANG_ENABLE_OBJC_ARC = YES;
				CLANG_WARN_BOOL_CONVERSION = YES;
				CLANG_WARN_CONSTANT_CONVERSION = YES;
				CLANG_WARN_DIRECT_OBJC_ISA_USAGE = YES_ERROR;
				CLANG_WARN_EMPTY_BODY = YES;
				CLANG_WARN_ENUM_CONVERSION = YES;
				CLANG_WARN_INT_CONVERSION = YES;
				CLANG_WARN_OBJC_ROOT_CLASS = YES_ERROR;
				CLANG_WARN__DUPLICATE_METHOD_MATCH = YES;
				COPY_PHASE_STRIP = NO;
				GCC_C_LANGUAGE_STANDARD = gnu99;
				GCC_DYNAMIC_NO_PIC = NO;
				GCC_OPTIMIZATION_LEVEL = 0;
				GCC_PREPROCESSOR_DEFINITIONS = "$(inherited)";
				GCC_SYMBOLS_PRIVATE_EXTERN = NO;
				GCC_WARN_64_TO_32_BIT_CONVERSION = YES;
				GCC_WARN_ABOUT_RETURN_TYPE = YES_ERROR;
				GCC_WARN_UNDECLARED_SELECTOR = YES;
				GCC_WARN_UNINITIALIZED_AUTOS = YES_AGGRESSIVE;
				GCC_WARN_UNUSED_FUNCTION = YES;
				GCC_WARN_UNUSED_VARIABLE = YES;
				IPHONEOS_DEPLOYMENT_TARGET = 7.1;
				ONLY_ACTIVE_ARCH = YES;
				SDKROOT = iphoneos;
			};
			name = Debug;
		};
		30E82890197FF9DA00CD4943 /* Release */ = {
			isa = XCBuildConfiguration;
			buildSettings = {
				ALWAYS_SEARCH_USER_PATHS = NO;
				CLANG_CXX_LANGUAGE_STANDARD = "gnu++0x";
				CLANG_CXX_LIBRARY = "libc++";
				CLANG_ENABLE_MODULES = YES;
				CLANG_ENABLE_OBJC_ARC = YES;
				CLANG_WARN_BOOL_CONVERSION = YES;
				CLANG_WARN_CONSTANT_CONVERSION = YES;
				CLANG_WARN_DIRECT_OBJC_ISA_USAGE = YES_ERROR;
				CLANG_WARN_EMPTY_BODY = YES;
				CLANG_WARN_ENUM_CONVERSION = YES;
				CLANG_WARN_INT_CONVERSION = YES;
				CLANG_WARN_OBJC_ROOT_CLASS = YES_ERROR;
				CLANG_WARN__DUPLICATE_METHOD_MATCH = YES;
				COPY_PHASE_STRIP = YES;
				ENABLE_NS_ASSERTIONS = NO;
				GCC_C_LANGUAGE_STANDARD = gnu99;
				GCC_WARN_64_TO_32_BIT_CONVERSION = YES;
				GCC_WARN_ABOUT_RETURN_TYPE = YES_ERROR;
				GCC_WARN_UNDECLARED_SELECTOR = YES;
				GCC_WARN_UNINITIALIZED_AUTOS = YES_AGGRESSIVE;
				GCC_WARN_UNUSED_FUNCTION = YES;
				GCC_WARN_UNUSED_VARIABLE = YES;
				IPHONEOS_DEPLOYMENT_TARGET = 7.1;
				SDKROOT = iphoneos;
				VALIDATE_PRODUCT = YES;
			};
			name = Release;
		};
		30E82892197FF9DA00CD4943 /* Debug */ = {
			isa = XCBuildConfiguration;
			buildSettings = {
				DEAD_CODE_STRIPPING = NO;
				DSTROOT = /tmp/Hoko.dst;
				GCC_PRECOMPILE_PREFIX_HEADER = NO;
				GCC_PREFIX_HEADER = "Hoko/Supporting Files/Hoko-Prefix.pch";
				INSTALL_PATH = "$(BUILT_PRODUCTS_DIR)";
				ONLY_ACTIVE_ARCH = NO;
				OTHER_LDFLAGS = "-ObjC";
				PRODUCT_NAME = "$(TARGET_NAME)";
				PUBLIC_HEADERS_FOLDER_PATH = "$(PROJECT_NAME)Headers";
				SKIP_INSTALL = YES;
				STRIP_STYLE = "non-global";
			};
			name = Debug;
		};
		30E82893197FF9DA00CD4943 /* Release */ = {
			isa = XCBuildConfiguration;
			buildSettings = {
				COPY_PHASE_STRIP = NO;
				DEAD_CODE_STRIPPING = NO;
				DSTROOT = /tmp/Hoko.dst;
				GCC_PRECOMPILE_PREFIX_HEADER = NO;
				GCC_PREFIX_HEADER = "Hoko/Supporting Files/Hoko-Prefix.pch";
				INSTALL_PATH = "$(BUILT_PRODUCTS_DIR)";
				OTHER_LDFLAGS = "-ObjC";
				PRODUCT_NAME = "$(TARGET_NAME)";
				PUBLIC_HEADERS_FOLDER_PATH = "$(PROJECT_NAME)Headers";
				SKIP_INSTALL = YES;
				STRIP_STYLE = "non-global";
			};
			name = Release;
		};
		30E82895197FF9DA00CD4943 /* Debug */ = {
			isa = XCBuildConfiguration;
			baseConfigurationReference = 3232C71E9E4F22BE31197F32 /* Pods-HokoTests.debug.xcconfig */;
			buildSettings = {
				CODE_SIGN_IDENTITY = "iPhone Developer: Ivan Bruel (D4W5M53TQG)";
				FRAMEWORK_SEARCH_PATHS = (
					"$(SDKROOT)/Developer/Library/Frameworks",
					"$(inherited)",
					"$(DEVELOPER_FRAMEWORKS_DIR)",
				);
				GCC_PRECOMPILE_PREFIX_HEADER = YES;
				GCC_PREFIX_HEADER = "Hoko/Supporting Files/Hoko-Prefix.pch";
				GCC_PREPROCESSOR_DEFINITIONS = (
					"DEBUG=1",
					"$(inherited)",
				);
				INFOPLIST_FILE = "HokoTests/HokoTests-Info.plist";
				PRODUCT_NAME = "$(TARGET_NAME)";
				PROVISIONING_PROFILE = "17A0A321-E18E-491F-92A1-05C997DD8B36";
				WRAPPER_EXTENSION = xctest;
			};
			name = Debug;
		};
		30E82896197FF9DA00CD4943 /* Release */ = {
			isa = XCBuildConfiguration;
			baseConfigurationReference = D5D6D97C7008AB9FC2E17DFB /* Pods-HokoTests.release.xcconfig */;
			buildSettings = {
				CODE_SIGN_IDENTITY = "iPhone Developer: Ivan Bruel (D4W5M53TQG)";
				FRAMEWORK_SEARCH_PATHS = (
					"$(SDKROOT)/Developer/Library/Frameworks",
					"$(inherited)",
					"$(DEVELOPER_FRAMEWORKS_DIR)",
				);
				GCC_PRECOMPILE_PREFIX_HEADER = YES;
				GCC_PREFIX_HEADER = "Hoko/Supporting Files/Hoko-Prefix.pch";
				INFOPLIST_FILE = "HokoTests/HokoTests-Info.plist";
				PRODUCT_NAME = "$(TARGET_NAME)";
				PROVISIONING_PROFILE = "17A0A321-E18E-491F-92A1-05C997DD8B36";
				WRAPPER_EXTENSION = xctest;
			};
			name = Release;
		};
/* End XCBuildConfiguration section */

/* Begin XCConfigurationList section */
		3017CD511981444700703F0C /* Build configuration list for PBXAggregateTarget "Hoko Framework" */ = {
			isa = XCConfigurationList;
			buildConfigurations = (
				3017CD521981444700703F0C /* Debug */,
				3017CD531981444700703F0C /* Release */,
			);
			defaultConfigurationIsVisible = 0;
			defaultConfigurationName = Release;
		};
		30E82869197FF9DA00CD4943 /* Build configuration list for PBXProject "Hoko" */ = {
			isa = XCConfigurationList;
			buildConfigurations = (
				30E8288F197FF9DA00CD4943 /* Debug */,
				30E82890197FF9DA00CD4943 /* Release */,
			);
			defaultConfigurationIsVisible = 0;
			defaultConfigurationName = Release;
		};
		30E82891197FF9DA00CD4943 /* Build configuration list for PBXNativeTarget "Hoko" */ = {
			isa = XCConfigurationList;
			buildConfigurations = (
				30E82892197FF9DA00CD4943 /* Debug */,
				30E82893197FF9DA00CD4943 /* Release */,
			);
			defaultConfigurationIsVisible = 0;
			defaultConfigurationName = Release;
		};
		30E82894197FF9DA00CD4943 /* Build configuration list for PBXNativeTarget "HokoTests" */ = {
			isa = XCConfigurationList;
			buildConfigurations = (
				30E82895197FF9DA00CD4943 /* Debug */,
				30E82896197FF9DA00CD4943 /* Release */,
			);
			defaultConfigurationIsVisible = 0;
			defaultConfigurationName = Release;
		};
/* End XCConfigurationList section */
	};
	rootObject = 30E82866197FF9DA00CD4943 /* Project object */;
}
